// !$*UTF8*$!
{
	archiveVersion = 1;
	classes = {
	};
	objectVersion = 46;
	objects = {

/* Begin PBXBuildFile section */
		1AC6FB1F180E996B004C840B /* libbox2d Mac.a in Frameworks */ = {isa = PBXBuildFile; fileRef = 1AC6FAFF180E9839004C840B /* libbox2d Mac.a */; };
		1AC6FB20180E996B004C840B /* libchipmunk Mac.a in Frameworks */ = {isa = PBXBuildFile; fileRef = 1AC6FAFD180E9839004C840B /* libchipmunk Mac.a */; };
		1AC6FB21180E996B004C840B /* libcocos2dx Mac.a in Frameworks */ = {isa = PBXBuildFile; fileRef = 1AC6FAF9180E9839004C840B /* libcocos2dx Mac.a */; };
		1AC6FB22180E996B004C840B /* libcocos2dx-extensions Mac.a in Frameworks */ = {isa = PBXBuildFile; fileRef = 1AC6FAFB180E9839004C840B /* libcocos2dx-extensions Mac.a */; };
		1AC6FB23180E996B004C840B /* libCocosDenshion Mac.a in Frameworks */ = {isa = PBXBuildFile; fileRef = 1AC6FB01180E9839004C840B /* libCocosDenshion Mac.a */; };
		1AC6FB2E180E99EB004C840B /* libbox2d iOS.a in Frameworks */ = {isa = PBXBuildFile; fileRef = 1AC6FB0D180E9839004C840B /* libbox2d iOS.a */; };
		1AC6FB2F180E99EB004C840B /* libchipmunk iOS.a in Frameworks */ = {isa = PBXBuildFile; fileRef = 1AC6FB0B180E9839004C840B /* libchipmunk iOS.a */; };
		1AC6FB30180E99EB004C840B /* libcocos2dx iOS.a in Frameworks */ = {isa = PBXBuildFile; fileRef = 1AC6FB07180E9839004C840B /* libcocos2dx iOS.a */; };
		1AC6FB31180E99EB004C840B /* libcocos2dx-extensions iOS.a in Frameworks */ = {isa = PBXBuildFile; fileRef = 1AC6FB09180E9839004C840B /* libcocos2dx-extensions iOS.a */; };
		1AC6FB32180E99EB004C840B /* libCocosDenshion iOS.a in Frameworks */ = {isa = PBXBuildFile; fileRef = 1AC6FB0F180E9839004C840B /* libCocosDenshion iOS.a */; };
		1D60589F0D05DD5A006BFB54 /* Foundation.framework in Frameworks */ = {isa = PBXBuildFile; fileRef = 1D30AB110D05D00D00671497 /* Foundation.framework */; };
		1DF5F4E00D08C38300B7A737 /* UIKit.framework in Frameworks */ = {isa = PBXBuildFile; fileRef = 1DF5F4DF0D08C38300B7A737 /* UIKit.framework */; };
		288765A50DF7441C002DB57D /* CoreGraphics.framework in Frameworks */ = {isa = PBXBuildFile; fileRef = 288765A40DF7441C002DB57D /* CoreGraphics.framework */; };
		503AE0F817EB97AB00D1A890 /* Icon.icns in Resources */ = {isa = PBXBuildFile; fileRef = 503AE0F617EB97AB00D1A890 /* Icon.icns */; };
		503AE10017EB989F00D1A890 /* AppController.mm in Sources */ = {isa = PBXBuildFile; fileRef = 503AE0FB17EB989F00D1A890 /* AppController.mm */; };
		503AE10117EB989F00D1A890 /* main.m in Sources */ = {isa = PBXBuildFile; fileRef = 503AE0FC17EB989F00D1A890 /* main.m */; };
		503AE10217EB989F00D1A890 /* RootViewController.mm in Sources */ = {isa = PBXBuildFile; fileRef = 503AE0FF17EB989F00D1A890 /* RootViewController.mm */; };
		503AE10517EB98FF00D1A890 /* main.cpp in Sources */ = {isa = PBXBuildFile; fileRef = 503AE10317EB98FF00D1A890 /* main.cpp */; };
		503AE11217EB99EE00D1A890 /* libcurl.dylib in Frameworks */ = {isa = PBXBuildFile; fileRef = 503AE11117EB99EE00D1A890 /* libcurl.dylib */; };
		503AE11B17EB9C5A00D1A890 /* IOKit.framework in Frameworks */ = {isa = PBXBuildFile; fileRef = 503AE11A17EB9C5A00D1A890 /* IOKit.framework */; };
		5087E76317EB910900C73F5D /* Foundation.framework in Frameworks */ = {isa = PBXBuildFile; fileRef = 1D30AB110D05D00D00671497 /* Foundation.framework */; };
		5087E76517EB910900C73F5D /* CoreGraphics.framework in Frameworks */ = {isa = PBXBuildFile; fileRef = 288765A40DF7441C002DB57D /* CoreGraphics.framework */; };
		5087E76717EB910900C73F5D /* libz.dylib in Frameworks */ = {isa = PBXBuildFile; fileRef = BF170DB412928DE900B8313A /* libz.dylib */; };
		5087E76817EB910900C73F5D /* QuartzCore.framework in Frameworks */ = {isa = PBXBuildFile; fileRef = BF1C47EA1293683800B63C5D /* QuartzCore.framework */; };
		5087E76917EB910900C73F5D /* OpenAL.framework in Frameworks */ = {isa = PBXBuildFile; fileRef = D44C620B132DFF330009C878 /* OpenAL.framework */; };
		5087E76A17EB910900C73F5D /* AVFoundation.framework in Frameworks */ = {isa = PBXBuildFile; fileRef = D44C620D132DFF430009C878 /* AVFoundation.framework */; };
		5087E76B17EB910900C73F5D /* AudioToolbox.framework in Frameworks */ = {isa = PBXBuildFile; fileRef = D44C620F132DFF4E0009C878 /* AudioToolbox.framework */; };
		5087E77D17EB970100C73F5D /* Default-568h@2x.png in Resources */ = {isa = PBXBuildFile; fileRef = 5087E77217EB970100C73F5D /* Default-568h@2x.png */; };
		5087E77E17EB970100C73F5D /* Default.png in Resources */ = {isa = PBXBuildFile; fileRef = 5087E77317EB970100C73F5D /* Default.png */; };
		5087E77F17EB970100C73F5D /* Default@2x.png in Resources */ = {isa = PBXBuildFile; fileRef = 5087E77417EB970100C73F5D /* Default@2x.png */; };
		5087E78017EB970100C73F5D /* Icon-114.png in Resources */ = {isa = PBXBuildFile; fileRef = 5087E77517EB970100C73F5D /* Icon-114.png */; };
		5087E78117EB970100C73F5D /* Icon-120.png in Resources */ = {isa = PBXBuildFile; fileRef = 5087E77617EB970100C73F5D /* Icon-120.png */; };
		5087E78217EB970100C73F5D /* Icon-144.png in Resources */ = {isa = PBXBuildFile; fileRef = 5087E77717EB970100C73F5D /* Icon-144.png */; };
		5087E78317EB970100C73F5D /* Icon-152.png in Resources */ = {isa = PBXBuildFile; fileRef = 5087E77817EB970100C73F5D /* Icon-152.png */; };
		5087E78417EB970100C73F5D /* Icon-57.png in Resources */ = {isa = PBXBuildFile; fileRef = 5087E77917EB970100C73F5D /* Icon-57.png */; };
		5087E78517EB970100C73F5D /* Icon-72.png in Resources */ = {isa = PBXBuildFile; fileRef = 5087E77A17EB970100C73F5D /* Icon-72.png */; };
		5087E78617EB970100C73F5D /* Icon-76.png in Resources */ = {isa = PBXBuildFile; fileRef = 5087E77B17EB970100C73F5D /* Icon-76.png */; };
		5087E78917EB974C00C73F5D /* AppKit.framework in Frameworks */ = {isa = PBXBuildFile; fileRef = 5087E78817EB974C00C73F5D /* AppKit.framework */; };
		5087E78B17EB975400C73F5D /* OpenGL.framework in Frameworks */ = {isa = PBXBuildFile; fileRef = 5087E78A17EB975400C73F5D /* OpenGL.framework */; };
		50EF629617ECD46A001EB2F8 /* Icon-40.png in Resources */ = {isa = PBXBuildFile; fileRef = 50EF629217ECD46A001EB2F8 /* Icon-40.png */; };
		50EF629717ECD46A001EB2F8 /* Icon-58.png in Resources */ = {isa = PBXBuildFile; fileRef = 50EF629317ECD46A001EB2F8 /* Icon-58.png */; };
		50EF629817ECD46A001EB2F8 /* Icon-80.png in Resources */ = {isa = PBXBuildFile; fileRef = 50EF629417ECD46A001EB2F8 /* Icon-80.png */; };
		50EF629917ECD46A001EB2F8 /* Icon-100.png in Resources */ = {isa = PBXBuildFile; fileRef = 50EF629517ECD46A001EB2F8 /* Icon-100.png */; };
		50EF62A217ECD613001EB2F8 /* Icon-29.png in Resources */ = {isa = PBXBuildFile; fileRef = 50EF62A017ECD613001EB2F8 /* Icon-29.png */; };
		50EF62A317ECD613001EB2F8 /* Icon-50.png in Resources */ = {isa = PBXBuildFile; fileRef = 50EF62A117ECD613001EB2F8 /* Icon-50.png */; };
		5A6FC12A1ABB300400C1769C /* Font in Resources */ = {isa = PBXBuildFile; fileRef = 5A6FC1271ABB300400C1769C /* Font */; };
		5A6FC12B1ABB300400C1769C /* Sound in Resources */ = {isa = PBXBuildFile; fileRef = 5A6FC1281ABB300400C1769C /* Sound */; };
		5A6FC12C1ABB300400C1769C /* Texture in Resources */ = {isa = PBXBuildFile; fileRef = 5A6FC1291ABB300400C1769C /* Texture */; };
		5A8C2CB91AEE8BA20019574E /* Plist in Resources */ = {isa = PBXBuildFile; fileRef = 5A8C2CB81AEE8BA20019574E /* Plist */; };
		5A93F9251ABB25F0001E05E1 /* libcri_ware_ios_LE.a in Frameworks */ = {isa = PBXBuildFile; fileRef = 5A93F9241ABB25F0001E05E1 /* libcri_ware_ios_LE.a */; };
		956531661B2A9A870092C339 /* AppDelegate.cpp in Sources */ = {isa = PBXBuildFile; fileRef = 956530D01B2A9A860092C339 /* AppDelegate.cpp */; };
		956531671B2A9A870092C339 /* RestEnemy.cpp in Sources */ = {isa = PBXBuildFile; fileRef = 956530D61B2A9A860092C339 /* RestEnemy.cpp */; };
		956531681B2A9A870092C339 /* Player.cpp in Sources */ = {isa = PBXBuildFile; fileRef = 956530DA1B2A9A870092C339 /* Player.cpp */; };
		956531691B2A9A870092C339 /* EnemyManager.cpp in Sources */ = {isa = PBXBuildFile; fileRef = 956530DD1B2A9A870092C339 /* EnemyManager.cpp */; };
		9565316A1B2A9A870092C339 /* NoteManager.cpp in Sources */ = {isa = PBXBuildFile; fileRef = 956530DF1B2A9A870092C339 /* NoteManager.cpp */; };
		9565316B1B2A9A870092C339 /* ObjectManager.cpp in Sources */ = {isa = PBXBuildFile; fileRef = 956530E11B2A9A870092C339 /* ObjectManager.cpp */; };
		9565316C1B2A9A870092C339 /* PlayerManager.cpp in Sources */ = {isa = PBXBuildFile; fileRef = 956530E31B2A9A870092C339 /* PlayerManager.cpp */; };
		9565316D1B2A9A870092C339 /* Bar.cpp in Sources */ = {isa = PBXBuildFile; fileRef = 956530E71B2A9A870092C339 /* Bar.cpp */; };
		9565316E1B2A9A870092C339 /* Block.cpp in Sources */ = {isa = PBXBuildFile; fileRef = 956530EA1B2A9A870092C339 /* Block.cpp */; };
		9565316F1B2A9A870092C339 /* BlockDataReader.cpp in Sources */ = {isa = PBXBuildFile; fileRef = 956530ED1B2A9A870092C339 /* BlockDataReader.cpp */; };
		956531701B2A9A870092C339 /* BlockLineTest.cpp in Sources */ = {isa = PBXBuildFile; fileRef = 956530EF1B2A9A870092C339 /* BlockLineTest.cpp */; };
		956531711B2A9A870092C339 /* BlockManager.cpp in Sources */ = {isa = PBXBuildFile; fileRef = 956530F11B2A9A870092C339 /* BlockManager.cpp */; };
		956531721B2A9A870092C339 /* Goal.cpp in Sources */ = {isa = PBXBuildFile; fileRef = 956530F51B2A9A870092C339 /* Goal.cpp */; };
		956531731B2A9A870092C339 /* Note.cpp in Sources */ = {isa = PBXBuildFile; fileRef = 956530F81B2A9A870092C339 /* Note.cpp */; };
		956531741B2A9A870092C339 /* NoteLine.cpp in Sources */ = {isa = PBXBuildFile; fileRef = 956530FA1B2A9A870092C339 /* NoteLine.cpp */; };
		956531751B2A9A870092C339 /* Rest.cpp in Sources */ = {isa = PBXBuildFile; fileRef = 956530FF1B2A9A870092C339 /* Rest.cpp */; };
		956531761B2A9A870092C339 /* TestObject.cpp in Sources */ = {isa = PBXBuildFile; fileRef = 956531031B2A9A870092C339 /* TestObject.cpp */; };
		956531771B2A9A870092C339 /* BackGround.cpp in Sources */ = {isa = PBXBuildFile; fileRef = 956531061B2A9A870092C339 /* BackGround.cpp */; };
		956531781B2A9A870092C339 /* SlideBar.cpp in Sources */ = {isa = PBXBuildFile; fileRef = 956531081B2A9A870092C339 /* SlideBar.cpp */; };
		956531791B2A9A870092C339 /* UiObjectLayer.cpp in Sources */ = {isa = PBXBuildFile; fileRef = 9565310A1B2A9A870092C339 /* UiObjectLayer.cpp */; };
		9565317A1B2A9A870092C339 /* EndingScene.cpp in Sources */ = {isa = PBXBuildFile; fileRef = 9565310E1B2A9A870092C339 /* EndingScene.cpp */; };
		9565317B1B2A9A870092C339 /* EndingState.cpp in Sources */ = {isa = PBXBuildFile; fileRef = 956531101B2A9A870092C339 /* EndingState.cpp */; };
		9565317C1B2A9A870092C339 /* GameMainScene.cpp in Sources */ = {isa = PBXBuildFile; fileRef = 956531131B2A9A870092C339 /* GameMainScene.cpp */; };
		9565317D1B2A9A870092C339 /* GameMainState.cpp in Sources */ = {isa = PBXBuildFile; fileRef = 956531151B2A9A870092C339 /* GameMainState.cpp */; };
		9565317E1B2A9A870092C339 /* GameTitleScene.cpp in Sources */ = {isa = PBXBuildFile; fileRef = 956531181B2A9A870092C339 /* GameTitleScene.cpp */; };
		9565317F1B2A9A870092C339 /* GameTitleScreen.cpp in Sources */ = {isa = PBXBuildFile; fileRef = 9565311A1B2A9A870092C339 /* GameTitleScreen.cpp */; };
		956531801B2A9A870092C339 /* HigeLayer.cpp in Sources */ = {isa = PBXBuildFile; fileRef = 9565311C1B2A9A870092C339 /* HigeLayer.cpp */; };
		956531811B2A9A870092C339 /* TestLayer.cpp in Sources */ = {isa = PBXBuildFile; fileRef = 9565311E1B2A9A870092C339 /* TestLayer.cpp */; };
		956531821B2A9A870092C339 /* TitleScene.cpp in Sources */ = {isa = PBXBuildFile; fileRef = 956531211B2A9A870092C339 /* TitleScene.cpp */; };
		956531831B2A9A870092C339 /* TitleState.cpp in Sources */ = {isa = PBXBuildFile; fileRef = 956531231B2A9A870092C339 /* TitleState.cpp */; };
		956531841B2A9A870092C339 /* CustomFollow.cpp in Sources */ = {isa = PBXBuildFile; fileRef = 956531281B2A9A870092C339 /* CustomFollow.cpp */; };
		956531851B2A9A870092C339 /* Jump.cpp in Sources */ = {isa = PBXBuildFile; fileRef = 9565312A1B2A9A870092C339 /* Jump.cpp */; };
		956531861B2A9A870092C339 /* SpriteAnimation.cpp in Sources */ = {isa = PBXBuildFile; fileRef = 9565312D1B2A9A870092C339 /* SpriteAnimation.cpp */; };
		956531871B2A9A870092C339 /* ADX2Converter.cpp in Sources */ = {isa = PBXBuildFile; fileRef = 956531301B2A9A870092C339 /* ADX2Converter.cpp */; };
		956531881B2A9A870092C339 /* ADX2CueSheet.cpp in Sources */ = {isa = PBXBuildFile; fileRef = 956531321B2A9A870092C339 /* ADX2CueSheet.cpp */; };
		956531891B2A9A870092C339 /* ADX2LogoLayer.cpp in Sources */ = {isa = PBXBuildFile; fileRef = 956531341B2A9A870092C339 /* ADX2LogoLayer.cpp */; };
		9565318A1B2A9A870092C339 /* ADX2Manager.cpp in Sources */ = {isa = PBXBuildFile; fileRef = 956531361B2A9A870092C339 /* ADX2Manager.cpp */; };
		9565318B1B2A9A870092C339 /* ADX2Player.cpp in Sources */ = {isa = PBXBuildFile; fileRef = 956531381B2A9A870092C339 /* ADX2Player.cpp */; };
		9565318C1B2A9A870092C339 /* Camera.cpp in Sources */ = {isa = PBXBuildFile; fileRef = 9565313E1B2A9A870092C339 /* Camera.cpp */; };
		9565318D1B2A9A870092C339 /* ListenerAssistant.cpp in Sources */ = {isa = PBXBuildFile; fileRef = 956531411B2A9A870092C339 /* ListenerAssistant.cpp */; };
		9565318E1B2A9A870092C339 /* SpriteCreator.cpp in Sources */ = {isa = PBXBuildFile; fileRef = 956531431B2A9A870092C339 /* SpriteCreator.cpp */; };
		9565318F1B2A9A870092C339 /* Collider.cpp in Sources */ = {isa = PBXBuildFile; fileRef = 956531461B2A9A870092C339 /* Collider.cpp */; };
		956531901B2A9A870092C339 /* DistanceCheck.cpp in Sources */ = {isa = PBXBuildFile; fileRef = 956531481B2A9A870092C339 /* DistanceCheck.cpp */; };
		956531911B2A9A870092C339 /* PhysicsCollisionManager.cpp in Sources */ = {isa = PBXBuildFile; fileRef = 9565314A1B2A9A870092C339 /* PhysicsCollisionManager.cpp */; };
		956531921B2A9A870092C339 /* PhysicsListener.cpp in Sources */ = {isa = PBXBuildFile; fileRef = 9565314C1B2A9A870092C339 /* PhysicsListener.cpp */; };
		956531931B2A9A870092C339 /* PlistReader.cpp in Sources */ = {isa = PBXBuildFile; fileRef = 956531511B2A9A870092C339 /* PlistReader.cpp */; };
		956531941B2A9A870092C339 /* IScene.cpp in Sources */ = {isa = PBXBuildFile; fileRef = 9565315B1B2A9A870092C339 /* IScene.cpp */; };
		956531951B2A9A870092C339 /* SceneCreator.cpp in Sources */ = {isa = PBXBuildFile; fileRef = 9565315D1B2A9A870092C339 /* SceneCreator.cpp */; };
		956531961B2A9A870092C339 /* Timer.cpp in Sources */ = {isa = PBXBuildFile; fileRef = 956531641B2A9A870092C339 /* Timer.cpp */; };
		BF171245129291EC00B8313A /* OpenGLES.framework in Frameworks */ = {isa = PBXBuildFile; fileRef = BF170DB012928DE900B8313A /* OpenGLES.framework */; };
		BF1712471292920000B8313A /* libz.dylib in Frameworks */ = {isa = PBXBuildFile; fileRef = BF170DB412928DE900B8313A /* libz.dylib */; };
		BF1C47F01293687400B63C5D /* QuartzCore.framework in Frameworks */ = {isa = PBXBuildFile; fileRef = BF1C47EA1293683800B63C5D /* QuartzCore.framework */; };
		D44C620C132DFF330009C878 /* OpenAL.framework in Frameworks */ = {isa = PBXBuildFile; fileRef = D44C620B132DFF330009C878 /* OpenAL.framework */; };
		D44C620E132DFF430009C878 /* AVFoundation.framework in Frameworks */ = {isa = PBXBuildFile; fileRef = D44C620D132DFF430009C878 /* AVFoundation.framework */; };
		D44C6210132DFF4E0009C878 /* AudioToolbox.framework in Frameworks */ = {isa = PBXBuildFile; fileRef = D44C620F132DFF4E0009C878 /* AudioToolbox.framework */; };
		D6B0611B1803AB670077942B /* CoreMotion.framework in Frameworks */ = {isa = PBXBuildFile; fileRef = D6B0611A1803AB670077942B /* CoreMotion.framework */; };
/* End PBXBuildFile section */

/* Begin PBXContainerItemProxy section */
		1AC6FAF8180E9839004C840B /* PBXContainerItemProxy */ = {
			isa = PBXContainerItemProxy;
			containerPortal = 1AC6FAE5180E9839004C840B /* cocos2d_libs.xcodeproj */;
			proxyType = 2;
			remoteGlobalIDString = 1551A33F158F2AB200E66CFE;
			remoteInfo = "cocos2dx Mac";
		};
		1AC6FAFA180E9839004C840B /* PBXContainerItemProxy */ = {
			isa = PBXContainerItemProxy;
			containerPortal = 1AC6FAE5180E9839004C840B /* cocos2d_libs.xcodeproj */;
			proxyType = 2;
			remoteGlobalIDString = A03F2FD617814595006731B9;
			remoteInfo = "cocos2dx-extensions Mac";
		};
		1AC6FAFC180E9839004C840B /* PBXContainerItemProxy */ = {
			isa = PBXContainerItemProxy;
			containerPortal = 1AC6FAE5180E9839004C840B /* cocos2d_libs.xcodeproj */;
			proxyType = 2;
			remoteGlobalIDString = A03F2CB81780BD04006731B9;
			remoteInfo = "chipmunk Mac";
		};
		1AC6FAFE180E9839004C840B /* PBXContainerItemProxy */ = {
			isa = PBXContainerItemProxy;
			containerPortal = 1AC6FAE5180E9839004C840B /* cocos2d_libs.xcodeproj */;
			proxyType = 2;
			remoteGlobalIDString = A03F2D9B1780BDF7006731B9;
			remoteInfo = "box2d Mac";
		};
		1AC6FB00180E9839004C840B /* PBXContainerItemProxy */ = {
			isa = PBXContainerItemProxy;
			containerPortal = 1AC6FAE5180E9839004C840B /* cocos2d_libs.xcodeproj */;
			proxyType = 2;
			remoteGlobalIDString = A03F2ED617814268006731B9;
			remoteInfo = "CocosDenshion Mac";
		};
		1AC6FB06180E9839004C840B /* PBXContainerItemProxy */ = {
			isa = PBXContainerItemProxy;
			containerPortal = 1AC6FAE5180E9839004C840B /* cocos2d_libs.xcodeproj */;
			proxyType = 2;
			remoteGlobalIDString = A07A4D641783777C0073F6A7;
			remoteInfo = "cocos2dx iOS";
		};
		1AC6FB08180E9839004C840B /* PBXContainerItemProxy */ = {
			isa = PBXContainerItemProxy;
			containerPortal = 1AC6FAE5180E9839004C840B /* cocos2d_libs.xcodeproj */;
			proxyType = 2;
			remoteGlobalIDString = A07A4EFC1783867C0073F6A7;
			remoteInfo = "cocos2dx-extensions iOS";
		};
		1AC6FB0A180E9839004C840B /* PBXContainerItemProxy */ = {
			isa = PBXContainerItemProxy;
			containerPortal = 1AC6FAE5180E9839004C840B /* cocos2d_libs.xcodeproj */;
			proxyType = 2;
			remoteGlobalIDString = A07A4F3B178387670073F6A7;
			remoteInfo = "chipmunk iOS";
		};
		1AC6FB0C180E9839004C840B /* PBXContainerItemProxy */ = {
			isa = PBXContainerItemProxy;
			containerPortal = 1AC6FAE5180E9839004C840B /* cocos2d_libs.xcodeproj */;
			proxyType = 2;
			remoteGlobalIDString = A07A4F9E1783876B0073F6A7;
			remoteInfo = "box2d iOS";
		};
		1AC6FB0E180E9839004C840B /* PBXContainerItemProxy */ = {
			isa = PBXContainerItemProxy;
			containerPortal = 1AC6FAE5180E9839004C840B /* cocos2d_libs.xcodeproj */;
			proxyType = 2;
			remoteGlobalIDString = A07A4FB4178387730073F6A7;
			remoteInfo = "CocosDenshion iOS";
		};
		1AC6FB15180E9959004C840B /* PBXContainerItemProxy */ = {
			isa = PBXContainerItemProxy;
			containerPortal = 1AC6FAE5180E9839004C840B /* cocos2d_libs.xcodeproj */;
			proxyType = 1;
			remoteGlobalIDString = 1551A33E158F2AB200E66CFE;
			remoteInfo = "cocos2dx Mac";
		};
		1AC6FB17180E9959004C840B /* PBXContainerItemProxy */ = {
			isa = PBXContainerItemProxy;
			containerPortal = 1AC6FAE5180E9839004C840B /* cocos2d_libs.xcodeproj */;
			proxyType = 1;
			remoteGlobalIDString = A03F2FC117814595006731B9;
			remoteInfo = "cocos2dx-extensions Mac";
		};
		1AC6FB19180E9959004C840B /* PBXContainerItemProxy */ = {
			isa = PBXContainerItemProxy;
			containerPortal = 1AC6FAE5180E9839004C840B /* cocos2d_libs.xcodeproj */;
			proxyType = 1;
			remoteGlobalIDString = A03F2B781780BD04006731B9;
			remoteInfo = "chipmunk Mac";
		};
		1AC6FB1B180E9959004C840B /* PBXContainerItemProxy */ = {
			isa = PBXContainerItemProxy;
			containerPortal = 1AC6FAE5180E9839004C840B /* cocos2d_libs.xcodeproj */;
			proxyType = 1;
			remoteGlobalIDString = A03F2E9817814268006731B9;
			remoteInfo = "CocosDenshion Mac";
		};
		1AC6FB1D180E9963004C840B /* PBXContainerItemProxy */ = {
			isa = PBXContainerItemProxy;
			containerPortal = 1AC6FAE5180E9839004C840B /* cocos2d_libs.xcodeproj */;
			proxyType = 1;
			remoteGlobalIDString = A03F2D5D1780BDF7006731B9;
			remoteInfo = "box2d Mac";
		};
		1AC6FB24180E99E1004C840B /* PBXContainerItemProxy */ = {
			isa = PBXContainerItemProxy;
			containerPortal = 1AC6FAE5180E9839004C840B /* cocos2d_libs.xcodeproj */;
			proxyType = 1;
			remoteGlobalIDString = A07A4C241783777C0073F6A7;
			remoteInfo = "cocos2dx iOS";
		};
		1AC6FB26180E99E1004C840B /* PBXContainerItemProxy */ = {
			isa = PBXContainerItemProxy;
			containerPortal = 1AC6FAE5180E9839004C840B /* cocos2d_libs.xcodeproj */;
			proxyType = 1;
			remoteGlobalIDString = A07A4E111783867C0073F6A7;
			remoteInfo = "cocos2dx-extensions iOS";
		};
		1AC6FB28180E99E1004C840B /* PBXContainerItemProxy */ = {
			isa = PBXContainerItemProxy;
			containerPortal = 1AC6FAE5180E9839004C840B /* cocos2d_libs.xcodeproj */;
			proxyType = 1;
			remoteGlobalIDString = A07A4EFD178387670073F6A7;
			remoteInfo = "chipmunk iOS";
		};
		1AC6FB2A180E99E1004C840B /* PBXContainerItemProxy */ = {
			isa = PBXContainerItemProxy;
			containerPortal = 1AC6FAE5180E9839004C840B /* cocos2d_libs.xcodeproj */;
			proxyType = 1;
			remoteGlobalIDString = A07A4F3C1783876B0073F6A7;
			remoteInfo = "box2d iOS";
		};
		1AC6FB2C180E99E1004C840B /* PBXContainerItemProxy */ = {
			isa = PBXContainerItemProxy;
			containerPortal = 1AC6FAE5180E9839004C840B /* cocos2d_libs.xcodeproj */;
			proxyType = 1;
			remoteGlobalIDString = A07A4F9F178387730073F6A7;
			remoteInfo = "CocosDenshion iOS";
		};
/* End PBXContainerItemProxy section */

/* Begin PBXFileReference section */
		1AC6FAE5180E9839004C840B /* cocos2d_libs.xcodeproj */ = {isa = PBXFileReference; lastKnownFileType = "wrapper.pb-project"; name = cocos2d_libs.xcodeproj; path = ../cocos2d/build/cocos2d_libs.xcodeproj; sourceTree = "<group>"; };
		1ACB3243164770DE00914215 /* libcurl.a */ = {isa = PBXFileReference; lastKnownFileType = archive.ar; name = libcurl.a; path = ../../cocos2dx/platform/third_party/ios/libraries/libcurl.a; sourceTree = "<group>"; };
		1D30AB110D05D00D00671497 /* Foundation.framework */ = {isa = PBXFileReference; lastKnownFileType = wrapper.framework; name = Foundation.framework; path = System/Library/Frameworks/Foundation.framework; sourceTree = SDKROOT; };
		1D6058910D05DD3D006BFB54 /* Note iOS.app */ = {isa = PBXFileReference; explicitFileType = wrapper.application; includeInIndex = 0; path = "Note iOS.app"; sourceTree = BUILT_PRODUCTS_DIR; };
		1DF5F4DF0D08C38300B7A737 /* UIKit.framework */ = {isa = PBXFileReference; lastKnownFileType = wrapper.framework; name = UIKit.framework; path = System/Library/Frameworks/UIKit.framework; sourceTree = SDKROOT; };
		288765A40DF7441C002DB57D /* CoreGraphics.framework */ = {isa = PBXFileReference; lastKnownFileType = wrapper.framework; name = CoreGraphics.framework; path = System/Library/Frameworks/CoreGraphics.framework; sourceTree = SDKROOT; };
		503AE0F617EB97AB00D1A890 /* Icon.icns */ = {isa = PBXFileReference; lastKnownFileType = image.icns; path = Icon.icns; sourceTree = "<group>"; };
		503AE0F717EB97AB00D1A890 /* Info.plist */ = {isa = PBXFileReference; fileEncoding = 4; lastKnownFileType = text.plist.xml; path = Info.plist; sourceTree = "<group>"; };
		503AE0FA17EB989F00D1A890 /* AppController.h */ = {isa = PBXFileReference; fileEncoding = 4; lastKnownFileType = sourcecode.c.h; name = AppController.h; path = ios/AppController.h; sourceTree = SOURCE_ROOT; };
		503AE0FB17EB989F00D1A890 /* AppController.mm */ = {isa = PBXFileReference; fileEncoding = 4; lastKnownFileType = sourcecode.cpp.objcpp; name = AppController.mm; path = ios/AppController.mm; sourceTree = SOURCE_ROOT; };
		503AE0FC17EB989F00D1A890 /* main.m */ = {isa = PBXFileReference; fileEncoding = 4; lastKnownFileType = sourcecode.c.objc; name = main.m; path = ios/main.m; sourceTree = SOURCE_ROOT; };
		503AE0FD17EB989F00D1A890 /* Prefix.pch */ = {isa = PBXFileReference; fileEncoding = 4; lastKnownFileType = sourcecode.c.h; name = Prefix.pch; path = ios/Prefix.pch; sourceTree = SOURCE_ROOT; };
		503AE0FE17EB989F00D1A890 /* RootViewController.h */ = {isa = PBXFileReference; fileEncoding = 4; lastKnownFileType = sourcecode.c.h; name = RootViewController.h; path = ios/RootViewController.h; sourceTree = SOURCE_ROOT; };
		503AE0FF17EB989F00D1A890 /* RootViewController.mm */ = {isa = PBXFileReference; fileEncoding = 4; lastKnownFileType = sourcecode.cpp.objcpp; name = RootViewController.mm; path = ios/RootViewController.mm; sourceTree = SOURCE_ROOT; };
		503AE10317EB98FF00D1A890 /* main.cpp */ = {isa = PBXFileReference; fileEncoding = 4; lastKnownFileType = sourcecode.cpp.cpp; name = main.cpp; path = mac/main.cpp; sourceTree = "<group>"; };
		503AE10417EB98FF00D1A890 /* Prefix.pch */ = {isa = PBXFileReference; fileEncoding = 4; lastKnownFileType = sourcecode.c.h; name = Prefix.pch; path = mac/Prefix.pch; sourceTree = "<group>"; };
		503AE11117EB99EE00D1A890 /* libcurl.dylib */ = {isa = PBXFileReference; lastKnownFileType = "compiled.mach-o.dylib"; name = libcurl.dylib; path = usr/lib/libcurl.dylib; sourceTree = SDKROOT; };
		503AE11A17EB9C5A00D1A890 /* IOKit.framework */ = {isa = PBXFileReference; lastKnownFileType = wrapper.framework; name = IOKit.framework; path = System/Library/Frameworks/IOKit.framework; sourceTree = SDKROOT; };
		5087E76F17EB910900C73F5D /* Note Mac.app */ = {isa = PBXFileReference; explicitFileType = wrapper.application; includeInIndex = 0; path = "Note Mac.app"; sourceTree = BUILT_PRODUCTS_DIR; };
		5087E77217EB970100C73F5D /* Default-568h@2x.png */ = {isa = PBXFileReference; lastKnownFileType = image.png; path = "Default-568h@2x.png"; sourceTree = "<group>"; };
		5087E77317EB970100C73F5D /* Default.png */ = {isa = PBXFileReference; lastKnownFileType = image.png; path = Default.png; sourceTree = "<group>"; };
		5087E77417EB970100C73F5D /* Default@2x.png */ = {isa = PBXFileReference; lastKnownFileType = image.png; path = "Default@2x.png"; sourceTree = "<group>"; };
		5087E77517EB970100C73F5D /* Icon-114.png */ = {isa = PBXFileReference; lastKnownFileType = image.png; path = "Icon-114.png"; sourceTree = "<group>"; };
		5087E77617EB970100C73F5D /* Icon-120.png */ = {isa = PBXFileReference; lastKnownFileType = image.png; path = "Icon-120.png"; sourceTree = "<group>"; };
		5087E77717EB970100C73F5D /* Icon-144.png */ = {isa = PBXFileReference; lastKnownFileType = image.png; path = "Icon-144.png"; sourceTree = "<group>"; };
		5087E77817EB970100C73F5D /* Icon-152.png */ = {isa = PBXFileReference; lastKnownFileType = image.png; path = "Icon-152.png"; sourceTree = "<group>"; };
		5087E77917EB970100C73F5D /* Icon-57.png */ = {isa = PBXFileReference; lastKnownFileType = image.png; path = "Icon-57.png"; sourceTree = "<group>"; };
		5087E77A17EB970100C73F5D /* Icon-72.png */ = {isa = PBXFileReference; lastKnownFileType = image.png; path = "Icon-72.png"; sourceTree = "<group>"; };
		5087E77B17EB970100C73F5D /* Icon-76.png */ = {isa = PBXFileReference; lastKnownFileType = image.png; path = "Icon-76.png"; sourceTree = "<group>"; };
		5087E77C17EB970100C73F5D /* Info.plist */ = {isa = PBXFileReference; fileEncoding = 4; lastKnownFileType = text.plist.xml; path = Info.plist; sourceTree = "<group>"; };
		5087E78817EB974C00C73F5D /* AppKit.framework */ = {isa = PBXFileReference; lastKnownFileType = wrapper.framework; name = AppKit.framework; path = System/Library/Frameworks/AppKit.framework; sourceTree = SDKROOT; };
		5087E78A17EB975400C73F5D /* OpenGL.framework */ = {isa = PBXFileReference; lastKnownFileType = wrapper.framework; name = OpenGL.framework; path = System/Library/Frameworks/OpenGL.framework; sourceTree = SDKROOT; };
		50EF629217ECD46A001EB2F8 /* Icon-40.png */ = {isa = PBXFileReference; lastKnownFileType = image.png; path = "Icon-40.png"; sourceTree = "<group>"; };
		50EF629317ECD46A001EB2F8 /* Icon-58.png */ = {isa = PBXFileReference; lastKnownFileType = image.png; path = "Icon-58.png"; sourceTree = "<group>"; };
		50EF629417ECD46A001EB2F8 /* Icon-80.png */ = {isa = PBXFileReference; lastKnownFileType = image.png; path = "Icon-80.png"; sourceTree = "<group>"; };
		50EF629517ECD46A001EB2F8 /* Icon-100.png */ = {isa = PBXFileReference; lastKnownFileType = image.png; path = "Icon-100.png"; sourceTree = "<group>"; };
		50EF62A017ECD613001EB2F8 /* Icon-29.png */ = {isa = PBXFileReference; lastKnownFileType = image.png; path = "Icon-29.png"; sourceTree = "<group>"; };
		50EF62A117ECD613001EB2F8 /* Icon-50.png */ = {isa = PBXFileReference; lastKnownFileType = image.png; path = "Icon-50.png"; sourceTree = "<group>"; };
		5A6FC1271ABB300400C1769C /* Font */ = {isa = PBXFileReference; lastKnownFileType = folder; path = Font; sourceTree = "<group>"; };
		5A6FC1281ABB300400C1769C /* Sound */ = {isa = PBXFileReference; lastKnownFileType = folder; path = Sound; sourceTree = "<group>"; };
		5A6FC1291ABB300400C1769C /* Texture */ = {isa = PBXFileReference; lastKnownFileType = folder; path = Texture; sourceTree = "<group>"; };
		5A8C2CB81AEE8BA20019574E /* Plist */ = {isa = PBXFileReference; lastKnownFileType = folder; path = Plist; sourceTree = "<group>"; };
		5A93F9241ABB25F0001E05E1 /* libcri_ware_ios_LE.a */ = {isa = PBXFileReference; lastKnownFileType = archive.ar; name = libcri_ware_ios_LE.a; path = ../adx2/libs/ios/libcri_ware_ios_LE.a; sourceTree = "<group>"; };
		956530D01B2A9A860092C339 /* AppDelegate.cpp */ = {isa = PBXFileReference; fileEncoding = 4; lastKnownFileType = sourcecode.cpp.cpp; name = AppDelegate.cpp; path = ../Classes/AppDelegate.cpp; sourceTree = "<group>"; };
		956530D11B2A9A860092C339 /* AppDelegate.h */ = {isa = PBXFileReference; fileEncoding = 4; lastKnownFileType = sourcecode.c.h; name = AppDelegate.h; path = ../Classes/AppDelegate.h; sourceTree = "<group>"; };
		956530D61B2A9A860092C339 /* RestEnemy.cpp */ = {isa = PBXFileReference; fileEncoding = 4; lastKnownFileType = sourcecode.cpp.cpp; path = RestEnemy.cpp; sourceTree = "<group>"; };
		956530D71B2A9A860092C339 /* RestEnemy.h */ = {isa = PBXFileReference; fileEncoding = 4; lastKnownFileType = sourcecode.c.h; path = RestEnemy.h; sourceTree = "<group>"; };
		956530D91B2A9A870092C339 /* DeadAnimation.h */ = {isa = PBXFileReference; fileEncoding = 4; lastKnownFileType = sourcecode.c.h; path = DeadAnimation.h; sourceTree = "<group>"; };
		956530DA1B2A9A870092C339 /* Player.cpp */ = {isa = PBXFileReference; fileEncoding = 4; lastKnownFileType = sourcecode.cpp.cpp; path = Player.cpp; sourceTree = "<group>"; };
		956530DB1B2A9A870092C339 /* Player.h */ = {isa = PBXFileReference; fileEncoding = 4; lastKnownFileType = sourcecode.c.h; path = Player.h; sourceTree = "<group>"; };
		956530DD1B2A9A870092C339 /* EnemyManager.cpp */ = {isa = PBXFileReference; fileEncoding = 4; lastKnownFileType = sourcecode.cpp.cpp; path = EnemyManager.cpp; sourceTree = "<group>"; };
		956530DE1B2A9A870092C339 /* EnemyManager.h */ = {isa = PBXFileReference; fileEncoding = 4; lastKnownFileType = sourcecode.c.h; path = EnemyManager.h; sourceTree = "<group>"; };
		956530DF1B2A9A870092C339 /* NoteManager.cpp */ = {isa = PBXFileReference; fileEncoding = 4; lastKnownFileType = sourcecode.cpp.cpp; path = NoteManager.cpp; sourceTree = "<group>"; };
		956530E01B2A9A870092C339 /* NoteManager.h */ = {isa = PBXFileReference; fileEncoding = 4; lastKnownFileType = sourcecode.c.h; path = NoteManager.h; sourceTree = "<group>"; };
		956530E11B2A9A870092C339 /* ObjectManager.cpp */ = {isa = PBXFileReference; fileEncoding = 4; lastKnownFileType = sourcecode.cpp.cpp; path = ObjectManager.cpp; sourceTree = "<group>"; };
		956530E21B2A9A870092C339 /* ObjectManager.h */ = {isa = PBXFileReference; fileEncoding = 4; lastKnownFileType = sourcecode.c.h; path = ObjectManager.h; sourceTree = "<group>"; };
		956530E31B2A9A870092C339 /* PlayerManager.cpp */ = {isa = PBXFileReference; fileEncoding = 4; lastKnownFileType = sourcecode.cpp.cpp; path = PlayerManager.cpp; sourceTree = "<group>"; };
		956530E41B2A9A870092C339 /* PlayerManager.h */ = {isa = PBXFileReference; fileEncoding = 4; lastKnownFileType = sourcecode.c.h; path = PlayerManager.h; sourceTree = "<group>"; };
		956530E71B2A9A870092C339 /* Bar.cpp */ = {isa = PBXFileReference; fileEncoding = 4; lastKnownFileType = sourcecode.cpp.cpp; path = Bar.cpp; sourceTree = "<group>"; };
		956530E81B2A9A870092C339 /* Bar.h */ = {isa = PBXFileReference; fileEncoding = 4; lastKnownFileType = sourcecode.c.h; path = Bar.h; sourceTree = "<group>"; };
		956530EA1B2A9A870092C339 /* Block.cpp */ = {isa = PBXFileReference; fileEncoding = 4; lastKnownFileType = sourcecode.cpp.cpp; path = Block.cpp; sourceTree = "<group>"; };
		956530EB1B2A9A870092C339 /* Block.h */ = {isa = PBXFileReference; fileEncoding = 4; lastKnownFileType = sourcecode.c.h; path = Block.h; sourceTree = "<group>"; };
		956530EC1B2A9A870092C339 /* BlockData.h */ = {isa = PBXFileReference; fileEncoding = 4; lastKnownFileType = sourcecode.c.h; path = BlockData.h; sourceTree = "<group>"; };
		956530ED1B2A9A870092C339 /* BlockDataReader.cpp */ = {isa = PBXFileReference; fileEncoding = 4; lastKnownFileType = sourcecode.cpp.cpp; path = BlockDataReader.cpp; sourceTree = "<group>"; };
		956530EE1B2A9A870092C339 /* BlockDataReader.h */ = {isa = PBXFileReference; fileEncoding = 4; lastKnownFileType = sourcecode.c.h; path = BlockDataReader.h; sourceTree = "<group>"; };
		956530EF1B2A9A870092C339 /* BlockLineTest.cpp */ = {isa = PBXFileReference; fileEncoding = 4; lastKnownFileType = sourcecode.cpp.cpp; path = BlockLineTest.cpp; sourceTree = "<group>"; };
		956530F01B2A9A870092C339 /* BlockLineTest.h */ = {isa = PBXFileReference; fileEncoding = 4; lastKnownFileType = sourcecode.c.h; path = BlockLineTest.h; sourceTree = "<group>"; };
		956530F11B2A9A870092C339 /* BlockManager.cpp */ = {isa = PBXFileReference; fileEncoding = 4; lastKnownFileType = sourcecode.cpp.cpp; path = BlockManager.cpp; sourceTree = "<group>"; };
		956530F21B2A9A870092C339 /* BlockManager.h */ = {isa = PBXFileReference; fileEncoding = 4; lastKnownFileType = sourcecode.c.h; path = BlockManager.h; sourceTree = "<group>"; };
		956530F31B2A9A870092C339 /* ObjectType.h */ = {isa = PBXFileReference; fileEncoding = 4; lastKnownFileType = sourcecode.c.h; path = ObjectType.h; sourceTree = "<group>"; };
		956530F51B2A9A870092C339 /* Goal.cpp */ = {isa = PBXFileReference; fileEncoding = 4; lastKnownFileType = sourcecode.cpp.cpp; path = Goal.cpp; sourceTree = "<group>"; };
		956530F61B2A9A870092C339 /* Goal.h */ = {isa = PBXFileReference; fileEncoding = 4; lastKnownFileType = sourcecode.c.h; path = Goal.h; sourceTree = "<group>"; };
		956530F81B2A9A870092C339 /* Note.cpp */ = {isa = PBXFileReference; fileEncoding = 4; lastKnownFileType = sourcecode.cpp.cpp; path = Note.cpp; sourceTree = "<group>"; };
		956530F91B2A9A870092C339 /* Note.h */ = {isa = PBXFileReference; fileEncoding = 4; lastKnownFileType = sourcecode.c.h; path = Note.h; sourceTree = "<group>"; };
		956530FA1B2A9A870092C339 /* NoteLine.cpp */ = {isa = PBXFileReference; fileEncoding = 4; lastKnownFileType = sourcecode.cpp.cpp; path = NoteLine.cpp; sourceTree = "<group>"; };
		956530FB1B2A9A870092C339 /* NoteLine.h */ = {isa = PBXFileReference; fileEncoding = 4; lastKnownFileType = sourcecode.c.h; path = NoteLine.h; sourceTree = "<group>"; };
		956530FC1B2A9A870092C339 /* NoteValue.h */ = {isa = PBXFileReference; fileEncoding = 4; lastKnownFileType = sourcecode.c.h; path = NoteValue.h; sourceTree = "<group>"; };
		956530FD1B2A9A870092C339 /* ObjectType.h */ = {isa = PBXFileReference; fileEncoding = 4; lastKnownFileType = sourcecode.c.h; path = ObjectType.h; sourceTree = "<group>"; };
		956530FF1B2A9A870092C339 /* Rest.cpp */ = {isa = PBXFileReference; fileEncoding = 4; lastKnownFileType = sourcecode.cpp.cpp; path = Rest.cpp; sourceTree = "<group>"; };
		956531001B2A9A870092C339 /* Rest.h */ = {isa = PBXFileReference; fileEncoding = 4; lastKnownFileType = sourcecode.c.h; path = Rest.h; sourceTree = "<group>"; };
		956531011B2A9A870092C339 /* StageObj.h */ = {isa = PBXFileReference; fileEncoding = 4; lastKnownFileType = sourcecode.c.h; path = StageObj.h; sourceTree = "<group>"; };
		956531031B2A9A870092C339 /* TestObject.cpp */ = {isa = PBXFileReference; fileEncoding = 4; lastKnownFileType = sourcecode.cpp.cpp; path = TestObject.cpp; sourceTree = "<group>"; };
		956531041B2A9A870092C339 /* TestObject.h */ = {isa = PBXFileReference; fileEncoding = 4; lastKnownFileType = sourcecode.c.h; path = TestObject.h; sourceTree = "<group>"; };
		956531061B2A9A870092C339 /* BackGround.cpp */ = {isa = PBXFileReference; fileEncoding = 4; lastKnownFileType = sourcecode.cpp.cpp; path = BackGround.cpp; sourceTree = "<group>"; };
		956531071B2A9A870092C339 /* BackGround.h */ = {isa = PBXFileReference; fileEncoding = 4; lastKnownFileType = sourcecode.c.h; path = BackGround.h; sourceTree = "<group>"; };
		956531081B2A9A870092C339 /* SlideBar.cpp */ = {isa = PBXFileReference; fileEncoding = 4; lastKnownFileType = sourcecode.cpp.cpp; path = SlideBar.cpp; sourceTree = "<group>"; };
		956531091B2A9A870092C339 /* SlideBar.h */ = {isa = PBXFileReference; fileEncoding = 4; lastKnownFileType = sourcecode.c.h; path = SlideBar.h; sourceTree = "<group>"; };
		9565310A1B2A9A870092C339 /* UiObjectLayer.cpp */ = {isa = PBXFileReference; fileEncoding = 4; lastKnownFileType = sourcecode.cpp.cpp; path = UiObjectLayer.cpp; sourceTree = "<group>"; };
		9565310B1B2A9A870092C339 /* UiObjectLayer.h */ = {isa = PBXFileReference; fileEncoding = 4; lastKnownFileType = sourcecode.c.h; path = UiObjectLayer.h; sourceTree = "<group>"; };
		9565310E1B2A9A870092C339 /* EndingScene.cpp */ = {isa = PBXFileReference; fileEncoding = 4; lastKnownFileType = sourcecode.cpp.cpp; path = EndingScene.cpp; sourceTree = "<group>"; };
		9565310F1B2A9A870092C339 /* EndingScene.h */ = {isa = PBXFileReference; fileEncoding = 4; lastKnownFileType = sourcecode.c.h; path = EndingScene.h; sourceTree = "<group>"; };
		956531101B2A9A870092C339 /* EndingState.cpp */ = {isa = PBXFileReference; fileEncoding = 4; lastKnownFileType = sourcecode.cpp.cpp; path = EndingState.cpp; sourceTree = "<group>"; };
		956531111B2A9A870092C339 /* EndingState.h */ = {isa = PBXFileReference; fileEncoding = 4; lastKnownFileType = sourcecode.c.h; path = EndingState.h; sourceTree = "<group>"; };
		956531131B2A9A870092C339 /* GameMainScene.cpp */ = {isa = PBXFileReference; fileEncoding = 4; lastKnownFileType = sourcecode.cpp.cpp; path = GameMainScene.cpp; sourceTree = "<group>"; };
		956531141B2A9A870092C339 /* GameMainScene.h */ = {isa = PBXFileReference; fileEncoding = 4; lastKnownFileType = sourcecode.c.h; path = GameMainScene.h; sourceTree = "<group>"; };
		956531151B2A9A870092C339 /* GameMainState.cpp */ = {isa = PBXFileReference; fileEncoding = 4; lastKnownFileType = sourcecode.cpp.cpp; path = GameMainState.cpp; sourceTree = "<group>"; };
		956531161B2A9A870092C339 /* GameMainState.h */ = {isa = PBXFileReference; fileEncoding = 4; lastKnownFileType = sourcecode.c.h; path = GameMainState.h; sourceTree = "<group>"; };
		956531181B2A9A870092C339 /* GameTitleScene.cpp */ = {isa = PBXFileReference; fileEncoding = 4; lastKnownFileType = sourcecode.cpp.cpp; path = GameTitleScene.cpp; sourceTree = "<group>"; };
		956531191B2A9A870092C339 /* GameTitleScene.h */ = {isa = PBXFileReference; fileEncoding = 4; lastKnownFileType = sourcecode.c.h; path = GameTitleScene.h; sourceTree = "<group>"; };
		9565311A1B2A9A870092C339 /* GameTitleScreen.cpp */ = {isa = PBXFileReference; fileEncoding = 4; lastKnownFileType = sourcecode.cpp.cpp; path = GameTitleScreen.cpp; sourceTree = "<group>"; };
		9565311B1B2A9A870092C339 /* GameTitleScreen.h */ = {isa = PBXFileReference; fileEncoding = 4; lastKnownFileType = sourcecode.c.h; path = GameTitleScreen.h; sourceTree = "<group>"; };
		9565311C1B2A9A870092C339 /* HigeLayer.cpp */ = {isa = PBXFileReference; fileEncoding = 4; lastKnownFileType = sourcecode.cpp.cpp; path = HigeLayer.cpp; sourceTree = "<group>"; };
		9565311D1B2A9A870092C339 /* HigeLayer.h */ = {isa = PBXFileReference; fileEncoding = 4; lastKnownFileType = sourcecode.c.h; path = HigeLayer.h; sourceTree = "<group>"; };
		9565311E1B2A9A870092C339 /* TestLayer.cpp */ = {isa = PBXFileReference; fileEncoding = 4; lastKnownFileType = sourcecode.cpp.cpp; path = TestLayer.cpp; sourceTree = "<group>"; };
		9565311F1B2A9A870092C339 /* TestLayer.h */ = {isa = PBXFileReference; fileEncoding = 4; lastKnownFileType = sourcecode.c.h; path = TestLayer.h; sourceTree = "<group>"; };
		956531211B2A9A870092C339 /* TitleScene.cpp */ = {isa = PBXFileReference; fileEncoding = 4; lastKnownFileType = sourcecode.cpp.cpp; path = TitleScene.cpp; sourceTree = "<group>"; };
		956531221B2A9A870092C339 /* TitleScene.h */ = {isa = PBXFileReference; fileEncoding = 4; lastKnownFileType = sourcecode.c.h; path = TitleScene.h; sourceTree = "<group>"; };
		956531231B2A9A870092C339 /* TitleState.cpp */ = {isa = PBXFileReference; fileEncoding = 4; lastKnownFileType = sourcecode.cpp.cpp; path = TitleState.cpp; sourceTree = "<group>"; };
		956531241B2A9A870092C339 /* TitleState.h */ = {isa = PBXFileReference; fileEncoding = 4; lastKnownFileType = sourcecode.c.h; path = TitleState.h; sourceTree = "<group>"; };
		956531281B2A9A870092C339 /* CustomFollow.cpp */ = {isa = PBXFileReference; fileEncoding = 4; lastKnownFileType = sourcecode.cpp.cpp; path = CustomFollow.cpp; sourceTree = "<group>"; };
		956531291B2A9A870092C339 /* CustomFollow.h */ = {isa = PBXFileReference; fileEncoding = 4; lastKnownFileType = sourcecode.c.h; path = CustomFollow.h; sourceTree = "<group>"; };
		9565312A1B2A9A870092C339 /* Jump.cpp */ = {isa = PBXFileReference; fileEncoding = 4; lastKnownFileType = sourcecode.cpp.cpp; path = Jump.cpp; sourceTree = "<group>"; };
		9565312B1B2A9A870092C339 /* Jump.h */ = {isa = PBXFileReference; fileEncoding = 4; lastKnownFileType = sourcecode.c.h; path = Jump.h; sourceTree = "<group>"; };
		9565312D1B2A9A870092C339 /* SpriteAnimation.cpp */ = {isa = PBXFileReference; fileEncoding = 4; lastKnownFileType = sourcecode.cpp.cpp; path = SpriteAnimation.cpp; sourceTree = "<group>"; };
		9565312E1B2A9A870092C339 /* SpriteAnimation.h */ = {isa = PBXFileReference; fileEncoding = 4; lastKnownFileType = sourcecode.c.h; path = SpriteAnimation.h; sourceTree = "<group>"; };
		956531301B2A9A870092C339 /* ADX2Converter.cpp */ = {isa = PBXFileReference; fileEncoding = 4; lastKnownFileType = sourcecode.cpp.cpp; path = ADX2Converter.cpp; sourceTree = "<group>"; };
		956531311B2A9A870092C339 /* ADX2Converter.h */ = {isa = PBXFileReference; fileEncoding = 4; lastKnownFileType = sourcecode.c.h; path = ADX2Converter.h; sourceTree = "<group>"; };
		956531321B2A9A870092C339 /* ADX2CueSheet.cpp */ = {isa = PBXFileReference; fileEncoding = 4; lastKnownFileType = sourcecode.cpp.cpp; path = ADX2CueSheet.cpp; sourceTree = "<group>"; };
		956531331B2A9A870092C339 /* ADX2CueSheet.h */ = {isa = PBXFileReference; fileEncoding = 4; lastKnownFileType = sourcecode.c.h; path = ADX2CueSheet.h; sourceTree = "<group>"; };
		956531341B2A9A870092C339 /* ADX2LogoLayer.cpp */ = {isa = PBXFileReference; fileEncoding = 4; lastKnownFileType = sourcecode.cpp.cpp; path = ADX2LogoLayer.cpp; sourceTree = "<group>"; };
		956531351B2A9A870092C339 /* ADX2LogoLayer.h */ = {isa = PBXFileReference; fileEncoding = 4; lastKnownFileType = sourcecode.c.h; path = ADX2LogoLayer.h; sourceTree = "<group>"; };
		956531361B2A9A870092C339 /* ADX2Manager.cpp */ = {isa = PBXFileReference; fileEncoding = 4; lastKnownFileType = sourcecode.cpp.cpp; path = ADX2Manager.cpp; sourceTree = "<group>"; };
		956531371B2A9A870092C339 /* ADX2Manager.h */ = {isa = PBXFileReference; fileEncoding = 4; lastKnownFileType = sourcecode.c.h; path = ADX2Manager.h; sourceTree = "<group>"; };
		956531381B2A9A870092C339 /* ADX2Player.cpp */ = {isa = PBXFileReference; fileEncoding = 4; lastKnownFileType = sourcecode.cpp.cpp; path = ADX2Player.cpp; sourceTree = "<group>"; };
		956531391B2A9A870092C339 /* ADX2Player.h */ = {isa = PBXFileReference; fileEncoding = 4; lastKnownFileType = sourcecode.c.h; path = ADX2Player.h; sourceTree = "<group>"; };
		9565313B1B2A9A870092C339 /* Note_acf.h */ = {isa = PBXFileReference; fileEncoding = 4; lastKnownFileType = sourcecode.c.h; path = Note_acf.h; sourceTree = "<group>"; };
		9565313C1B2A9A870092C339 /* PianoSample.h */ = {isa = PBXFileReference; fileEncoding = 4; lastKnownFileType = sourcecode.c.h; path = PianoSample.h; sourceTree = "<group>"; };
		9565313E1B2A9A870092C339 /* Camera.cpp */ = {isa = PBXFileReference; fileEncoding = 4; lastKnownFileType = sourcecode.cpp.cpp; path = Camera.cpp; sourceTree = "<group>"; };
		9565313F1B2A9A870092C339 /* Camera.h */ = {isa = PBXFileReference; fileEncoding = 4; lastKnownFileType = sourcecode.c.h; path = Camera.h; sourceTree = "<group>"; };
		956531411B2A9A870092C339 /* ListenerAssistant.cpp */ = {isa = PBXFileReference; fileEncoding = 4; lastKnownFileType = sourcecode.cpp.cpp; path = ListenerAssistant.cpp; sourceTree = "<group>"; };
		956531421B2A9A870092C339 /* ListenerAssistant.h */ = {isa = PBXFileReference; fileEncoding = 4; lastKnownFileType = sourcecode.c.h; path = ListenerAssistant.h; sourceTree = "<group>"; };
		956531431B2A9A870092C339 /* SpriteCreator.cpp */ = {isa = PBXFileReference; fileEncoding = 4; lastKnownFileType = sourcecode.cpp.cpp; path = SpriteCreator.cpp; sourceTree = "<group>"; };
		956531441B2A9A870092C339 /* SpriteCreator.h */ = {isa = PBXFileReference; fileEncoding = 4; lastKnownFileType = sourcecode.c.h; path = SpriteCreator.h; sourceTree = "<group>"; };
		956531461B2A9A870092C339 /* Collider.cpp */ = {isa = PBXFileReference; fileEncoding = 4; lastKnownFileType = sourcecode.cpp.cpp; path = Collider.cpp; sourceTree = "<group>"; };
		956531471B2A9A870092C339 /* Collider.h */ = {isa = PBXFileReference; fileEncoding = 4; lastKnownFileType = sourcecode.c.h; path = Collider.h; sourceTree = "<group>"; };
		956531481B2A9A870092C339 /* DistanceCheck.cpp */ = {isa = PBXFileReference; fileEncoding = 4; lastKnownFileType = sourcecode.cpp.cpp; path = DistanceCheck.cpp; sourceTree = "<group>"; };
		956531491B2A9A870092C339 /* DistanceCheck.h */ = {isa = PBXFileReference; fileEncoding = 4; lastKnownFileType = sourcecode.c.h; path = DistanceCheck.h; sourceTree = "<group>"; };
		9565314A1B2A9A870092C339 /* PhysicsCollisionManager.cpp */ = {isa = PBXFileReference; fileEncoding = 4; lastKnownFileType = sourcecode.cpp.cpp; path = PhysicsCollisionManager.cpp; sourceTree = "<group>"; };
		9565314B1B2A9A870092C339 /* PhysicsCollisionManager.h */ = {isa = PBXFileReference; fileEncoding = 4; lastKnownFileType = sourcecode.c.h; path = PhysicsCollisionManager.h; sourceTree = "<group>"; };
		9565314C1B2A9A870092C339 /* PhysicsListener.cpp */ = {isa = PBXFileReference; fileEncoding = 4; lastKnownFileType = sourcecode.cpp.cpp; path = PhysicsListener.cpp; sourceTree = "<group>"; };
		9565314D1B2A9A870092C339 /* PhysicsListener.h */ = {isa = PBXFileReference; fileEncoding = 4; lastKnownFileType = sourcecode.c.h; path = PhysicsListener.h; sourceTree = "<group>"; };
		9565314F1B2A9A870092C339 /* Delegate.h */ = {isa = PBXFileReference; fileEncoding = 4; lastKnownFileType = sourcecode.c.h; path = Delegate.h; sourceTree = "<group>"; };
		956531511B2A9A870092C339 /* PlistReader.cpp */ = {isa = PBXFileReference; fileEncoding = 4; lastKnownFileType = sourcecode.cpp.cpp; path = PlistReader.cpp; sourceTree = "<group>"; };
		956531521B2A9A870092C339 /* PlistReader.h */ = {isa = PBXFileReference; fileEncoding = 4; lastKnownFileType = sourcecode.c.h; path = PlistReader.h; sourceTree = "<group>"; };
		956531541B2A9A870092C339 /* DeleteContainer.h */ = {isa = PBXFileReference; fileEncoding = 4; lastKnownFileType = sourcecode.c.h; path = DeleteContainer.h; sourceTree = "<group>"; };
		956531551B2A9A870092C339 /* DeleteContainerImpl.h */ = {isa = PBXFileReference; fileEncoding = 4; lastKnownFileType = sourcecode.c.h; path = DeleteContainerImpl.h; sourceTree = "<group>"; };
		956531561B2A9A870092C339 /* DeleteInstance.h */ = {isa = PBXFileReference; fileEncoding = 4; lastKnownFileType = sourcecode.c.h; path = DeleteInstance.h; sourceTree = "<group>"; };
		956531571B2A9A870092C339 /* ReleaseContainer.h */ = {isa = PBXFileReference; fileEncoding = 4; lastKnownFileType = sourcecode.c.h; path = ReleaseContainer.h; sourceTree = "<group>"; };
		956531581B2A9A870092C339 /* ReleaseContainerImpl.h */ = {isa = PBXFileReference; fileEncoding = 4; lastKnownFileType = sourcecode.c.h; path = ReleaseContainerImpl.h; sourceTree = "<group>"; };
		956531591B2A9A870092C339 /* ReleaseInstance.h */ = {isa = PBXFileReference; fileEncoding = 4; lastKnownFileType = sourcecode.c.h; path = ReleaseInstance.h; sourceTree = "<group>"; };
		9565315B1B2A9A870092C339 /* IScene.cpp */ = {isa = PBXFileReference; fileEncoding = 4; lastKnownFileType = sourcecode.cpp.cpp; path = IScene.cpp; sourceTree = "<group>"; };
		9565315C1B2A9A870092C339 /* IScene.h */ = {isa = PBXFileReference; fileEncoding = 4; lastKnownFileType = sourcecode.c.h; path = IScene.h; sourceTree = "<group>"; };
		9565315D1B2A9A870092C339 /* SceneCreator.cpp */ = {isa = PBXFileReference; fileEncoding = 4; lastKnownFileType = sourcecode.cpp.cpp; path = SceneCreator.cpp; sourceTree = "<group>"; };
		9565315E1B2A9A870092C339 /* SceneCreator.h */ = {isa = PBXFileReference; fileEncoding = 4; lastKnownFileType = sourcecode.c.h; path = SceneCreator.h; sourceTree = "<group>"; };
		956531601B2A9A870092C339 /* CloneFactory.h */ = {isa = PBXFileReference; fileEncoding = 4; lastKnownFileType = sourcecode.c.h; path = CloneFactory.h; sourceTree = "<group>"; };
		956531611B2A9A870092C339 /* CloneFactoryImpl.h */ = {isa = PBXFileReference; fileEncoding = 4; lastKnownFileType = sourcecode.c.h; path = CloneFactoryImpl.h; sourceTree = "<group>"; };
		956531621B2A9A870092C339 /* Singleton.h */ = {isa = PBXFileReference; fileEncoding = 4; lastKnownFileType = sourcecode.c.h; path = Singleton.h; sourceTree = "<group>"; };
		956531641B2A9A870092C339 /* Timer.cpp */ = {isa = PBXFileReference; fileEncoding = 4; lastKnownFileType = sourcecode.cpp.cpp; path = Timer.cpp; sourceTree = "<group>"; };
		956531651B2A9A870092C339 /* Timer.h */ = {isa = PBXFileReference; fileEncoding = 4; lastKnownFileType = sourcecode.c.h; path = Timer.h; sourceTree = "<group>"; };
		BF170DB012928DE900B8313A /* OpenGLES.framework */ = {isa = PBXFileReference; lastKnownFileType = wrapper.framework; name = OpenGLES.framework; path = System/Library/Frameworks/OpenGLES.framework; sourceTree = SDKROOT; };
		BF170DB412928DE900B8313A /* libz.dylib */ = {isa = PBXFileReference; lastKnownFileType = "compiled.mach-o.dylib"; name = libz.dylib; path = usr/lib/libz.dylib; sourceTree = SDKROOT; };
		BF1C47EA1293683800B63C5D /* QuartzCore.framework */ = {isa = PBXFileReference; lastKnownFileType = wrapper.framework; name = QuartzCore.framework; path = System/Library/Frameworks/QuartzCore.framework; sourceTree = SDKROOT; };
		D44C620B132DFF330009C878 /* OpenAL.framework */ = {isa = PBXFileReference; lastKnownFileType = wrapper.framework; name = OpenAL.framework; path = System/Library/Frameworks/OpenAL.framework; sourceTree = SDKROOT; };
		D44C620D132DFF430009C878 /* AVFoundation.framework */ = {isa = PBXFileReference; lastKnownFileType = wrapper.framework; name = AVFoundation.framework; path = System/Library/Frameworks/AVFoundation.framework; sourceTree = SDKROOT; };
		D44C620F132DFF4E0009C878 /* AudioToolbox.framework */ = {isa = PBXFileReference; lastKnownFileType = wrapper.framework; name = AudioToolbox.framework; path = System/Library/Frameworks/AudioToolbox.framework; sourceTree = SDKROOT; };
		D6B0611A1803AB670077942B /* CoreMotion.framework */ = {isa = PBXFileReference; lastKnownFileType = wrapper.framework; name = CoreMotion.framework; path = Platforms/iPhoneOS.platform/Developer/SDKs/iPhoneOS7.0.sdk/System/Library/Frameworks/CoreMotion.framework; sourceTree = DEVELOPER_DIR; };
/* End PBXFileReference section */

/* Begin PBXFrameworksBuildPhase section */
		1D60588F0D05DD3D006BFB54 /* Frameworks */ = {
			isa = PBXFrameworksBuildPhase;
			buildActionMask = 2147483647;
			files = (
				5A93F9251ABB25F0001E05E1 /* libcri_ware_ios_LE.a in Frameworks */,
				1AC6FB2E180E99EB004C840B /* libbox2d iOS.a in Frameworks */,
				1AC6FB2F180E99EB004C840B /* libchipmunk iOS.a in Frameworks */,
				1AC6FB30180E99EB004C840B /* libcocos2dx iOS.a in Frameworks */,
				1AC6FB31180E99EB004C840B /* libcocos2dx-extensions iOS.a in Frameworks */,
				1AC6FB32180E99EB004C840B /* libCocosDenshion iOS.a in Frameworks */,
				D6B0611B1803AB670077942B /* CoreMotion.framework in Frameworks */,
				1D60589F0D05DD5A006BFB54 /* Foundation.framework in Frameworks */,
				1DF5F4E00D08C38300B7A737 /* UIKit.framework in Frameworks */,
				288765A50DF7441C002DB57D /* CoreGraphics.framework in Frameworks */,
				BF171245129291EC00B8313A /* OpenGLES.framework in Frameworks */,
				BF1712471292920000B8313A /* libz.dylib in Frameworks */,
				BF1C47F01293687400B63C5D /* QuartzCore.framework in Frameworks */,
				D44C620C132DFF330009C878 /* OpenAL.framework in Frameworks */,
				D44C620E132DFF430009C878 /* AVFoundation.framework in Frameworks */,
				D44C6210132DFF4E0009C878 /* AudioToolbox.framework in Frameworks */,
			);
			runOnlyForDeploymentPostprocessing = 0;
		};
		5087E75C17EB910900C73F5D /* Frameworks */ = {
			isa = PBXFrameworksBuildPhase;
			buildActionMask = 2147483647;
			files = (
				1AC6FB1F180E996B004C840B /* libbox2d Mac.a in Frameworks */,
				1AC6FB20180E996B004C840B /* libchipmunk Mac.a in Frameworks */,
				1AC6FB21180E996B004C840B /* libcocos2dx Mac.a in Frameworks */,
				1AC6FB22180E996B004C840B /* libcocos2dx-extensions Mac.a in Frameworks */,
				1AC6FB23180E996B004C840B /* libCocosDenshion Mac.a in Frameworks */,
				503AE11217EB99EE00D1A890 /* libcurl.dylib in Frameworks */,
				5087E76717EB910900C73F5D /* libz.dylib in Frameworks */,
				503AE11B17EB9C5A00D1A890 /* IOKit.framework in Frameworks */,
				5087E78B17EB975400C73F5D /* OpenGL.framework in Frameworks */,
				5087E78917EB974C00C73F5D /* AppKit.framework in Frameworks */,
				5087E76317EB910900C73F5D /* Foundation.framework in Frameworks */,
				5087E76517EB910900C73F5D /* CoreGraphics.framework in Frameworks */,
				5087E76817EB910900C73F5D /* QuartzCore.framework in Frameworks */,
				5087E76917EB910900C73F5D /* OpenAL.framework in Frameworks */,
				5087E76A17EB910900C73F5D /* AVFoundation.framework in Frameworks */,
				5087E76B17EB910900C73F5D /* AudioToolbox.framework in Frameworks */,
			);
			runOnlyForDeploymentPostprocessing = 0;
		};
/* End PBXFrameworksBuildPhase section */

/* Begin PBXGroup section */
		080E96DDFE201D6D7F000001 /* ios */ = {
			isa = PBXGroup;
			children = (
				5087E77117EB970100C73F5D /* Icons */,
				503AE0FA17EB989F00D1A890 /* AppController.h */,
				503AE0FB17EB989F00D1A890 /* AppController.mm */,
				503AE0FC17EB989F00D1A890 /* main.m */,
				503AE0FD17EB989F00D1A890 /* Prefix.pch */,
				503AE0FE17EB989F00D1A890 /* RootViewController.h */,
				503AE0FF17EB989F00D1A890 /* RootViewController.mm */,
			);
			name = ios;
			path = Classes;
			sourceTree = "<group>";
		};
		15AA9C4015B7EC450033D6C2 /* Classes */ = {
			isa = PBXGroup;
			children = (
				956530D01B2A9A860092C339 /* AppDelegate.cpp */,
				956530D11B2A9A860092C339 /* AppDelegate.h */,
				956530D21B2A9A860092C339 /* Game */,
				956531251B2A9A870092C339 /* Utility */,
			);
			name = Classes;
			path = ../classes;
			sourceTree = "<group>";
		};
		19C28FACFE9D520D11CA2CBB /* Products */ = {
			isa = PBXGroup;
			children = (
				1D6058910D05DD3D006BFB54 /* Note iOS.app */,
				5087E76F17EB910900C73F5D /* Note Mac.app */,
			);
			name = Products;
			sourceTree = "<group>";
		};
		1AC6FAE6180E9839004C840B /* Products */ = {
			isa = PBXGroup;
			children = (
				1AC6FAF9180E9839004C840B /* libcocos2dx Mac.a */,
				1AC6FAFB180E9839004C840B /* libcocos2dx-extensions Mac.a */,
				1AC6FAFD180E9839004C840B /* libchipmunk Mac.a */,
				1AC6FAFF180E9839004C840B /* libbox2d Mac.a */,
				1AC6FB01180E9839004C840B /* libCocosDenshion Mac.a */,
				1AC6FB07180E9839004C840B /* libcocos2dx iOS.a */,
				1AC6FB09180E9839004C840B /* libcocos2dx-extensions iOS.a */,
				1AC6FB0B180E9839004C840B /* libchipmunk iOS.a */,
				1AC6FB0D180E9839004C840B /* libbox2d iOS.a */,
				1AC6FB0F180E9839004C840B /* libCocosDenshion iOS.a */,
			);
			name = Products;
			sourceTree = "<group>";
		};
		29B97314FDCFA39411CA2CEA /* CustomTemplate */ = {
			isa = PBXGroup;
			children = (
				1AC6FAE5180E9839004C840B /* cocos2d_libs.xcodeproj */,
				15AA9C4015B7EC450033D6C2 /* Classes */,
				29B97323FDCFA39411CA2CEA /* Frameworks */,
				080E96DDFE201D6D7F000001 /* ios */,
				503AE10617EB990700D1A890 /* mac */,
				19C28FACFE9D520D11CA2CBB /* Products */,
				78C7DDAA14EBA5050085D0C2 /* Resources */,
			);
			name = CustomTemplate;
			sourceTree = "<group>";
		};
		29B97323FDCFA39411CA2CEA /* Frameworks */ = {
			isa = PBXGroup;
			children = (
				5A93F9241ABB25F0001E05E1 /* libcri_ware_ios_LE.a */,
				D6B0611A1803AB670077942B /* CoreMotion.framework */,
				503AE11A17EB9C5A00D1A890 /* IOKit.framework */,
				503AE11117EB99EE00D1A890 /* libcurl.dylib */,
				5087E78A17EB975400C73F5D /* OpenGL.framework */,
				5087E78817EB974C00C73F5D /* AppKit.framework */,
				1ACB3243164770DE00914215 /* libcurl.a */,
				BF170DB412928DE900B8313A /* libz.dylib */,
				D44C620F132DFF4E0009C878 /* AudioToolbox.framework */,
				D44C620D132DFF430009C878 /* AVFoundation.framework */,
				288765A40DF7441C002DB57D /* CoreGraphics.framework */,
				1D30AB110D05D00D00671497 /* Foundation.framework */,
				D44C620B132DFF330009C878 /* OpenAL.framework */,
				BF170DB012928DE900B8313A /* OpenGLES.framework */,
				BF1C47EA1293683800B63C5D /* QuartzCore.framework */,
				1DF5F4DF0D08C38300B7A737 /* UIKit.framework */,
			);
			name = Frameworks;
			sourceTree = "<group>";
		};
		503AE0F517EB97AB00D1A890 /* Icons */ = {
			isa = PBXGroup;
			children = (
				503AE0F617EB97AB00D1A890 /* Icon.icns */,
				503AE0F717EB97AB00D1A890 /* Info.plist */,
			);
			name = Icons;
			path = mac;
			sourceTree = SOURCE_ROOT;
		};
		503AE10617EB990700D1A890 /* mac */ = {
			isa = PBXGroup;
			children = (
				503AE0F517EB97AB00D1A890 /* Icons */,
				503AE10317EB98FF00D1A890 /* main.cpp */,
				503AE10417EB98FF00D1A890 /* Prefix.pch */,
			);
			name = mac;
			sourceTree = "<group>";
		};
		5087E77117EB970100C73F5D /* Icons */ = {
			isa = PBXGroup;
			children = (
				5087E77217EB970100C73F5D /* Default-568h@2x.png */,
				5087E77317EB970100C73F5D /* Default.png */,
				5087E77417EB970100C73F5D /* Default@2x.png */,
				50EF62A017ECD613001EB2F8 /* Icon-29.png */,
				50EF62A117ECD613001EB2F8 /* Icon-50.png */,
				50EF629217ECD46A001EB2F8 /* Icon-40.png */,
				50EF629317ECD46A001EB2F8 /* Icon-58.png */,
				50EF629417ECD46A001EB2F8 /* Icon-80.png */,
				50EF629517ECD46A001EB2F8 /* Icon-100.png */,
				5087E77517EB970100C73F5D /* Icon-114.png */,
				5087E77617EB970100C73F5D /* Icon-120.png */,
				5087E77717EB970100C73F5D /* Icon-144.png */,
				5087E77817EB970100C73F5D /* Icon-152.png */,
				5087E77917EB970100C73F5D /* Icon-57.png */,
				5087E77A17EB970100C73F5D /* Icon-72.png */,
				5087E77B17EB970100C73F5D /* Icon-76.png */,
				5087E77C17EB970100C73F5D /* Info.plist */,
			);
			name = Icons;
			path = ios;
			sourceTree = SOURCE_ROOT;
		};
		78C7DDAA14EBA5050085D0C2 /* Resources */ = {
			isa = PBXGroup;
			children = (
				5A6FC1271ABB300400C1769C /* Font */,
				5A8C2CB81AEE8BA20019574E /* Plist */,
				5A6FC1281ABB300400C1769C /* Sound */,
				5A6FC1291ABB300400C1769C /* Texture */,
			);
			name = Resources;
			path = ../Resources;
			sourceTree = "<group>";
		};
		956530D21B2A9A860092C339 /* Game */ = {
			isa = PBXGroup;
			children = (
				956530D31B2A9A860092C339 /* Object */,
				9565310C1B2A9A870092C339 /* Scene */,
			);
			name = Game;
			path = ../Classes/Game;
			sourceTree = "<group>";
		};
		956530D31B2A9A860092C339 /* Object */ = {
			isa = PBXGroup;
			children = (
				956530D41B2A9A860092C339 /* Character */,
				956530DC1B2A9A870092C339 /* Manager */,
				956530E51B2A9A870092C339 /* StageObject */,
				956531021B2A9A870092C339 /* Test */,
				956531051B2A9A870092C339 /* UIObject */,
			);
			path = Object;
			sourceTree = "<group>";
		};
		956530D41B2A9A860092C339 /* Character */ = {
			isa = PBXGroup;
			children = (
				956530D51B2A9A860092C339 /* Enemy */,
				956530D81B2A9A870092C339 /* Player */,
			);
			path = Character;
			sourceTree = "<group>";
		};
		956530D51B2A9A860092C339 /* Enemy */ = {
			isa = PBXGroup;
			children = (
				956530D61B2A9A860092C339 /* RestEnemy.cpp */,
				956530D71B2A9A860092C339 /* RestEnemy.h */,
			);
			path = Enemy;
			sourceTree = "<group>";
		};
		956530D81B2A9A870092C339 /* Player */ = {
			isa = PBXGroup;
			children = (
				956530D91B2A9A870092C339 /* DeadAnimation.h */,
				956530DA1B2A9A870092C339 /* Player.cpp */,
				956530DB1B2A9A870092C339 /* Player.h */,
			);
			path = Player;
			sourceTree = "<group>";
		};
		956530DC1B2A9A870092C339 /* Manager */ = {
			isa = PBXGroup;
			children = (
				956530DD1B2A9A870092C339 /* EnemyManager.cpp */,
				956530DE1B2A9A870092C339 /* EnemyManager.h */,
				956530DF1B2A9A870092C339 /* NoteManager.cpp */,
				956530E01B2A9A870092C339 /* NoteManager.h */,
				956530E11B2A9A870092C339 /* ObjectManager.cpp */,
				956530E21B2A9A870092C339 /* ObjectManager.h */,
				956530E31B2A9A870092C339 /* PlayerManager.cpp */,
				956530E41B2A9A870092C339 /* PlayerManager.h */,
			);
			path = Manager;
			sourceTree = "<group>";
		};
		956530E51B2A9A870092C339 /* StageObject */ = {
			isa = PBXGroup;
			children = (
				956530E61B2A9A870092C339 /* Bar */,
				956530E91B2A9A870092C339 /* Block */,
				956530F41B2A9A870092C339 /* Goal */,
				956530F71B2A9A870092C339 /* Note */,
				956530FD1B2A9A870092C339 /* ObjectType.h */,
				956530FE1B2A9A870092C339 /* Rest */,
				956531011B2A9A870092C339 /* StageObj.h */,
			);
			path = StageObject;
			sourceTree = "<group>";
		};
		956530E61B2A9A870092C339 /* Bar */ = {
			isa = PBXGroup;
			children = (
				956530E71B2A9A870092C339 /* Bar.cpp */,
				956530E81B2A9A870092C339 /* Bar.h */,
			);
			path = Bar;
			sourceTree = "<group>";
		};
		956530E91B2A9A870092C339 /* Block */ = {
			isa = PBXGroup;
			children = (
				956530EA1B2A9A870092C339 /* Block.cpp */,
				956530EB1B2A9A870092C339 /* Block.h */,
				956530EC1B2A9A870092C339 /* BlockData.h */,
				956530ED1B2A9A870092C339 /* BlockDataReader.cpp */,
				956530EE1B2A9A870092C339 /* BlockDataReader.h */,
				956530EF1B2A9A870092C339 /* BlockLineTest.cpp */,
				956530F01B2A9A870092C339 /* BlockLineTest.h */,
				956530F11B2A9A870092C339 /* BlockManager.cpp */,
				956530F21B2A9A870092C339 /* BlockManager.h */,
				956530F31B2A9A870092C339 /* ObjectType.h */,
			);
			path = Block;
			sourceTree = "<group>";
		};
		956530F41B2A9A870092C339 /* Goal */ = {
			isa = PBXGroup;
			children = (
				956530F51B2A9A870092C339 /* Goal.cpp */,
				956530F61B2A9A870092C339 /* Goal.h */,
			);
			path = Goal;
			sourceTree = "<group>";
		};
		956530F71B2A9A870092C339 /* Note */ = {
			isa = PBXGroup;
			children = (
				956530F81B2A9A870092C339 /* Note.cpp */,
				956530F91B2A9A870092C339 /* Note.h */,
				956530FA1B2A9A870092C339 /* NoteLine.cpp */,
				956530FB1B2A9A870092C339 /* NoteLine.h */,
				956530FC1B2A9A870092C339 /* NoteValue.h */,
			);
			path = Note;
			sourceTree = "<group>";
		};
		956530FE1B2A9A870092C339 /* Rest */ = {
			isa = PBXGroup;
			children = (
				956530FF1B2A9A870092C339 /* Rest.cpp */,
				956531001B2A9A870092C339 /* Rest.h */,
			);
			path = Rest;
			sourceTree = "<group>";
		};
		956531021B2A9A870092C339 /* Test */ = {
			isa = PBXGroup;
			children = (
				956531031B2A9A870092C339 /* TestObject.cpp */,
				956531041B2A9A870092C339 /* TestObject.h */,
			);
			path = Test;
			sourceTree = "<group>";
		};
		956531051B2A9A870092C339 /* UIObject */ = {
			isa = PBXGroup;
			children = (
				956531061B2A9A870092C339 /* BackGround.cpp */,
				956531071B2A9A870092C339 /* BackGround.h */,
				956531081B2A9A870092C339 /* SlideBar.cpp */,
				956531091B2A9A870092C339 /* SlideBar.h */,
				9565310A1B2A9A870092C339 /* UiObjectLayer.cpp */,
				9565310B1B2A9A870092C339 /* UiObjectLayer.h */,
			);
			path = UIObject;
			sourceTree = "<group>";
		};
		9565310C1B2A9A870092C339 /* Scene */ = {
			isa = PBXGroup;
			children = (
				9565310D1B2A9A870092C339 /* GameEnd */,
				956531121B2A9A870092C339 /* GameMain */,
				956531171B2A9A870092C339 /* Test */,
				956531201B2A9A870092C339 /* Title */,
			);
			path = Scene;
			sourceTree = "<group>";
		};
		9565310D1B2A9A870092C339 /* GameEnd */ = {
			isa = PBXGroup;
			children = (
				9565310E1B2A9A870092C339 /* EndingScene.cpp */,
				9565310F1B2A9A870092C339 /* EndingScene.h */,
				956531101B2A9A870092C339 /* EndingState.cpp */,
				956531111B2A9A870092C339 /* EndingState.h */,
			);
			path = GameEnd;
			sourceTree = "<group>";
		};
		956531121B2A9A870092C339 /* GameMain */ = {
			isa = PBXGroup;
			children = (
				956531131B2A9A870092C339 /* GameMainScene.cpp */,
				956531141B2A9A870092C339 /* GameMainScene.h */,
				956531151B2A9A870092C339 /* GameMainState.cpp */,
				956531161B2A9A870092C339 /* GameMainState.h */,
			);
			path = GameMain;
			sourceTree = "<group>";
		};
		956531171B2A9A870092C339 /* Test */ = {
			isa = PBXGroup;
			children = (
				956531181B2A9A870092C339 /* GameTitleScene.cpp */,
				956531191B2A9A870092C339 /* GameTitleScene.h */,
				9565311A1B2A9A870092C339 /* GameTitleScreen.cpp */,
				9565311B1B2A9A870092C339 /* GameTitleScreen.h */,
				9565311C1B2A9A870092C339 /* HigeLayer.cpp */,
				9565311D1B2A9A870092C339 /* HigeLayer.h */,
				9565311E1B2A9A870092C339 /* TestLayer.cpp */,
				9565311F1B2A9A870092C339 /* TestLayer.h */,
			);
			path = Test;
			sourceTree = "<group>";
		};
		956531201B2A9A870092C339 /* Title */ = {
			isa = PBXGroup;
			children = (
				956531211B2A9A870092C339 /* TitleScene.cpp */,
				956531221B2A9A870092C339 /* TitleScene.h */,
				956531231B2A9A870092C339 /* TitleState.cpp */,
				956531241B2A9A870092C339 /* TitleState.h */,
			);
			path = Title;
			sourceTree = "<group>";
		};
		956531251B2A9A870092C339 /* Utility */ = {
			isa = PBXGroup;
			children = (
				956531261B2A9A870092C339 /* Action */,
				9565312C1B2A9A870092C339 /* Animation */,
				9565312F1B2A9A870092C339 /* Audio */,
				9565313D1B2A9A870092C339 /* Camera */,
				956531401B2A9A870092C339 /* CocosAssistant */,
				956531451B2A9A870092C339 /* Collision */,
				9565314E1B2A9A870092C339 /* Delegate */,
				956531501B2A9A870092C339 /* FileIO */,
				956531531B2A9A870092C339 /* Release */,
				9565315A1B2A9A870092C339 /* SceneSupport */,
				9565315F1B2A9A870092C339 /* Template */,
				956531631B2A9A870092C339 /* Timer */,
			);
			name = Utility;
			path = ../Classes/Utility;
			sourceTree = "<group>";
		};
		956531261B2A9A870092C339 /* Action */ = {
			isa = PBXGroup;
			children = (
				956531271B2A9A870092C339 /* Follow */,
				9565312A1B2A9A870092C339 /* Jump.cpp */,
				9565312B1B2A9A870092C339 /* Jump.h */,
			);
			path = Action;
			sourceTree = "<group>";
		};
		956531271B2A9A870092C339 /* Follow */ = {
			isa = PBXGroup;
			children = (
				956531281B2A9A870092C339 /* CustomFollow.cpp */,
				956531291B2A9A870092C339 /* CustomFollow.h */,
			);
			path = Follow;
			sourceTree = "<group>";
		};
		9565312C1B2A9A870092C339 /* Animation */ = {
			isa = PBXGroup;
			children = (
				9565312D1B2A9A870092C339 /* SpriteAnimation.cpp */,
				9565312E1B2A9A870092C339 /* SpriteAnimation.h */,
			);
			path = Animation;
			sourceTree = "<group>";
		};
		9565312F1B2A9A870092C339 /* Audio */ = {
			isa = PBXGroup;
			children = (
				956531301B2A9A870092C339 /* ADX2Converter.cpp */,
				956531311B2A9A870092C339 /* ADX2Converter.h */,
				956531321B2A9A870092C339 /* ADX2CueSheet.cpp */,
				956531331B2A9A870092C339 /* ADX2CueSheet.h */,
				956531341B2A9A870092C339 /* ADX2LogoLayer.cpp */,
				956531351B2A9A870092C339 /* ADX2LogoLayer.h */,
				956531361B2A9A870092C339 /* ADX2Manager.cpp */,
				956531371B2A9A870092C339 /* ADX2Manager.h */,
				956531381B2A9A870092C339 /* ADX2Player.cpp */,
				956531391B2A9A870092C339 /* ADX2Player.h */,
				9565313A1B2A9A870092C339 /* Define */,
			);
			path = Audio;
			sourceTree = "<group>";
		};
		9565313A1B2A9A870092C339 /* Define */ = {
			isa = PBXGroup;
			children = (
				9565313B1B2A9A870092C339 /* Note_acf.h */,
				9565313C1B2A9A870092C339 /* PianoSample.h */,
			);
			path = Define;
			sourceTree = "<group>";
		};
		9565313D1B2A9A870092C339 /* Camera */ = {
			isa = PBXGroup;
			children = (
				9565313E1B2A9A870092C339 /* Camera.cpp */,
				9565313F1B2A9A870092C339 /* Camera.h */,
			);
			path = Camera;
			sourceTree = "<group>";
		};
		956531401B2A9A870092C339 /* CocosAssistant */ = {
			isa = PBXGroup;
			children = (
				956531411B2A9A870092C339 /* ListenerAssistant.cpp */,
				956531421B2A9A870092C339 /* ListenerAssistant.h */,
				956531431B2A9A870092C339 /* SpriteCreator.cpp */,
				956531441B2A9A870092C339 /* SpriteCreator.h */,
			);
			path = CocosAssistant;
			sourceTree = "<group>";
		};
		956531451B2A9A870092C339 /* Collision */ = {
			isa = PBXGroup;
			children = (
				956531461B2A9A870092C339 /* Collider.cpp */,
				956531471B2A9A870092C339 /* Collider.h */,
				956531481B2A9A870092C339 /* DistanceCheck.cpp */,
				956531491B2A9A870092C339 /* DistanceCheck.h */,
				9565314A1B2A9A870092C339 /* PhysicsCollisionManager.cpp */,
				9565314B1B2A9A870092C339 /* PhysicsCollisionManager.h */,
				9565314C1B2A9A870092C339 /* PhysicsListener.cpp */,
				9565314D1B2A9A870092C339 /* PhysicsListener.h */,
			);
			path = Collision;
			sourceTree = "<group>";
		};
		9565314E1B2A9A870092C339 /* Delegate */ = {
			isa = PBXGroup;
			children = (
				9565314F1B2A9A870092C339 /* Delegate.h */,
			);
			path = Delegate;
			sourceTree = "<group>";
		};
		956531501B2A9A870092C339 /* FileIO */ = {
			isa = PBXGroup;
			children = (
				956531511B2A9A870092C339 /* PlistReader.cpp */,
				956531521B2A9A870092C339 /* PlistReader.h */,
			);
			path = FileIO;
			sourceTree = "<group>";
		};
		956531531B2A9A870092C339 /* Release */ = {
			isa = PBXGroup;
			children = (
				956531541B2A9A870092C339 /* DeleteContainer.h */,
				956531551B2A9A870092C339 /* DeleteContainerImpl.h */,
				956531561B2A9A870092C339 /* DeleteInstance.h */,
				956531571B2A9A870092C339 /* ReleaseContainer.h */,
				956531581B2A9A870092C339 /* ReleaseContainerImpl.h */,
				956531591B2A9A870092C339 /* ReleaseInstance.h */,
			);
			path = Release;
			sourceTree = "<group>";
		};
		9565315A1B2A9A870092C339 /* SceneSupport */ = {
			isa = PBXGroup;
			children = (
				9565315B1B2A9A870092C339 /* IScene.cpp */,
				9565315C1B2A9A870092C339 /* IScene.h */,
				9565315D1B2A9A870092C339 /* SceneCreator.cpp */,
				9565315E1B2A9A870092C339 /* SceneCreator.h */,
			);
			path = SceneSupport;
			sourceTree = "<group>";
		};
		9565315F1B2A9A870092C339 /* Template */ = {
			isa = PBXGroup;
			children = (
				956531601B2A9A870092C339 /* CloneFactory.h */,
				956531611B2A9A870092C339 /* CloneFactoryImpl.h */,
				956531621B2A9A870092C339 /* Singleton.h */,
			);
			path = Template;
			sourceTree = "<group>";
		};
		956531631B2A9A870092C339 /* Timer */ = {
			isa = PBXGroup;
			children = (
				956531641B2A9A870092C339 /* Timer.cpp */,
				956531651B2A9A870092C339 /* Timer.h */,
			);
			path = Timer;
			sourceTree = "<group>";
		};
/* End PBXGroup section */

/* Begin PBXNativeTarget section */
		1D6058900D05DD3D006BFB54 /* Note iOS */ = {
			isa = PBXNativeTarget;
			buildConfigurationList = 1D6058960D05DD3E006BFB54 /* Build configuration list for PBXNativeTarget "Note iOS" */;
			buildPhases = (
				1D60588D0D05DD3D006BFB54 /* Resources */,
				1D60588E0D05DD3D006BFB54 /* Sources */,
				1D60588F0D05DD3D006BFB54 /* Frameworks */,
			);
			buildRules = (
			);
			dependencies = (
				1AC6FB25180E99E1004C840B /* PBXTargetDependency */,
				1AC6FB27180E99E1004C840B /* PBXTargetDependency */,
				1AC6FB29180E99E1004C840B /* PBXTargetDependency */,
				1AC6FB2B180E99E1004C840B /* PBXTargetDependency */,
				1AC6FB2D180E99E1004C840B /* PBXTargetDependency */,
			);
			name = "Note iOS";
			productName = iphone;
			productReference = 1D6058910D05DD3D006BFB54 /* Note iOS.app */;
			productType = "com.apple.product-type.application";
		};
		5087E73D17EB910900C73F5D /* Note Mac */ = {
			isa = PBXNativeTarget;
			buildConfigurationList = 5087E76C17EB910900C73F5D /* Build configuration list for PBXNativeTarget "Note Mac" */;
			buildPhases = (
				5087E74817EB910900C73F5D /* Resources */,
				5087E75617EB910900C73F5D /* Sources */,
				5087E75C17EB910900C73F5D /* Frameworks */,
			);
			buildRules = (
			);
			dependencies = (
				1AC6FB1E180E9963004C840B /* PBXTargetDependency */,
				1AC6FB16180E9959004C840B /* PBXTargetDependency */,
				1AC6FB18180E9959004C840B /* PBXTargetDependency */,
				1AC6FB1A180E9959004C840B /* PBXTargetDependency */,
				1AC6FB1C180E9959004C840B /* PBXTargetDependency */,
			);
			name = "Note Mac";
			productName = iphone;
			productReference = 5087E76F17EB910900C73F5D /* Note Mac.app */;
			productType = "com.apple.product-type.application";
		};
/* End PBXNativeTarget section */

/* Begin PBXProject section */
		29B97313FDCFA39411CA2CEA /* Project object */ = {
			isa = PBXProject;
			attributes = {
				LastUpgradeCheck = 0620;
				TargetAttributes = {
					1D6058900D05DD3D006BFB54 = {
						DevelopmentTeam = MDDB52YB8L;
					};
				};
			};
			buildConfigurationList = C01FCF4E08A954540054247B /* Build configuration list for PBXProject "Note" */;
			compatibilityVersion = "Xcode 3.2";
			developmentRegion = English;
			hasScannedForEncodings = 1;
			knownRegions = (
				English,
				Japanese,
				French,
				German,
			);
			mainGroup = 29B97314FDCFA39411CA2CEA /* CustomTemplate */;
			projectDirPath = "";
			projectReferences = (
				{
					ProductGroup = 1AC6FAE6180E9839004C840B /* Products */;
					ProjectRef = 1AC6FAE5180E9839004C840B /* cocos2d_libs.xcodeproj */;
				},
			);
			projectRoot = "";
			targets = (
				1D6058900D05DD3D006BFB54 /* Note iOS */,
				5087E73D17EB910900C73F5D /* Note Mac */,
			);
		};
/* End PBXProject section */

/* Begin PBXReferenceProxy section */
		1AC6FAF9180E9839004C840B /* libcocos2dx Mac.a */ = {
			isa = PBXReferenceProxy;
			fileType = archive.ar;
			path = "libcocos2dx Mac.a";
			remoteRef = 1AC6FAF8180E9839004C840B /* PBXContainerItemProxy */;
			sourceTree = BUILT_PRODUCTS_DIR;
		};
		1AC6FAFB180E9839004C840B /* libcocos2dx-extensions Mac.a */ = {
			isa = PBXReferenceProxy;
			fileType = archive.ar;
			path = "libcocos2dx-extensions Mac.a";
			remoteRef = 1AC6FAFA180E9839004C840B /* PBXContainerItemProxy */;
			sourceTree = BUILT_PRODUCTS_DIR;
		};
		1AC6FAFD180E9839004C840B /* libchipmunk Mac.a */ = {
			isa = PBXReferenceProxy;
			fileType = archive.ar;
			path = "libchipmunk Mac.a";
			remoteRef = 1AC6FAFC180E9839004C840B /* PBXContainerItemProxy */;
			sourceTree = BUILT_PRODUCTS_DIR;
		};
		1AC6FAFF180E9839004C840B /* libbox2d Mac.a */ = {
			isa = PBXReferenceProxy;
			fileType = archive.ar;
			path = "libbox2d Mac.a";
			remoteRef = 1AC6FAFE180E9839004C840B /* PBXContainerItemProxy */;
			sourceTree = BUILT_PRODUCTS_DIR;
		};
		1AC6FB01180E9839004C840B /* libCocosDenshion Mac.a */ = {
			isa = PBXReferenceProxy;
			fileType = archive.ar;
			path = "libCocosDenshion Mac.a";
			remoteRef = 1AC6FB00180E9839004C840B /* PBXContainerItemProxy */;
			sourceTree = BUILT_PRODUCTS_DIR;
		};
		1AC6FB07180E9839004C840B /* libcocos2dx iOS.a */ = {
			isa = PBXReferenceProxy;
			fileType = archive.ar;
			path = "libcocos2dx iOS.a";
			remoteRef = 1AC6FB06180E9839004C840B /* PBXContainerItemProxy */;
			sourceTree = BUILT_PRODUCTS_DIR;
		};
		1AC6FB09180E9839004C840B /* libcocos2dx-extensions iOS.a */ = {
			isa = PBXReferenceProxy;
			fileType = archive.ar;
			path = "libcocos2dx-extensions iOS.a";
			remoteRef = 1AC6FB08180E9839004C840B /* PBXContainerItemProxy */;
			sourceTree = BUILT_PRODUCTS_DIR;
		};
		1AC6FB0B180E9839004C840B /* libchipmunk iOS.a */ = {
			isa = PBXReferenceProxy;
			fileType = archive.ar;
			path = "libchipmunk iOS.a";
			remoteRef = 1AC6FB0A180E9839004C840B /* PBXContainerItemProxy */;
			sourceTree = BUILT_PRODUCTS_DIR;
		};
		1AC6FB0D180E9839004C840B /* libbox2d iOS.a */ = {
			isa = PBXReferenceProxy;
			fileType = archive.ar;
			path = "libbox2d iOS.a";
			remoteRef = 1AC6FB0C180E9839004C840B /* PBXContainerItemProxy */;
			sourceTree = BUILT_PRODUCTS_DIR;
		};
		1AC6FB0F180E9839004C840B /* libCocosDenshion iOS.a */ = {
			isa = PBXReferenceProxy;
			fileType = archive.ar;
			path = "libCocosDenshion iOS.a";
			remoteRef = 1AC6FB0E180E9839004C840B /* PBXContainerItemProxy */;
			sourceTree = BUILT_PRODUCTS_DIR;
		};
/* End PBXReferenceProxy section */

/* Begin PBXResourcesBuildPhase section */
		1D60588D0D05DD3D006BFB54 /* Resources */ = {
			isa = PBXResourcesBuildPhase;
			buildActionMask = 2147483647;
			files = (
				5A6FC12A1ABB300400C1769C /* Font in Resources */,
				5087E78117EB970100C73F5D /* Icon-120.png in Resources */,
				5087E78617EB970100C73F5D /* Icon-76.png in Resources */,
				5087E77F17EB970100C73F5D /* Default@2x.png in Resources */,
				50EF629917ECD46A001EB2F8 /* Icon-100.png in Resources */,
				5A8C2CB91AEE8BA20019574E /* Plist in Resources */,
				5087E78317EB970100C73F5D /* Icon-152.png in Resources */,
				5A6FC12B1ABB300400C1769C /* Sound in Resources */,
				5087E77D17EB970100C73F5D /* Default-568h@2x.png in Resources */,
				5087E78517EB970100C73F5D /* Icon-72.png in Resources */,
				50EF62A317ECD613001EB2F8 /* Icon-50.png in Resources */,
				5087E78017EB970100C73F5D /* Icon-114.png in Resources */,
				50EF62A217ECD613001EB2F8 /* Icon-29.png in Resources */,
				5A6FC12C1ABB300400C1769C /* Texture in Resources */,
				50EF629617ECD46A001EB2F8 /* Icon-40.png in Resources */,
				5087E78217EB970100C73F5D /* Icon-144.png in Resources */,
				50EF629817ECD46A001EB2F8 /* Icon-80.png in Resources */,
				5087E78417EB970100C73F5D /* Icon-57.png in Resources */,
				5087E77E17EB970100C73F5D /* Default.png in Resources */,
				50EF629717ECD46A001EB2F8 /* Icon-58.png in Resources */,
			);
			runOnlyForDeploymentPostprocessing = 0;
		};
		5087E74817EB910900C73F5D /* Resources */ = {
			isa = PBXResourcesBuildPhase;
			buildActionMask = 2147483647;
			files = (
				503AE0F817EB97AB00D1A890 /* Icon.icns in Resources */,
			);
			runOnlyForDeploymentPostprocessing = 0;
		};
/* End PBXResourcesBuildPhase section */

/* Begin PBXSourcesBuildPhase section */
		1D60588E0D05DD3D006BFB54 /* Sources */ = {
			isa = PBXSourcesBuildPhase;
			buildActionMask = 2147483647;
			files = (
				956531671B2A9A870092C339 /* RestEnemy.cpp in Sources */,
				956531891B2A9A870092C339 /* ADX2LogoLayer.cpp in Sources */,
				9565316A1B2A9A870092C339 /* NoteManager.cpp in Sources */,
				956531871B2A9A870092C339 /* ADX2Converter.cpp in Sources */,
				956531951B2A9A870092C339 /* SceneCreator.cpp in Sources */,
				956531791B2A9A870092C339 /* UiObjectLayer.cpp in Sources */,
				9565316B1B2A9A870092C339 /* ObjectManager.cpp in Sources */,
				956531661B2A9A870092C339 /* AppDelegate.cpp in Sources */,
				956531681B2A9A870092C339 /* Player.cpp in Sources */,
				9565318B1B2A9A870092C339 /* ADX2Player.cpp in Sources */,
				9565317D1B2A9A870092C339 /* GameMainState.cpp in Sources */,
				503AE10017EB989F00D1A890 /* AppController.mm in Sources */,
				956531761B2A9A870092C339 /* TestObject.cpp in Sources */,
				503AE10217EB989F00D1A890 /* RootViewController.mm in Sources */,
				956531901B2A9A870092C339 /* DistanceCheck.cpp in Sources */,
				956531961B2A9A870092C339 /* Timer.cpp in Sources */,
				9565317C1B2A9A870092C339 /* GameMainScene.cpp in Sources */,
				956531861B2A9A870092C339 /* SpriteAnimation.cpp in Sources */,
				503AE10117EB989F00D1A890 /* main.m in Sources */,
				9565318C1B2A9A870092C339 /* Camera.cpp in Sources */,
				9565318E1B2A9A870092C339 /* SpriteCreator.cpp in Sources */,
				956531731B2A9A870092C339 /* Note.cpp in Sources */,
				956531941B2A9A870092C339 /* IScene.cpp in Sources */,
				9565317E1B2A9A870092C339 /* GameTitleScene.cpp in Sources */,
				956531911B2A9A870092C339 /* PhysicsCollisionManager.cpp in Sources */,
				9565316C1B2A9A870092C339 /* PlayerManager.cpp in Sources */,
				956531821B2A9A870092C339 /* TitleScene.cpp in Sources */,
				956531781B2A9A870092C339 /* SlideBar.cpp in Sources */,
				956531701B2A9A870092C339 /* BlockLineTest.cpp in Sources */,
				956531881B2A9A870092C339 /* ADX2CueSheet.cpp in Sources */,
				956531751B2A9A870092C339 /* Rest.cpp in Sources */,
				9565317F1B2A9A870092C339 /* GameTitleScreen.cpp in Sources */,
				9565316F1B2A9A870092C339 /* BlockDataReader.cpp in Sources */,
				9565316E1B2A9A870092C339 /* Block.cpp in Sources */,
				956531811B2A9A870092C339 /* TestLayer.cpp in Sources */,
				9565317B1B2A9A870092C339 /* EndingState.cpp in Sources */,
				956531931B2A9A870092C339 /* PlistReader.cpp in Sources */,
				956531741B2A9A870092C339 /* NoteLine.cpp in Sources */,
				956531721B2A9A870092C339 /* Goal.cpp in Sources */,
				956531801B2A9A870092C339 /* HigeLayer.cpp in Sources */,
				956531831B2A9A870092C339 /* TitleState.cpp in Sources */,
				9565317A1B2A9A870092C339 /* EndingScene.cpp in Sources */,
				956531851B2A9A870092C339 /* Jump.cpp in Sources */,
				9565318F1B2A9A870092C339 /* Collider.cpp in Sources */,
				9565318A1B2A9A870092C339 /* ADX2Manager.cpp in Sources */,
				9565318D1B2A9A870092C339 /* ListenerAssistant.cpp in Sources */,
				956531841B2A9A870092C339 /* CustomFollow.cpp in Sources */,
				9565316D1B2A9A870092C339 /* Bar.cpp in Sources */,
				956531711B2A9A870092C339 /* BlockManager.cpp in Sources */,
				956531921B2A9A870092C339 /* PhysicsListener.cpp in Sources */,
				956531771B2A9A870092C339 /* BackGround.cpp in Sources */,
				956531691B2A9A870092C339 /* EnemyManager.cpp in Sources */,
			);
			runOnlyForDeploymentPostprocessing = 0;
		};
		5087E75617EB910900C73F5D /* Sources */ = {
			isa = PBXSourcesBuildPhase;
			buildActionMask = 2147483647;
			files = (
				503AE10517EB98FF00D1A890 /* main.cpp in Sources */,
			);
			runOnlyForDeploymentPostprocessing = 0;
		};
/* End PBXSourcesBuildPhase section */

/* Begin PBXTargetDependency section */
		1AC6FB16180E9959004C840B /* PBXTargetDependency */ = {
			isa = PBXTargetDependency;
			name = "cocos2dx Mac";
			targetProxy = 1AC6FB15180E9959004C840B /* PBXContainerItemProxy */;
		};
		1AC6FB18180E9959004C840B /* PBXTargetDependency */ = {
			isa = PBXTargetDependency;
			name = "cocos2dx-extensions Mac";
			targetProxy = 1AC6FB17180E9959004C840B /* PBXContainerItemProxy */;
		};
		1AC6FB1A180E9959004C840B /* PBXTargetDependency */ = {
			isa = PBXTargetDependency;
			name = "chipmunk Mac";
			targetProxy = 1AC6FB19180E9959004C840B /* PBXContainerItemProxy */;
		};
		1AC6FB1C180E9959004C840B /* PBXTargetDependency */ = {
			isa = PBXTargetDependency;
			name = "CocosDenshion Mac";
			targetProxy = 1AC6FB1B180E9959004C840B /* PBXContainerItemProxy */;
		};
		1AC6FB1E180E9963004C840B /* PBXTargetDependency */ = {
			isa = PBXTargetDependency;
			name = "box2d Mac";
			targetProxy = 1AC6FB1D180E9963004C840B /* PBXContainerItemProxy */;
		};
		1AC6FB25180E99E1004C840B /* PBXTargetDependency */ = {
			isa = PBXTargetDependency;
			name = "cocos2dx iOS";
			targetProxy = 1AC6FB24180E99E1004C840B /* PBXContainerItemProxy */;
		};
		1AC6FB27180E99E1004C840B /* PBXTargetDependency */ = {
			isa = PBXTargetDependency;
			name = "cocos2dx-extensions iOS";
			targetProxy = 1AC6FB26180E99E1004C840B /* PBXContainerItemProxy */;
		};
		1AC6FB29180E99E1004C840B /* PBXTargetDependency */ = {
			isa = PBXTargetDependency;
			name = "chipmunk iOS";
			targetProxy = 1AC6FB28180E99E1004C840B /* PBXContainerItemProxy */;
		};
		1AC6FB2B180E99E1004C840B /* PBXTargetDependency */ = {
			isa = PBXTargetDependency;
			name = "box2d iOS";
			targetProxy = 1AC6FB2A180E99E1004C840B /* PBXContainerItemProxy */;
		};
		1AC6FB2D180E99E1004C840B /* PBXTargetDependency */ = {
			isa = PBXTargetDependency;
			name = "CocosDenshion iOS";
			targetProxy = 1AC6FB2C180E99E1004C840B /* PBXContainerItemProxy */;
		};
/* End PBXTargetDependency section */

/* Begin XCBuildConfiguration section */
		1D6058940D05DD3E006BFB54 /* Debug */ = {
			isa = XCBuildConfiguration;
			buildSettings = {
				ADDITIONAL_SDKS = "";
				ALWAYS_SEARCH_USER_PATHS = YES;
				CODE_SIGN_IDENTITY = "iPhone Developer";
				COMPRESS_PNG_FILES = NO;
				GCC_DYNAMIC_NO_PIC = NO;
				GCC_INLINES_ARE_PRIVATE_EXTERN = NO;
				GCC_INPUT_FILETYPE = sourcecode.cpp.objcpp;
				GCC_PRECOMPILE_PREFIX_HEADER = YES;
				GCC_PREFIX_HEADER = ios/Prefix.pch;
				GCC_PREPROCESSOR_DEFINITIONS = (
					USE_FILE32API,
					CC_TARGET_OS_IPHONE,
					"COCOS2D_DEBUG=1",
					"CC_ENABLE_CHIPMUNK_INTEGRATION=1",
				);
				GCC_SYMBOLS_PRIVATE_EXTERN = NO;
				HEADER_SEARCH_PATHS = (
					"$(inherited)",
					"$(SRCROOT)/../cocos2d/cocos/platform/ios",
					"$(SRCROOT)/../cocos2d/cocos/platform/ios/Simulation",
					"$(SRCROOT)/../Classes",
					"$(SRCROOT)/../adx2/include/ios",
				);
				INFOPLIST_FILE = ios/Info.plist;
				IPHONEOS_DEPLOYMENT_TARGET = 5.0;
				LIBRARY_SEARCH_PATHS = "$(SRCROOT)/../adx2/libs/ios";
				SDKROOT = iphoneos;
				TARGETED_DEVICE_FAMILY = "1,2";
				USER_HEADER_SEARCH_PATHS = "";
			};
			name = Debug;
		};
		1D6058950D05DD3E006BFB54 /* Release */ = {
			isa = XCBuildConfiguration;
			buildSettings = {
				ADDITIONAL_SDKS = "";
				ALWAYS_SEARCH_USER_PATHS = YES;
				CODE_SIGN_IDENTITY = "iPhone Developer";
				COMPRESS_PNG_FILES = NO;
				GCC_INLINES_ARE_PRIVATE_EXTERN = NO;
				GCC_INPUT_FILETYPE = sourcecode.cpp.objcpp;
				GCC_PRECOMPILE_PREFIX_HEADER = YES;
				GCC_PREFIX_HEADER = ios/Prefix.pch;
				GCC_PREPROCESSOR_DEFINITIONS = (
					USE_FILE32API,
					CC_TARGET_OS_IPHONE,
					"CC_ENABLE_CHIPMUNK_INTEGRATION=1",
				);
				GCC_SYMBOLS_PRIVATE_EXTERN = NO;
				HEADER_SEARCH_PATHS = (
					"$(inherited)",
					"$(SRCROOT)/../cocos2d/cocos/platform/ios",
					"$(SRCROOT)/../cocos2d/cocos/platform/ios/Simulation",
					"$(SRCROOT)/../Classes",
					"$(SRCROOT)/../adx2/include/ios",
				);
				INFOPLIST_FILE = ios/Info.plist;
				IPHONEOS_DEPLOYMENT_TARGET = 5.0;
				LIBRARY_SEARCH_PATHS = "$(SRCROOT)/../adx2/libs/ios";
				SDKROOT = iphoneos;
				TARGETED_DEVICE_FAMILY = "1,2";
				USER_HEADER_SEARCH_PATHS = "";
			};
			name = Release;
		};
		5087E76D17EB910900C73F5D /* Debug */ = {
			isa = XCBuildConfiguration;
			buildSettings = {
				ALWAYS_SEARCH_USER_PATHS = YES;
				CLANG_CXX_LANGUAGE_STANDARD = "c++0x";
				CLANG_CXX_LIBRARY = "libc++";
				COMBINE_HIDPI_IMAGES = YES;
				GCC_DYNAMIC_NO_PIC = NO;
				GCC_INLINES_ARE_PRIVATE_EXTERN = NO;
				GCC_PRECOMPILE_PREFIX_HEADER = YES;
				GCC_PREFIX_HEADER = mac/Prefix.pch;
				GCC_PREPROCESSOR_DEFINITIONS = (
					USE_FILE32API,
					CC_TARGET_OS_MAC,
					"COCOS2D_DEBUG=1",
					"CC_ENABLE_CHIPMUNK_INTEGRATION=1",
				);
				GCC_SYMBOLS_PRIVATE_EXTERN = NO;
				HEADER_SEARCH_PATHS = (
					"$(inherited)",
					"$(SRCROOT)/../cocos2d/cocos/platform/mac",
					"$(SRCROOT)/../cocos2d/external/glfw3/include/mac",
				);
				INFOPLIST_FILE = mac/Info.plist;
				LIBRARY_SEARCH_PATHS = "";
				USER_HEADER_SEARCH_PATHS = "";
			};
			name = Debug;
		};
		5087E76E17EB910900C73F5D /* Release */ = {
			isa = XCBuildConfiguration;
			buildSettings = {
				ALWAYS_SEARCH_USER_PATHS = YES;
				CLANG_CXX_LANGUAGE_STANDARD = "c++0x";
				CLANG_CXX_LIBRARY = "libc++";
				COMBINE_HIDPI_IMAGES = YES;
				GCC_INLINES_ARE_PRIVATE_EXTERN = NO;
				GCC_PRECOMPILE_PREFIX_HEADER = YES;
				GCC_PREFIX_HEADER = mac/Prefix.pch;
				GCC_PREPROCESSOR_DEFINITIONS = (
					USE_FILE32API,
					CC_TARGET_OS_MAC,
					"CC_ENABLE_CHIPMUNK_INTEGRATION=1",
				);
				GCC_SYMBOLS_PRIVATE_EXTERN = NO;
				HEADER_SEARCH_PATHS = (
					"$(inherited)",
					"$(SRCROOT)/../cocos2d/cocos/platform/mac",
					"$(SRCROOT)/../cocos2d/external/glfw3/include/mac",
				);
				INFOPLIST_FILE = mac/Info.plist;
				LIBRARY_SEARCH_PATHS = "";
				USER_HEADER_SEARCH_PATHS = "";
			};
			name = Release;
		};
		C01FCF4F08A954540054247B /* Debug */ = {
			isa = XCBuildConfiguration;
			buildSettings = {
				CLANG_CXX_LANGUAGE_STANDARD = "c++0x";
				CLANG_CXX_LIBRARY = "libc++";
				COPY_PHASE_STRIP = NO;
				GCC_OPTIMIZATION_LEVEL = 0;
				GCC_WARN_ABOUT_RETURN_TYPE = YES;
				GCC_WARN_UNUSED_VARIABLE = YES;
				HEADER_SEARCH_PATHS = (
					"$(SRCROOT)/../cocos2d",
					"$(SRCROOT)/../cocos2d/cocos",
					"$(SRCROOT)/../cocos2d/cocos/base",
					"$(SRCROOT)/../cocos2d/cocos/physics",
					"$(SRCROOT)/../cocos2d/cocos/math",
					"$(SRCROOT)/../cocos2d/cocos/2d",
					"$(SRCROOT)/../cocos2d/cocos/ui",
					"$(SRCROOT)/../cocos2d/cocos/network",
					"$(SRCROOT)/../cocos2d/cocos/audio/include",
					"$(SRCROOT)/../cocos2d/cocos/editor-support",
					"$(SRCROOT)/../cocos2d/extensions",
					"$(SRCROOT)/../cocos2d/external",
					"$(SRCROOT)/../cocos2d/external/chipmunk/include/chipmunk",
				);
				MACOSX_DEPLOYMENT_TARGET = 10.7;
				ONLY_ACTIVE_ARCH = YES;
				PRODUCT_NAME = "$(TARGET_NAME)";
				SDKROOT = macosx;
			};
			name = Debug;
		};
		C01FCF5008A954540054247B /* Release */ = {
			isa = XCBuildConfiguration;
			buildSettings = {
				CLANG_CXX_LANGUAGE_STANDARD = "c++0x";
				CLANG_CXX_LIBRARY = "libc++";
				GCC_WARN_ABOUT_RETURN_TYPE = YES;
				GCC_WARN_UNUSED_VARIABLE = YES;
				HEADER_SEARCH_PATHS = (
					"$(SRCROOT)/../cocos2d",
					"$(SRCROOT)/../cocos2d/cocos",
					"$(SRCROOT)/../cocos2d/cocos/base",
					"$(SRCROOT)/../cocos2d/cocos/physics",
					"$(SRCROOT)/../cocos2d/cocos/math",
					"$(SRCROOT)/../cocos2d/cocos/2d",
					"$(SRCROOT)/../cocos2d/cocos/ui",
					"$(SRCROOT)/../cocos2d/cocos/network",
					"$(SRCROOT)/../cocos2d/cocos/audio/include",
					"$(SRCROOT)/../cocos2d/cocos/editor-support",
					"$(SRCROOT)/../cocos2d/extensions",
					"$(SRCROOT)/../cocos2d/external",
					"$(SRCROOT)/../cocos2d/external/chipmunk/include/chipmunk",
				);
				MACOSX_DEPLOYMENT_TARGET = 10.7;
				OTHER_CFLAGS = "-DNS_BLOCK_ASSERTIONS=1";
				PRODUCT_NAME = "$(TARGET_NAME)";
				SDKROOT = macosx;
				VALIDATE_PRODUCT = YES;
			};
			name = Release;
		};
/* End XCBuildConfiguration section */

/* Begin XCConfigurationList section */
		1D6058960D05DD3E006BFB54 /* Build configuration list for PBXNativeTarget "Note iOS" */ = {
			isa = XCConfigurationList;
			buildConfigurations = (
				1D6058940D05DD3E006BFB54 /* Debug */,
				1D6058950D05DD3E006BFB54 /* Release */,
			);
			defaultConfigurationIsVisible = 0;
			defaultConfigurationName = Debug;
		};
		5087E76C17EB910900C73F5D /* Build configuration list for PBXNativeTarget "Note Mac" */ = {
			isa = XCConfigurationList;
			buildConfigurations = (
				5087E76D17EB910900C73F5D /* Debug */,
				5087E76E17EB910900C73F5D /* Release */,
			);
			defaultConfigurationIsVisible = 0;
			defaultConfigurationName = Debug;
		};
		C01FCF4E08A954540054247B /* Build configuration list for PBXProject "Note" */ = {
			isa = XCConfigurationList;
			buildConfigurations = (
				C01FCF4F08A954540054247B /* Debug */,
				C01FCF5008A954540054247B /* Release */,
			);
			defaultConfigurationIsVisible = 0;
			defaultConfigurationName = Debug;
		};
/* End XCConfigurationList section */
	};
	rootObject = 29B97313FDCFA39411CA2CEA /* Project object */;
}
