// !$*UTF8*$!
{
	archiveVersion = 1;
	classes = {
	};
	objectVersion = 46;
	objects = {

/* Begin PBXBuildFile section */
		1AC6FB1F180E996B004C840B /* libbox2d Mac.a in Frameworks */ = {isa = PBXBuildFile; fileRef = 1AC6FAFF180E9839004C840B /* libbox2d Mac.a */; };
		1AC6FB20180E996B004C840B /* libchipmunk Mac.a in Frameworks */ = {isa = PBXBuildFile; fileRef = 1AC6FAFD180E9839004C840B /* libchipmunk Mac.a */; };
		1AC6FB21180E996B004C840B /* libcocos2dx Mac.a in Frameworks */ = {isa = PBXBuildFile; fileRef = 1AC6FAF9180E9839004C840B /* libcocos2dx Mac.a */; };
		1AC6FB22180E996B004C840B /* libcocos2dx-extensions Mac.a in Frameworks */ = {isa = PBXBuildFile; fileRef = 1AC6FAFB180E9839004C840B /* libcocos2dx-extensions Mac.a */; };
		1AC6FB23180E996B004C840B /* libCocosDenshion Mac.a in Frameworks */ = {isa = PBXBuildFile; fileRef = 1AC6FB01180E9839004C840B /* libCocosDenshion Mac.a */; };
		1AC6FB2E180E99EB004C840B /* libbox2d iOS.a in Frameworks */ = {isa = PBXBuildFile; fileRef = 1AC6FB0D180E9839004C840B /* libbox2d iOS.a */; };
		1AC6FB2F180E99EB004C840B /* libchipmunk iOS.a in Frameworks */ = {isa = PBXBuildFile; fileRef = 1AC6FB0B180E9839004C840B /* libchipmunk iOS.a */; };
		1AC6FB30180E99EB004C840B /* libcocos2dx iOS.a in Frameworks */ = {isa = PBXBuildFile; fileRef = 1AC6FB07180E9839004C840B /* libcocos2dx iOS.a */; };
		1AC6FB31180E99EB004C840B /* libcocos2dx-extensions iOS.a in Frameworks */ = {isa = PBXBuildFile; fileRef = 1AC6FB09180E9839004C840B /* libcocos2dx-extensions iOS.a */; };
		1AC6FB32180E99EB004C840B /* libCocosDenshion iOS.a in Frameworks */ = {isa = PBXBuildFile; fileRef = 1AC6FB0F180E9839004C840B /* libCocosDenshion iOS.a */; };
		1D60589F0D05DD5A006BFB54 /* Foundation.framework in Frameworks */ = {isa = PBXBuildFile; fileRef = 1D30AB110D05D00D00671497 /* Foundation.framework */; };
		1DF5F4E00D08C38300B7A737 /* UIKit.framework in Frameworks */ = {isa = PBXBuildFile; fileRef = 1DF5F4DF0D08C38300B7A737 /* UIKit.framework */; };
		288765A50DF7441C002DB57D /* CoreGraphics.framework in Frameworks */ = {isa = PBXBuildFile; fileRef = 288765A40DF7441C002DB57D /* CoreGraphics.framework */; };
		503AE0F817EB97AB00D1A890 /* Icon.icns in Resources */ = {isa = PBXBuildFile; fileRef = 503AE0F617EB97AB00D1A890 /* Icon.icns */; };
		503AE10017EB989F00D1A890 /* AppController.mm in Sources */ = {isa = PBXBuildFile; fileRef = 503AE0FB17EB989F00D1A890 /* AppController.mm */; };
		503AE10117EB989F00D1A890 /* main.m in Sources */ = {isa = PBXBuildFile; fileRef = 503AE0FC17EB989F00D1A890 /* main.m */; };
		503AE10217EB989F00D1A890 /* RootViewController.mm in Sources */ = {isa = PBXBuildFile; fileRef = 503AE0FF17EB989F00D1A890 /* RootViewController.mm */; };
		503AE10517EB98FF00D1A890 /* main.cpp in Sources */ = {isa = PBXBuildFile; fileRef = 503AE10317EB98FF00D1A890 /* main.cpp */; };
		503AE11217EB99EE00D1A890 /* libcurl.dylib in Frameworks */ = {isa = PBXBuildFile; fileRef = 503AE11117EB99EE00D1A890 /* libcurl.dylib */; };
		503AE11B17EB9C5A00D1A890 /* IOKit.framework in Frameworks */ = {isa = PBXBuildFile; fileRef = 503AE11A17EB9C5A00D1A890 /* IOKit.framework */; };
		5087E76317EB910900C73F5D /* Foundation.framework in Frameworks */ = {isa = PBXBuildFile; fileRef = 1D30AB110D05D00D00671497 /* Foundation.framework */; };
		5087E76517EB910900C73F5D /* CoreGraphics.framework in Frameworks */ = {isa = PBXBuildFile; fileRef = 288765A40DF7441C002DB57D /* CoreGraphics.framework */; };
		5087E76717EB910900C73F5D /* libz.dylib in Frameworks */ = {isa = PBXBuildFile; fileRef = BF170DB412928DE900B8313A /* libz.dylib */; };
		5087E76817EB910900C73F5D /* QuartzCore.framework in Frameworks */ = {isa = PBXBuildFile; fileRef = BF1C47EA1293683800B63C5D /* QuartzCore.framework */; };
		5087E76917EB910900C73F5D /* OpenAL.framework in Frameworks */ = {isa = PBXBuildFile; fileRef = D44C620B132DFF330009C878 /* OpenAL.framework */; };
		5087E76A17EB910900C73F5D /* AVFoundation.framework in Frameworks */ = {isa = PBXBuildFile; fileRef = D44C620D132DFF430009C878 /* AVFoundation.framework */; };
		5087E76B17EB910900C73F5D /* AudioToolbox.framework in Frameworks */ = {isa = PBXBuildFile; fileRef = D44C620F132DFF4E0009C878 /* AudioToolbox.framework */; };
		5087E77D17EB970100C73F5D /* Default-568h@2x.png in Resources */ = {isa = PBXBuildFile; fileRef = 5087E77217EB970100C73F5D /* Default-568h@2x.png */; };
		5087E77E17EB970100C73F5D /* Default.png in Resources */ = {isa = PBXBuildFile; fileRef = 5087E77317EB970100C73F5D /* Default.png */; };
		5087E77F17EB970100C73F5D /* Default@2x.png in Resources */ = {isa = PBXBuildFile; fileRef = 5087E77417EB970100C73F5D /* Default@2x.png */; };
		5087E78017EB970100C73F5D /* Icon-114.png in Resources */ = {isa = PBXBuildFile; fileRef = 5087E77517EB970100C73F5D /* Icon-114.png */; };
		5087E78117EB970100C73F5D /* Icon-120.png in Resources */ = {isa = PBXBuildFile; fileRef = 5087E77617EB970100C73F5D /* Icon-120.png */; };
		5087E78217EB970100C73F5D /* Icon-144.png in Resources */ = {isa = PBXBuildFile; fileRef = 5087E77717EB970100C73F5D /* Icon-144.png */; };
		5087E78317EB970100C73F5D /* Icon-152.png in Resources */ = {isa = PBXBuildFile; fileRef = 5087E77817EB970100C73F5D /* Icon-152.png */; };
		5087E78417EB970100C73F5D /* Icon-57.png in Resources */ = {isa = PBXBuildFile; fileRef = 5087E77917EB970100C73F5D /* Icon-57.png */; };
		5087E78517EB970100C73F5D /* Icon-72.png in Resources */ = {isa = PBXBuildFile; fileRef = 5087E77A17EB970100C73F5D /* Icon-72.png */; };
		5087E78617EB970100C73F5D /* Icon-76.png in Resources */ = {isa = PBXBuildFile; fileRef = 5087E77B17EB970100C73F5D /* Icon-76.png */; };
		5087E78917EB974C00C73F5D /* AppKit.framework in Frameworks */ = {isa = PBXBuildFile; fileRef = 5087E78817EB974C00C73F5D /* AppKit.framework */; };
		5087E78B17EB975400C73F5D /* OpenGL.framework in Frameworks */ = {isa = PBXBuildFile; fileRef = 5087E78A17EB975400C73F5D /* OpenGL.framework */; };
		50EF629617ECD46A001EB2F8 /* Icon-40.png in Resources */ = {isa = PBXBuildFile; fileRef = 50EF629217ECD46A001EB2F8 /* Icon-40.png */; };
		50EF629717ECD46A001EB2F8 /* Icon-58.png in Resources */ = {isa = PBXBuildFile; fileRef = 50EF629317ECD46A001EB2F8 /* Icon-58.png */; };
		50EF629817ECD46A001EB2F8 /* Icon-80.png in Resources */ = {isa = PBXBuildFile; fileRef = 50EF629417ECD46A001EB2F8 /* Icon-80.png */; };
		50EF629917ECD46A001EB2F8 /* Icon-100.png in Resources */ = {isa = PBXBuildFile; fileRef = 50EF629517ECD46A001EB2F8 /* Icon-100.png */; };
		50EF62A217ECD613001EB2F8 /* Icon-29.png in Resources */ = {isa = PBXBuildFile; fileRef = 50EF62A017ECD613001EB2F8 /* Icon-29.png */; };
		50EF62A317ECD613001EB2F8 /* Icon-50.png in Resources */ = {isa = PBXBuildFile; fileRef = 50EF62A117ECD613001EB2F8 /* Icon-50.png */; };
		5A6FC12A1ABB300400C1769C /* Font in Resources */ = {isa = PBXBuildFile; fileRef = 5A6FC1271ABB300400C1769C /* Font */; };
		5A6FC12B1ABB300400C1769C /* Sound in Resources */ = {isa = PBXBuildFile; fileRef = 5A6FC1281ABB300400C1769C /* Sound */; };
		5A6FC12C1ABB300400C1769C /* Texture in Resources */ = {isa = PBXBuildFile; fileRef = 5A6FC1291ABB300400C1769C /* Texture */; };
		5A8C2CB91AEE8BA20019574E /* Plist in Resources */ = {isa = PBXBuildFile; fileRef = 5A8C2CB81AEE8BA20019574E /* Plist */; };
		5A93F9251ABB25F0001E05E1 /* libcri_ware_ios_LE.a in Frameworks */ = {isa = PBXBuildFile; fileRef = 5A93F9241ABB25F0001E05E1 /* libcri_ware_ios_LE.a */; };
		5AEA6BCD1B30484900EF2B0F /* AppDelegate.cpp in Sources */ = {isa = PBXBuildFile; fileRef = 5AEA6B2D1B30484900EF2B0F /* AppDelegate.cpp */; };
		5AEA6BCE1B30484900EF2B0F /* RestEnemy.cpp in Sources */ = {isa = PBXBuildFile; fileRef = 5AEA6B331B30484900EF2B0F /* RestEnemy.cpp */; };
		5AEA6BCF1B30484900EF2B0F /* Player.cpp in Sources */ = {isa = PBXBuildFile; fileRef = 5AEA6B371B30484900EF2B0F /* Player.cpp */; };
		5AEA6BD01B30484900EF2B0F /* PlayerState.cpp in Sources */ = {isa = PBXBuildFile; fileRef = 5AEA6B391B30484900EF2B0F /* PlayerState.cpp */; };
		5AEA6BD11B30484900EF2B0F /* EnemyManager.cpp in Sources */ = {isa = PBXBuildFile; fileRef = 5AEA6B3C1B30484900EF2B0F /* EnemyManager.cpp */; };
		5AEA6BD21B30484900EF2B0F /* NoteManager.cpp in Sources */ = {isa = PBXBuildFile; fileRef = 5AEA6B3E1B30484900EF2B0F /* NoteManager.cpp */; };
		5AEA6BD31B30484900EF2B0F /* ObjectManager.cpp in Sources */ = {isa = PBXBuildFile; fileRef = 5AEA6B401B30484900EF2B0F /* ObjectManager.cpp */; };
		5AEA6BD41B30484900EF2B0F /* PlayerManager.cpp in Sources */ = {isa = PBXBuildFile; fileRef = 5AEA6B421B30484900EF2B0F /* PlayerManager.cpp */; };
		5AEA6BD51B30484900EF2B0F /* Bar.cpp in Sources */ = {isa = PBXBuildFile; fileRef = 5AEA6B471B30484900EF2B0F /* Bar.cpp */; };
		5AEA6BD61B30484900EF2B0F /* BlockDataReader.cpp in Sources */ = {isa = PBXBuildFile; fileRef = 5AEA6B4B1B30484900EF2B0F /* BlockDataReader.cpp */; };
		5AEA6BD71B30484900EF2B0F /* BlockFactory.cpp in Sources */ = {isa = PBXBuildFile; fileRef = 5AEA6B4D1B30484900EF2B0F /* BlockFactory.cpp */; };
		5AEA6BD81B30484900EF2B0F /* BlockManager.cpp in Sources */ = {isa = PBXBuildFile; fileRef = 5AEA6B4F1B30484900EF2B0F /* BlockManager.cpp */; };
		5AEA6BD91B30484900EF2B0F /* BlueBlock.cpp in Sources */ = {isa = PBXBuildFile; fileRef = 5AEA6B511B30484900EF2B0F /* BlueBlock.cpp */; };
		5AEA6BDA1B30484900EF2B0F /* GoalBlock.cpp in Sources */ = {isa = PBXBuildFile; fileRef = 5AEA6B531B30484900EF2B0F /* GoalBlock.cpp */; };
		5AEA6BDB1B30484900EF2B0F /* NormalBlock.cpp in Sources */ = {isa = PBXBuildFile; fileRef = 5AEA6B551B30484900EF2B0F /* NormalBlock.cpp */; };
		5AEA6BDC1B30484900EF2B0F /* RedBlock.cpp in Sources */ = {isa = PBXBuildFile; fileRef = 5AEA6B571B30484900EF2B0F /* RedBlock.cpp */; };
		5AEA6BDD1B30484900EF2B0F /* Goal.cpp in Sources */ = {isa = PBXBuildFile; fileRef = 5AEA6B5A1B30484900EF2B0F /* Goal.cpp */; };
		5AEA6BDE1B30484900EF2B0F /* Note.cpp in Sources */ = {isa = PBXBuildFile; fileRef = 5AEA6B5D1B30484900EF2B0F /* Note.cpp */; };
		5AEA6BDF1B30484900EF2B0F /* NoteLine.cpp in Sources */ = {isa = PBXBuildFile; fileRef = 5AEA6B5F1B30484900EF2B0F /* NoteLine.cpp */; };
		5AEA6BE01B30484900EF2B0F /* Rest.cpp in Sources */ = {isa = PBXBuildFile; fileRef = 5AEA6B641B30484900EF2B0F /* Rest.cpp */; };
		5AEA6BE11B30484900EF2B0F /* TestObject.cpp in Sources */ = {isa = PBXBuildFile; fileRef = 5AEA6B681B30484900EF2B0F /* TestObject.cpp */; };
		5AEA6BE21B30484900EF2B0F /* BackGround.cpp in Sources */ = {isa = PBXBuildFile; fileRef = 5AEA6B6B1B30484900EF2B0F /* BackGround.cpp */; };
		5AEA6BE31B30484900EF2B0F /* SlideBar.cpp in Sources */ = {isa = PBXBuildFile; fileRef = 5AEA6B6D1B30484900EF2B0F /* SlideBar.cpp */; };
		5AEA6BE41B30484900EF2B0F /* UiObjectLayer.cpp in Sources */ = {isa = PBXBuildFile; fileRef = 5AEA6B6F1B30484900EF2B0F /* UiObjectLayer.cpp */; };
		5AEA6BE51B30484900EF2B0F /* EndingScene.cpp in Sources */ = {isa = PBXBuildFile; fileRef = 5AEA6B731B30484900EF2B0F /* EndingScene.cpp */; };
		5AEA6BE61B30484900EF2B0F /* EndingState.cpp in Sources */ = {isa = PBXBuildFile; fileRef = 5AEA6B751B30484900EF2B0F /* EndingState.cpp */; };
		5AEA6BE71B30484900EF2B0F /* GameDataMediator.cpp in Sources */ = {isa = PBXBuildFile; fileRef = 5AEA6B781B30484900EF2B0F /* GameDataMediator.cpp */; };
		5AEA6BE81B30484900EF2B0F /* GameMainScene.cpp in Sources */ = {isa = PBXBuildFile; fileRef = 5AEA6B7A1B30484900EF2B0F /* GameMainScene.cpp */; };
		5AEA6BE91B30484900EF2B0F /* GameMainState.cpp in Sources */ = {isa = PBXBuildFile; fileRef = 5AEA6B7C1B30484900EF2B0F /* GameMainState.cpp */; };
		5AEA6BEA1B30484900EF2B0F /* GameTitleScene.cpp in Sources */ = {isa = PBXBuildFile; fileRef = 5AEA6B7F1B30484900EF2B0F /* GameTitleScene.cpp */; };
		5AEA6BEB1B30484900EF2B0F /* GameTitleScreen.cpp in Sources */ = {isa = PBXBuildFile; fileRef = 5AEA6B811B30484900EF2B0F /* GameTitleScreen.cpp */; };
		5AEA6BEC1B30484900EF2B0F /* HigeLayer.cpp in Sources */ = {isa = PBXBuildFile; fileRef = 5AEA6B831B30484900EF2B0F /* HigeLayer.cpp */; };
		5AEA6BED1B30484900EF2B0F /* TestLayer.cpp in Sources */ = {isa = PBXBuildFile; fileRef = 5AEA6B851B30484900EF2B0F /* TestLayer.cpp */; };
		5AEA6BEE1B30484900EF2B0F /* TitleScene.cpp in Sources */ = {isa = PBXBuildFile; fileRef = 5AEA6B881B30484900EF2B0F /* TitleScene.cpp */; };
		5AEA6BEF1B30484900EF2B0F /* TitleState.cpp in Sources */ = {isa = PBXBuildFile; fileRef = 5AEA6B8A1B30484900EF2B0F /* TitleState.cpp */; };
		5AEA6BF01B30484900EF2B0F /* CustomFollow.cpp in Sources */ = {isa = PBXBuildFile; fileRef = 5AEA6B8F1B30484900EF2B0F /* CustomFollow.cpp */; };
		5AEA6BF11B30484900EF2B0F /* Jump.cpp in Sources */ = {isa = PBXBuildFile; fileRef = 5AEA6B911B30484900EF2B0F /* Jump.cpp */; };
		5AEA6BF21B30484900EF2B0F /* SpriteAnimation.cpp in Sources */ = {isa = PBXBuildFile; fileRef = 5AEA6B941B30484900EF2B0F /* SpriteAnimation.cpp */; };
		5AEA6BF31B30484900EF2B0F /* ADX2Converter.cpp in Sources */ = {isa = PBXBuildFile; fileRef = 5AEA6B971B30484900EF2B0F /* ADX2Converter.cpp */; };
		5AEA6BF41B30484900EF2B0F /* ADX2CueSheet.cpp in Sources */ = {isa = PBXBuildFile; fileRef = 5AEA6B991B30484900EF2B0F /* ADX2CueSheet.cpp */; };
		5AEA6BF51B30484900EF2B0F /* ADX2LogoLayer.cpp in Sources */ = {isa = PBXBuildFile; fileRef = 5AEA6B9B1B30484900EF2B0F /* ADX2LogoLayer.cpp */; };
		5AEA6BF61B30484900EF2B0F /* ADX2Manager.cpp in Sources */ = {isa = PBXBuildFile; fileRef = 5AEA6B9D1B30484900EF2B0F /* ADX2Manager.cpp */; };
		5AEA6BF71B30484900EF2B0F /* ADX2Player.cpp in Sources */ = {isa = PBXBuildFile; fileRef = 5AEA6B9F1B30484900EF2B0F /* ADX2Player.cpp */; };
		5AEA6BF81B30484900EF2B0F /* Camera.cpp in Sources */ = {isa = PBXBuildFile; fileRef = 5AEA6BA51B30484900EF2B0F /* Camera.cpp */; };
		5AEA6BF91B30484900EF2B0F /* ListenerAssistant.cpp in Sources */ = {isa = PBXBuildFile; fileRef = 5AEA6BA81B30484900EF2B0F /* ListenerAssistant.cpp */; };
		5AEA6BFA1B30484900EF2B0F /* SpriteCreator.cpp in Sources */ = {isa = PBXBuildFile; fileRef = 5AEA6BAA1B30484900EF2B0F /* SpriteCreator.cpp */; };
		5AEA6BFB1B30484900EF2B0F /* Collider.cpp in Sources */ = {isa = PBXBuildFile; fileRef = 5AEA6BAD1B30484900EF2B0F /* Collider.cpp */; };
		5AEA6BFC1B30484900EF2B0F /* DistanceCheck.cpp in Sources */ = {isa = PBXBuildFile; fileRef = 5AEA6BAF1B30484900EF2B0F /* DistanceCheck.cpp */; };
		5AEA6BFD1B30484900EF2B0F /* PhysicsCollisionManager.cpp in Sources */ = {isa = PBXBuildFile; fileRef = 5AEA6BB11B30484900EF2B0F /* PhysicsCollisionManager.cpp */; };
		5AEA6BFE1B30484900EF2B0F /* PhysicsListener.cpp in Sources */ = {isa = PBXBuildFile; fileRef = 5AEA6BB31B30484900EF2B0F /* PhysicsListener.cpp */; };
		5AEA6BFF1B30484900EF2B0F /* PlistReader.cpp in Sources */ = {isa = PBXBuildFile; fileRef = 5AEA6BB81B30484900EF2B0F /* PlistReader.cpp */; };
		5AEA6C001B30484900EF2B0F /* IScene.cpp in Sources */ = {isa = PBXBuildFile; fileRef = 5AEA6BC21B30484900EF2B0F /* IScene.cpp */; };
		5AEA6C011B30484900EF2B0F /* SceneCreator.cpp in Sources */ = {isa = PBXBuildFile; fileRef = 5AEA6BC41B30484900EF2B0F /* SceneCreator.cpp */; };
		5AEA6C021B30484900EF2B0F /* Timer.cpp in Sources */ = {isa = PBXBuildFile; fileRef = 5AEA6BCB1B30484900EF2B0F /* Timer.cpp */; };
		BF171245129291EC00B8313A /* OpenGLES.framework in Frameworks */ = {isa = PBXBuildFile; fileRef = BF170DB012928DE900B8313A /* OpenGLES.framework */; };
		BF1712471292920000B8313A /* libz.dylib in Frameworks */ = {isa = PBXBuildFile; fileRef = BF170DB412928DE900B8313A /* libz.dylib */; };
		BF1C47F01293687400B63C5D /* QuartzCore.framework in Frameworks */ = {isa = PBXBuildFile; fileRef = BF1C47EA1293683800B63C5D /* QuartzCore.framework */; };
		D44C620C132DFF330009C878 /* OpenAL.framework in Frameworks */ = {isa = PBXBuildFile; fileRef = D44C620B132DFF330009C878 /* OpenAL.framework */; };
		D44C620E132DFF430009C878 /* AVFoundation.framework in Frameworks */ = {isa = PBXBuildFile; fileRef = D44C620D132DFF430009C878 /* AVFoundation.framework */; };
		D44C6210132DFF4E0009C878 /* AudioToolbox.framework in Frameworks */ = {isa = PBXBuildFile; fileRef = D44C620F132DFF4E0009C878 /* AudioToolbox.framework */; };
		D6B0611B1803AB670077942B /* CoreMotion.framework in Frameworks */ = {isa = PBXBuildFile; fileRef = D6B0611A1803AB670077942B /* CoreMotion.framework */; };
/* End PBXBuildFile section */

/* Begin PBXContainerItemProxy section */
		1AC6FAF8180E9839004C840B /* PBXContainerItemProxy */ = {
			isa = PBXContainerItemProxy;
			containerPortal = 1AC6FAE5180E9839004C840B /* cocos2d_libs.xcodeproj */;
			proxyType = 2;
			remoteGlobalIDString = 1551A33F158F2AB200E66CFE;
			remoteInfo = "cocos2dx Mac";
		};
		1AC6FAFA180E9839004C840B /* PBXContainerItemProxy */ = {
			isa = PBXContainerItemProxy;
			containerPortal = 1AC6FAE5180E9839004C840B /* cocos2d_libs.xcodeproj */;
			proxyType = 2;
			remoteGlobalIDString = A03F2FD617814595006731B9;
			remoteInfo = "cocos2dx-extensions Mac";
		};
		1AC6FAFC180E9839004C840B /* PBXContainerItemProxy */ = {
			isa = PBXContainerItemProxy;
			containerPortal = 1AC6FAE5180E9839004C840B /* cocos2d_libs.xcodeproj */;
			proxyType = 2;
			remoteGlobalIDString = A03F2CB81780BD04006731B9;
			remoteInfo = "chipmunk Mac";
		};
		1AC6FAFE180E9839004C840B /* PBXContainerItemProxy */ = {
			isa = PBXContainerItemProxy;
			containerPortal = 1AC6FAE5180E9839004C840B /* cocos2d_libs.xcodeproj */;
			proxyType = 2;
			remoteGlobalIDString = A03F2D9B1780BDF7006731B9;
			remoteInfo = "box2d Mac";
		};
		1AC6FB00180E9839004C840B /* PBXContainerItemProxy */ = {
			isa = PBXContainerItemProxy;
			containerPortal = 1AC6FAE5180E9839004C840B /* cocos2d_libs.xcodeproj */;
			proxyType = 2;
			remoteGlobalIDString = A03F2ED617814268006731B9;
			remoteInfo = "CocosDenshion Mac";
		};
		1AC6FB06180E9839004C840B /* PBXContainerItemProxy */ = {
			isa = PBXContainerItemProxy;
			containerPortal = 1AC6FAE5180E9839004C840B /* cocos2d_libs.xcodeproj */;
			proxyType = 2;
			remoteGlobalIDString = A07A4D641783777C0073F6A7;
			remoteInfo = "cocos2dx iOS";
		};
		1AC6FB08180E9839004C840B /* PBXContainerItemProxy */ = {
			isa = PBXContainerItemProxy;
			containerPortal = 1AC6FAE5180E9839004C840B /* cocos2d_libs.xcodeproj */;
			proxyType = 2;
			remoteGlobalIDString = A07A4EFC1783867C0073F6A7;
			remoteInfo = "cocos2dx-extensions iOS";
		};
		1AC6FB0A180E9839004C840B /* PBXContainerItemProxy */ = {
			isa = PBXContainerItemProxy;
			containerPortal = 1AC6FAE5180E9839004C840B /* cocos2d_libs.xcodeproj */;
			proxyType = 2;
			remoteGlobalIDString = A07A4F3B178387670073F6A7;
			remoteInfo = "chipmunk iOS";
		};
		1AC6FB0C180E9839004C840B /* PBXContainerItemProxy */ = {
			isa = PBXContainerItemProxy;
			containerPortal = 1AC6FAE5180E9839004C840B /* cocos2d_libs.xcodeproj */;
			proxyType = 2;
			remoteGlobalIDString = A07A4F9E1783876B0073F6A7;
			remoteInfo = "box2d iOS";
		};
		1AC6FB0E180E9839004C840B /* PBXContainerItemProxy */ = {
			isa = PBXContainerItemProxy;
			containerPortal = 1AC6FAE5180E9839004C840B /* cocos2d_libs.xcodeproj */;
			proxyType = 2;
			remoteGlobalIDString = A07A4FB4178387730073F6A7;
			remoteInfo = "CocosDenshion iOS";
		};
		1AC6FB15180E9959004C840B /* PBXContainerItemProxy */ = {
			isa = PBXContainerItemProxy;
			containerPortal = 1AC6FAE5180E9839004C840B /* cocos2d_libs.xcodeproj */;
			proxyType = 1;
			remoteGlobalIDString = 1551A33E158F2AB200E66CFE;
			remoteInfo = "cocos2dx Mac";
		};
		1AC6FB17180E9959004C840B /* PBXContainerItemProxy */ = {
			isa = PBXContainerItemProxy;
			containerPortal = 1AC6FAE5180E9839004C840B /* cocos2d_libs.xcodeproj */;
			proxyType = 1;
			remoteGlobalIDString = A03F2FC117814595006731B9;
			remoteInfo = "cocos2dx-extensions Mac";
		};
		1AC6FB19180E9959004C840B /* PBXContainerItemProxy */ = {
			isa = PBXContainerItemProxy;
			containerPortal = 1AC6FAE5180E9839004C840B /* cocos2d_libs.xcodeproj */;
			proxyType = 1;
			remoteGlobalIDString = A03F2B781780BD04006731B9;
			remoteInfo = "chipmunk Mac";
		};
		1AC6FB1B180E9959004C840B /* PBXContainerItemProxy */ = {
			isa = PBXContainerItemProxy;
			containerPortal = 1AC6FAE5180E9839004C840B /* cocos2d_libs.xcodeproj */;
			proxyType = 1;
			remoteGlobalIDString = A03F2E9817814268006731B9;
			remoteInfo = "CocosDenshion Mac";
		};
		1AC6FB1D180E9963004C840B /* PBXContainerItemProxy */ = {
			isa = PBXContainerItemProxy;
			containerPortal = 1AC6FAE5180E9839004C840B /* cocos2d_libs.xcodeproj */;
			proxyType = 1;
			remoteGlobalIDString = A03F2D5D1780BDF7006731B9;
			remoteInfo = "box2d Mac";
		};
		1AC6FB24180E99E1004C840B /* PBXContainerItemProxy */ = {
			isa = PBXContainerItemProxy;
			containerPortal = 1AC6FAE5180E9839004C840B /* cocos2d_libs.xcodeproj */;
			proxyType = 1;
			remoteGlobalIDString = A07A4C241783777C0073F6A7;
			remoteInfo = "cocos2dx iOS";
		};
		1AC6FB26180E99E1004C840B /* PBXContainerItemProxy */ = {
			isa = PBXContainerItemProxy;
			containerPortal = 1AC6FAE5180E9839004C840B /* cocos2d_libs.xcodeproj */;
			proxyType = 1;
			remoteGlobalIDString = A07A4E111783867C0073F6A7;
			remoteInfo = "cocos2dx-extensions iOS";
		};
		1AC6FB28180E99E1004C840B /* PBXContainerItemProxy */ = {
			isa = PBXContainerItemProxy;
			containerPortal = 1AC6FAE5180E9839004C840B /* cocos2d_libs.xcodeproj */;
			proxyType = 1;
			remoteGlobalIDString = A07A4EFD178387670073F6A7;
			remoteInfo = "chipmunk iOS";
		};
		1AC6FB2A180E99E1004C840B /* PBXContainerItemProxy */ = {
			isa = PBXContainerItemProxy;
			containerPortal = 1AC6FAE5180E9839004C840B /* cocos2d_libs.xcodeproj */;
			proxyType = 1;
			remoteGlobalIDString = A07A4F3C1783876B0073F6A7;
			remoteInfo = "box2d iOS";
		};
		1AC6FB2C180E99E1004C840B /* PBXContainerItemProxy */ = {
			isa = PBXContainerItemProxy;
			containerPortal = 1AC6FAE5180E9839004C840B /* cocos2d_libs.xcodeproj */;
			proxyType = 1;
			remoteGlobalIDString = A07A4F9F178387730073F6A7;
			remoteInfo = "CocosDenshion iOS";
		};
/* End PBXContainerItemProxy section */

/* Begin PBXFileReference section */
		1AC6FAE5180E9839004C840B /* cocos2d_libs.xcodeproj */ = {isa = PBXFileReference; lastKnownFileType = "wrapper.pb-project"; name = cocos2d_libs.xcodeproj; path = ../cocos2d/build/cocos2d_libs.xcodeproj; sourceTree = "<group>"; };
		1ACB3243164770DE00914215 /* libcurl.a */ = {isa = PBXFileReference; lastKnownFileType = archive.ar; name = libcurl.a; path = ../../cocos2dx/platform/third_party/ios/libraries/libcurl.a; sourceTree = "<group>"; };
		1D30AB110D05D00D00671497 /* Foundation.framework */ = {isa = PBXFileReference; lastKnownFileType = wrapper.framework; name = Foundation.framework; path = System/Library/Frameworks/Foundation.framework; sourceTree = SDKROOT; };
		1D6058910D05DD3D006BFB54 /* Note iOS.app */ = {isa = PBXFileReference; explicitFileType = wrapper.application; includeInIndex = 0; path = "Note iOS.app"; sourceTree = BUILT_PRODUCTS_DIR; };
		1DF5F4DF0D08C38300B7A737 /* UIKit.framework */ = {isa = PBXFileReference; lastKnownFileType = wrapper.framework; name = UIKit.framework; path = System/Library/Frameworks/UIKit.framework; sourceTree = SDKROOT; };
		288765A40DF7441C002DB57D /* CoreGraphics.framework */ = {isa = PBXFileReference; lastKnownFileType = wrapper.framework; name = CoreGraphics.framework; path = System/Library/Frameworks/CoreGraphics.framework; sourceTree = SDKROOT; };
		503AE0F617EB97AB00D1A890 /* Icon.icns */ = {isa = PBXFileReference; lastKnownFileType = image.icns; path = Icon.icns; sourceTree = "<group>"; };
		503AE0F717EB97AB00D1A890 /* Info.plist */ = {isa = PBXFileReference; fileEncoding = 4; lastKnownFileType = text.plist.xml; path = Info.plist; sourceTree = "<group>"; };
		503AE0FA17EB989F00D1A890 /* AppController.h */ = {isa = PBXFileReference; fileEncoding = 4; lastKnownFileType = sourcecode.c.h; name = AppController.h; path = ios/AppController.h; sourceTree = SOURCE_ROOT; };
		503AE0FB17EB989F00D1A890 /* AppController.mm */ = {isa = PBXFileReference; fileEncoding = 4; lastKnownFileType = sourcecode.cpp.objcpp; name = AppController.mm; path = ios/AppController.mm; sourceTree = SOURCE_ROOT; };
		503AE0FC17EB989F00D1A890 /* main.m */ = {isa = PBXFileReference; fileEncoding = 4; lastKnownFileType = sourcecode.c.objc; name = main.m; path = ios/main.m; sourceTree = SOURCE_ROOT; };
		503AE0FD17EB989F00D1A890 /* Prefix.pch */ = {isa = PBXFileReference; fileEncoding = 4; lastKnownFileType = sourcecode.c.h; name = Prefix.pch; path = ios/Prefix.pch; sourceTree = SOURCE_ROOT; };
		503AE0FE17EB989F00D1A890 /* RootViewController.h */ = {isa = PBXFileReference; fileEncoding = 4; lastKnownFileType = sourcecode.c.h; name = RootViewController.h; path = ios/RootViewController.h; sourceTree = SOURCE_ROOT; };
		503AE0FF17EB989F00D1A890 /* RootViewController.mm */ = {isa = PBXFileReference; fileEncoding = 4; lastKnownFileType = sourcecode.cpp.objcpp; name = RootViewController.mm; path = ios/RootViewController.mm; sourceTree = SOURCE_ROOT; };
		503AE10317EB98FF00D1A890 /* main.cpp */ = {isa = PBXFileReference; fileEncoding = 4; lastKnownFileType = sourcecode.cpp.cpp; name = main.cpp; path = mac/main.cpp; sourceTree = "<group>"; };
		503AE10417EB98FF00D1A890 /* Prefix.pch */ = {isa = PBXFileReference; fileEncoding = 4; lastKnownFileType = sourcecode.c.h; name = Prefix.pch; path = mac/Prefix.pch; sourceTree = "<group>"; };
		503AE11117EB99EE00D1A890 /* libcurl.dylib */ = {isa = PBXFileReference; lastKnownFileType = "compiled.mach-o.dylib"; name = libcurl.dylib; path = usr/lib/libcurl.dylib; sourceTree = SDKROOT; };
		503AE11A17EB9C5A00D1A890 /* IOKit.framework */ = {isa = PBXFileReference; lastKnownFileType = wrapper.framework; name = IOKit.framework; path = System/Library/Frameworks/IOKit.framework; sourceTree = SDKROOT; };
		5087E76F17EB910900C73F5D /* Note Mac.app */ = {isa = PBXFileReference; explicitFileType = wrapper.application; includeInIndex = 0; path = "Note Mac.app"; sourceTree = BUILT_PRODUCTS_DIR; };
		5087E77217EB970100C73F5D /* Default-568h@2x.png */ = {isa = PBXFileReference; lastKnownFileType = image.png; path = "Default-568h@2x.png"; sourceTree = "<group>"; };
		5087E77317EB970100C73F5D /* Default.png */ = {isa = PBXFileReference; lastKnownFileType = image.png; path = Default.png; sourceTree = "<group>"; };
		5087E77417EB970100C73F5D /* Default@2x.png */ = {isa = PBXFileReference; lastKnownFileType = image.png; path = "Default@2x.png"; sourceTree = "<group>"; };
		5087E77517EB970100C73F5D /* Icon-114.png */ = {isa = PBXFileReference; lastKnownFileType = image.png; path = "Icon-114.png"; sourceTree = "<group>"; };
		5087E77617EB970100C73F5D /* Icon-120.png */ = {isa = PBXFileReference; lastKnownFileType = image.png; path = "Icon-120.png"; sourceTree = "<group>"; };
		5087E77717EB970100C73F5D /* Icon-144.png */ = {isa = PBXFileReference; lastKnownFileType = image.png; path = "Icon-144.png"; sourceTree = "<group>"; };
		5087E77817EB970100C73F5D /* Icon-152.png */ = {isa = PBXFileReference; lastKnownFileType = image.png; path = "Icon-152.png"; sourceTree = "<group>"; };
		5087E77917EB970100C73F5D /* Icon-57.png */ = {isa = PBXFileReference; lastKnownFileType = image.png; path = "Icon-57.png"; sourceTree = "<group>"; };
		5087E77A17EB970100C73F5D /* Icon-72.png */ = {isa = PBXFileReference; lastKnownFileType = image.png; path = "Icon-72.png"; sourceTree = "<group>"; };
		5087E77B17EB970100C73F5D /* Icon-76.png */ = {isa = PBXFileReference; lastKnownFileType = image.png; path = "Icon-76.png"; sourceTree = "<group>"; };
		5087E77C17EB970100C73F5D /* Info.plist */ = {isa = PBXFileReference; fileEncoding = 4; lastKnownFileType = text.plist.xml; path = Info.plist; sourceTree = "<group>"; };
		5087E78817EB974C00C73F5D /* AppKit.framework */ = {isa = PBXFileReference; lastKnownFileType = wrapper.framework; name = AppKit.framework; path = System/Library/Frameworks/AppKit.framework; sourceTree = SDKROOT; };
		5087E78A17EB975400C73F5D /* OpenGL.framework */ = {isa = PBXFileReference; lastKnownFileType = wrapper.framework; name = OpenGL.framework; path = System/Library/Frameworks/OpenGL.framework; sourceTree = SDKROOT; };
		50EF629217ECD46A001EB2F8 /* Icon-40.png */ = {isa = PBXFileReference; lastKnownFileType = image.png; path = "Icon-40.png"; sourceTree = "<group>"; };
		50EF629317ECD46A001EB2F8 /* Icon-58.png */ = {isa = PBXFileReference; lastKnownFileType = image.png; path = "Icon-58.png"; sourceTree = "<group>"; };
		50EF629417ECD46A001EB2F8 /* Icon-80.png */ = {isa = PBXFileReference; lastKnownFileType = image.png; path = "Icon-80.png"; sourceTree = "<group>"; };
		50EF629517ECD46A001EB2F8 /* Icon-100.png */ = {isa = PBXFileReference; lastKnownFileType = image.png; path = "Icon-100.png"; sourceTree = "<group>"; };
		50EF62A017ECD613001EB2F8 /* Icon-29.png */ = {isa = PBXFileReference; lastKnownFileType = image.png; path = "Icon-29.png"; sourceTree = "<group>"; };
		50EF62A117ECD613001EB2F8 /* Icon-50.png */ = {isa = PBXFileReference; lastKnownFileType = image.png; path = "Icon-50.png"; sourceTree = "<group>"; };
		5A6FC1271ABB300400C1769C /* Font */ = {isa = PBXFileReference; lastKnownFileType = folder; path = Font; sourceTree = "<group>"; };
		5A6FC1281ABB300400C1769C /* Sound */ = {isa = PBXFileReference; lastKnownFileType = folder; path = Sound; sourceTree = "<group>"; };
		5A6FC1291ABB300400C1769C /* Texture */ = {isa = PBXFileReference; lastKnownFileType = folder; path = Texture; sourceTree = "<group>"; };
		5A8C2CB81AEE8BA20019574E /* Plist */ = {isa = PBXFileReference; lastKnownFileType = folder; path = Plist; sourceTree = "<group>"; };
		5A93F9241ABB25F0001E05E1 /* libcri_ware_ios_LE.a */ = {isa = PBXFileReference; lastKnownFileType = archive.ar; name = libcri_ware_ios_LE.a; path = ../adx2/libs/ios/libcri_ware_ios_LE.a; sourceTree = "<group>"; };
		5AEA6B2D1B30484900EF2B0F /* AppDelegate.cpp */ = {isa = PBXFileReference; fileEncoding = 4; lastKnownFileType = sourcecode.cpp.cpp; name = AppDelegate.cpp; path = ../Classes/AppDelegate.cpp; sourceTree = "<group>"; };
		5AEA6B2E1B30484900EF2B0F /* AppDelegate.h */ = {isa = PBXFileReference; fileEncoding = 4; lastKnownFileType = sourcecode.c.h; name = AppDelegate.h; path = ../Classes/AppDelegate.h; sourceTree = "<group>"; };
		5AEA6B331B30484900EF2B0F /* RestEnemy.cpp */ = {isa = PBXFileReference; fileEncoding = 4; lastKnownFileType = sourcecode.cpp.cpp; path = RestEnemy.cpp; sourceTree = "<group>"; };
		5AEA6B341B30484900EF2B0F /* RestEnemy.h */ = {isa = PBXFileReference; fileEncoding = 4; lastKnownFileType = sourcecode.c.h; path = RestEnemy.h; sourceTree = "<group>"; };
		5AEA6B361B30484900EF2B0F /* DeadAnimation.h */ = {isa = PBXFileReference; fileEncoding = 4; lastKnownFileType = sourcecode.c.h; path = DeadAnimation.h; sourceTree = "<group>"; };
		5AEA6B371B30484900EF2B0F /* Player.cpp */ = {isa = PBXFileReference; fileEncoding = 4; lastKnownFileType = sourcecode.cpp.cpp; path = Player.cpp; sourceTree = "<group>"; };
		5AEA6B381B30484900EF2B0F /* Player.h */ = {isa = PBXFileReference; fileEncoding = 4; lastKnownFileType = sourcecode.c.h; path = Player.h; sourceTree = "<group>"; };
		5AEA6B391B30484900EF2B0F /* PlayerState.cpp */ = {isa = PBXFileReference; fileEncoding = 4; lastKnownFileType = sourcecode.cpp.cpp; path = PlayerState.cpp; sourceTree = "<group>"; };
		5AEA6B3A1B30484900EF2B0F /* PlayerState.h */ = {isa = PBXFileReference; fileEncoding = 4; lastKnownFileType = sourcecode.c.h; path = PlayerState.h; sourceTree = "<group>"; };
		5AEA6B3C1B30484900EF2B0F /* EnemyManager.cpp */ = {isa = PBXFileReference; fileEncoding = 4; lastKnownFileType = sourcecode.cpp.cpp; path = EnemyManager.cpp; sourceTree = "<group>"; };
		5AEA6B3D1B30484900EF2B0F /* EnemyManager.h */ = {isa = PBXFileReference; fileEncoding = 4; lastKnownFileType = sourcecode.c.h; path = EnemyManager.h; sourceTree = "<group>"; };
		5AEA6B3E1B30484900EF2B0F /* NoteManager.cpp */ = {isa = PBXFileReference; fileEncoding = 4; lastKnownFileType = sourcecode.cpp.cpp; path = NoteManager.cpp; sourceTree = "<group>"; };
		5AEA6B3F1B30484900EF2B0F /* NoteManager.h */ = {isa = PBXFileReference; fileEncoding = 4; lastKnownFileType = sourcecode.c.h; path = NoteManager.h; sourceTree = "<group>"; };
		5AEA6B401B30484900EF2B0F /* ObjectManager.cpp */ = {isa = PBXFileReference; fileEncoding = 4; lastKnownFileType = sourcecode.cpp.cpp; path = ObjectManager.cpp; sourceTree = "<group>"; };
		5AEA6B411B30484900EF2B0F /* ObjectManager.h */ = {isa = PBXFileReference; fileEncoding = 4; lastKnownFileType = sourcecode.c.h; path = ObjectManager.h; sourceTree = "<group>"; };
		5AEA6B421B30484900EF2B0F /* PlayerManager.cpp */ = {isa = PBXFileReference; fileEncoding = 4; lastKnownFileType = sourcecode.cpp.cpp; path = PlayerManager.cpp; sourceTree = "<group>"; };
		5AEA6B431B30484900EF2B0F /* PlayerManager.h */ = {isa = PBXFileReference; fileEncoding = 4; lastKnownFileType = sourcecode.c.h; path = PlayerManager.h; sourceTree = "<group>"; };
		5AEA6B471B30484900EF2B0F /* Bar.cpp */ = {isa = PBXFileReference; fileEncoding = 4; lastKnownFileType = sourcecode.cpp.cpp; path = Bar.cpp; sourceTree = "<group>"; };
		5AEA6B481B30484900EF2B0F /* Bar.h */ = {isa = PBXFileReference; fileEncoding = 4; lastKnownFileType = sourcecode.c.h; path = Bar.h; sourceTree = "<group>"; };
		5AEA6B4A1B30484900EF2B0F /* BlockData.h */ = {isa = PBXFileReference; fileEncoding = 4; lastKnownFileType = sourcecode.c.h; path = BlockData.h; sourceTree = "<group>"; };
		5AEA6B4B1B30484900EF2B0F /* BlockDataReader.cpp */ = {isa = PBXFileReference; fileEncoding = 4; lastKnownFileType = sourcecode.cpp.cpp; path = BlockDataReader.cpp; sourceTree = "<group>"; };
		5AEA6B4C1B30484900EF2B0F /* BlockDataReader.h */ = {isa = PBXFileReference; fileEncoding = 4; lastKnownFileType = sourcecode.c.h; path = BlockDataReader.h; sourceTree = "<group>"; };
		5AEA6B4D1B30484900EF2B0F /* BlockFactory.cpp */ = {isa = PBXFileReference; fileEncoding = 4; lastKnownFileType = sourcecode.cpp.cpp; path = BlockFactory.cpp; sourceTree = "<group>"; };
		5AEA6B4E1B30484900EF2B0F /* BlockFactory.h */ = {isa = PBXFileReference; fileEncoding = 4; lastKnownFileType = sourcecode.c.h; path = BlockFactory.h; sourceTree = "<group>"; };
		5AEA6B4F1B30484900EF2B0F /* BlockManager.cpp */ = {isa = PBXFileReference; fileEncoding = 4; lastKnownFileType = sourcecode.cpp.cpp; path = BlockManager.cpp; sourceTree = "<group>"; };
		5AEA6B501B30484900EF2B0F /* BlockManager.h */ = {isa = PBXFileReference; fileEncoding = 4; lastKnownFileType = sourcecode.c.h; path = BlockManager.h; sourceTree = "<group>"; };
		5AEA6B511B30484900EF2B0F /* BlueBlock.cpp */ = {isa = PBXFileReference; fileEncoding = 4; lastKnownFileType = sourcecode.cpp.cpp; path = BlueBlock.cpp; sourceTree = "<group>"; };
		5AEA6B521B30484900EF2B0F /* BlueBlock.h */ = {isa = PBXFileReference; fileEncoding = 4; lastKnownFileType = sourcecode.c.h; path = BlueBlock.h; sourceTree = "<group>"; };
		5AEA6B531B30484900EF2B0F /* GoalBlock.cpp */ = {isa = PBXFileReference; fileEncoding = 4; lastKnownFileType = sourcecode.cpp.cpp; path = GoalBlock.cpp; sourceTree = "<group>"; };
		5AEA6B541B30484900EF2B0F /* GoalBlock.h */ = {isa = PBXFileReference; fileEncoding = 4; lastKnownFileType = sourcecode.c.h; path = GoalBlock.h; sourceTree = "<group>"; };
		5AEA6B551B30484900EF2B0F /* NormalBlock.cpp */ = {isa = PBXFileReference; fileEncoding = 4; lastKnownFileType = sourcecode.cpp.cpp; path = NormalBlock.cpp; sourceTree = "<group>"; };
		5AEA6B561B30484900EF2B0F /* NormalBlock.h */ = {isa = PBXFileReference; fileEncoding = 4; lastKnownFileType = sourcecode.c.h; path = NormalBlock.h; sourceTree = "<group>"; };
		5AEA6B571B30484900EF2B0F /* RedBlock.cpp */ = {isa = PBXFileReference; fileEncoding = 4; lastKnownFileType = sourcecode.cpp.cpp; path = RedBlock.cpp; sourceTree = "<group>"; };
		5AEA6B581B30484900EF2B0F /* RedBlock.h */ = {isa = PBXFileReference; fileEncoding = 4; lastKnownFileType = sourcecode.c.h; path = RedBlock.h; sourceTree = "<group>"; };
		5AEA6B5A1B30484900EF2B0F /* Goal.cpp */ = {isa = PBXFileReference; fileEncoding = 4; lastKnownFileType = sourcecode.cpp.cpp; path = Goal.cpp; sourceTree = "<group>"; };
		5AEA6B5B1B30484900EF2B0F /* Goal.h */ = {isa = PBXFileReference; fileEncoding = 4; lastKnownFileType = sourcecode.c.h; path = Goal.h; sourceTree = "<group>"; };
		5AEA6B5D1B30484900EF2B0F /* Note.cpp */ = {isa = PBXFileReference; fileEncoding = 4; lastKnownFileType = sourcecode.cpp.cpp; path = Note.cpp; sourceTree = "<group>"; };
		5AEA6B5E1B30484900EF2B0F /* Note.h */ = {isa = PBXFileReference; fileEncoding = 4; lastKnownFileType = sourcecode.c.h; path = Note.h; sourceTree = "<group>"; };
		5AEA6B5F1B30484900EF2B0F /* NoteLine.cpp */ = {isa = PBXFileReference; fileEncoding = 4; lastKnownFileType = sourcecode.cpp.cpp; path = NoteLine.cpp; sourceTree = "<group>"; };
		5AEA6B601B30484900EF2B0F /* NoteLine.h */ = {isa = PBXFileReference; fileEncoding = 4; lastKnownFileType = sourcecode.c.h; path = NoteLine.h; sourceTree = "<group>"; };
		5AEA6B611B30484900EF2B0F /* NoteValue.h */ = {isa = PBXFileReference; fileEncoding = 4; lastKnownFileType = sourcecode.c.h; path = NoteValue.h; sourceTree = "<group>"; };
		5AEA6B621B30484900EF2B0F /* ObjectType.h */ = {isa = PBXFileReference; fileEncoding = 4; lastKnownFileType = sourcecode.c.h; path = ObjectType.h; sourceTree = "<group>"; };
		5AEA6B641B30484900EF2B0F /* Rest.cpp */ = {isa = PBXFileReference; fileEncoding = 4; lastKnownFileType = sourcecode.cpp.cpp; path = Rest.cpp; sourceTree = "<group>"; };
		5AEA6B651B30484900EF2B0F /* Rest.h */ = {isa = PBXFileReference; fileEncoding = 4; lastKnownFileType = sourcecode.c.h; path = Rest.h; sourceTree = "<group>"; };
		5AEA6B661B30484900EF2B0F /* StageObj.h */ = {isa = PBXFileReference; fileEncoding = 4; lastKnownFileType = sourcecode.c.h; path = StageObj.h; sourceTree = "<group>"; };
		5AEA6B681B30484900EF2B0F /* TestObject.cpp */ = {isa = PBXFileReference; fileEncoding = 4; lastKnownFileType = sourcecode.cpp.cpp; path = TestObject.cpp; sourceTree = "<group>"; };
		5AEA6B691B30484900EF2B0F /* TestObject.h */ = {isa = PBXFileReference; fileEncoding = 4; lastKnownFileType = sourcecode.c.h; path = TestObject.h; sourceTree = "<group>"; };
		5AEA6B6B1B30484900EF2B0F /* BackGround.cpp */ = {isa = PBXFileReference; fileEncoding = 4; lastKnownFileType = sourcecode.cpp.cpp; path = BackGround.cpp; sourceTree = "<group>"; };
		5AEA6B6C1B30484900EF2B0F /* BackGround.h */ = {isa = PBXFileReference; fileEncoding = 4; lastKnownFileType = sourcecode.c.h; path = BackGround.h; sourceTree = "<group>"; };
		5AEA6B6D1B30484900EF2B0F /* SlideBar.cpp */ = {isa = PBXFileReference; fileEncoding = 4; lastKnownFileType = sourcecode.cpp.cpp; path = SlideBar.cpp; sourceTree = "<group>"; };
		5AEA6B6E1B30484900EF2B0F /* SlideBar.h */ = {isa = PBXFileReference; fileEncoding = 4; lastKnownFileType = sourcecode.c.h; path = SlideBar.h; sourceTree = "<group>"; };
		5AEA6B6F1B30484900EF2B0F /* UiObjectLayer.cpp */ = {isa = PBXFileReference; fileEncoding = 4; lastKnownFileType = sourcecode.cpp.cpp; path = UiObjectLayer.cpp; sourceTree = "<group>"; };
		5AEA6B701B30484900EF2B0F /* UiObjectLayer.h */ = {isa = PBXFileReference; fileEncoding = 4; lastKnownFileType = sourcecode.c.h; path = UiObjectLayer.h; sourceTree = "<group>"; };
		5AEA6B731B30484900EF2B0F /* EndingScene.cpp */ = {isa = PBXFileReference; fileEncoding = 4; lastKnownFileType = sourcecode.cpp.cpp; path = EndingScene.cpp; sourceTree = "<group>"; };
		5AEA6B741B30484900EF2B0F /* EndingScene.h */ = {isa = PBXFileReference; fileEncoding = 4; lastKnownFileType = sourcecode.c.h; path = EndingScene.h; sourceTree = "<group>"; };
		5AEA6B751B30484900EF2B0F /* EndingState.cpp */ = {isa = PBXFileReference; fileEncoding = 4; lastKnownFileType = sourcecode.cpp.cpp; path = EndingState.cpp; sourceTree = "<group>"; };
		5AEA6B761B30484900EF2B0F /* EndingState.h */ = {isa = PBXFileReference; fileEncoding = 4; lastKnownFileType = sourcecode.c.h; path = EndingState.h; sourceTree = "<group>"; };
		5AEA6B781B30484900EF2B0F /* GameDataMediator.cpp */ = {isa = PBXFileReference; fileEncoding = 4; lastKnownFileType = sourcecode.cpp.cpp; path = GameDataMediator.cpp; sourceTree = "<group>"; };
		5AEA6B791B30484900EF2B0F /* GameDataMediator.h */ = {isa = PBXFileReference; fileEncoding = 4; lastKnownFileType = sourcecode.c.h; path = GameDataMediator.h; sourceTree = "<group>"; };
		5AEA6B7A1B30484900EF2B0F /* GameMainScene.cpp */ = {isa = PBXFileReference; fileEncoding = 4; lastKnownFileType = sourcecode.cpp.cpp; path = GameMainScene.cpp; sourceTree = "<group>"; };
		5AEA6B7B1B30484900EF2B0F /* GameMainScene.h */ = {isa = PBXFileReference; fileEncoding = 4; lastKnownFileType = sourcecode.c.h; path = GameMainScene.h; sourceTree = "<group>"; };
		5AEA6B7C1B30484900EF2B0F /* GameMainState.cpp */ = {isa = PBXFileReference; fileEncoding = 4; lastKnownFileType = sourcecode.cpp.cpp; path = GameMainState.cpp; sourceTree = "<group>"; };
		5AEA6B7D1B30484900EF2B0F /* GameMainState.h */ = {isa = PBXFileReference; fileEncoding = 4; lastKnownFileType = sourcecode.c.h; path = GameMainState.h; sourceTree = "<group>"; };
		5AEA6B7F1B30484900EF2B0F /* GameTitleScene.cpp */ = {isa = PBXFileReference; fileEncoding = 4; lastKnownFileType = sourcecode.cpp.cpp; path = GameTitleScene.cpp; sourceTree = "<group>"; };
		5AEA6B801B30484900EF2B0F /* GameTitleScene.h */ = {isa = PBXFileReference; fileEncoding = 4; lastKnownFileType = sourcecode.c.h; path = GameTitleScene.h; sourceTree = "<group>"; };
		5AEA6B811B30484900EF2B0F /* GameTitleScreen.cpp */ = {isa = PBXFileReference; fileEncoding = 4; lastKnownFileType = sourcecode.cpp.cpp; path = GameTitleScreen.cpp; sourceTree = "<group>"; };
		5AEA6B821B30484900EF2B0F /* GameTitleScreen.h */ = {isa = PBXFileReference; fileEncoding = 4; lastKnownFileType = sourcecode.c.h; path = GameTitleScreen.h; sourceTree = "<group>"; };
		5AEA6B831B30484900EF2B0F /* HigeLayer.cpp */ = {isa = PBXFileReference; fileEncoding = 4; lastKnownFileType = sourcecode.cpp.cpp; path = HigeLayer.cpp; sourceTree = "<group>"; };
		5AEA6B841B30484900EF2B0F /* HigeLayer.h */ = {isa = PBXFileReference; fileEncoding = 4; lastKnownFileType = sourcecode.c.h; path = HigeLayer.h; sourceTree = "<group>"; };
		5AEA6B851B30484900EF2B0F /* TestLayer.cpp */ = {isa = PBXFileReference; fileEncoding = 4; lastKnownFileType = sourcecode.cpp.cpp; path = TestLayer.cpp; sourceTree = "<group>"; };
		5AEA6B861B30484900EF2B0F /* TestLayer.h */ = {isa = PBXFileReference; fileEncoding = 4; lastKnownFileType = sourcecode.c.h; path = TestLayer.h; sourceTree = "<group>"; };
		5AEA6B881B30484900EF2B0F /* TitleScene.cpp */ = {isa = PBXFileReference; fileEncoding = 4; lastKnownFileType = sourcecode.cpp.cpp; path = TitleScene.cpp; sourceTree = "<group>"; };
		5AEA6B891B30484900EF2B0F /* TitleScene.h */ = {isa = PBXFileReference; fileEncoding = 4; lastKnownFileType = sourcecode.c.h; path = TitleScene.h; sourceTree = "<group>"; };
		5AEA6B8A1B30484900EF2B0F /* TitleState.cpp */ = {isa = PBXFileReference; fileEncoding = 4; lastKnownFileType = sourcecode.cpp.cpp; path = TitleState.cpp; sourceTree = "<group>"; };
		5AEA6B8B1B30484900EF2B0F /* TitleState.h */ = {isa = PBXFileReference; fileEncoding = 4; lastKnownFileType = sourcecode.c.h; path = TitleState.h; sourceTree = "<group>"; };
		5AEA6B8F1B30484900EF2B0F /* CustomFollow.cpp */ = {isa = PBXFileReference; fileEncoding = 4; lastKnownFileType = sourcecode.cpp.cpp; path = CustomFollow.cpp; sourceTree = "<group>"; };
		5AEA6B901B30484900EF2B0F /* CustomFollow.h */ = {isa = PBXFileReference; fileEncoding = 4; lastKnownFileType = sourcecode.c.h; path = CustomFollow.h; sourceTree = "<group>"; };
		5AEA6B911B30484900EF2B0F /* Jump.cpp */ = {isa = PBXFileReference; fileEncoding = 4; lastKnownFileType = sourcecode.cpp.cpp; path = Jump.cpp; sourceTree = "<group>"; };
		5AEA6B921B30484900EF2B0F /* Jump.h */ = {isa = PBXFileReference; fileEncoding = 4; lastKnownFileType = sourcecode.c.h; path = Jump.h; sourceTree = "<group>"; };
		5AEA6B941B30484900EF2B0F /* SpriteAnimation.cpp */ = {isa = PBXFileReference; fileEncoding = 4; lastKnownFileType = sourcecode.cpp.cpp; path = SpriteAnimation.cpp; sourceTree = "<group>"; };
		5AEA6B951B30484900EF2B0F /* SpriteAnimation.h */ = {isa = PBXFileReference; fileEncoding = 4; lastKnownFileType = sourcecode.c.h; path = SpriteAnimation.h; sourceTree = "<group>"; };
		5AEA6B971B30484900EF2B0F /* ADX2Converter.cpp */ = {isa = PBXFileReference; fileEncoding = 4; lastKnownFileType = sourcecode.cpp.cpp; path = ADX2Converter.cpp; sourceTree = "<group>"; };
		5AEA6B981B30484900EF2B0F /* ADX2Converter.h */ = {isa = PBXFileReference; fileEncoding = 4; lastKnownFileType = sourcecode.c.h; path = ADX2Converter.h; sourceTree = "<group>"; };
		5AEA6B991B30484900EF2B0F /* ADX2CueSheet.cpp */ = {isa = PBXFileReference; fileEncoding = 4; lastKnownFileType = sourcecode.cpp.cpp; path = ADX2CueSheet.cpp; sourceTree = "<group>"; };
		5AEA6B9A1B30484900EF2B0F /* ADX2CueSheet.h */ = {isa = PBXFileReference; fileEncoding = 4; lastKnownFileType = sourcecode.c.h; path = ADX2CueSheet.h; sourceTree = "<group>"; };
		5AEA6B9B1B30484900EF2B0F /* ADX2LogoLayer.cpp */ = {isa = PBXFileReference; fileEncoding = 4; lastKnownFileType = sourcecode.cpp.cpp; path = ADX2LogoLayer.cpp; sourceTree = "<group>"; };
		5AEA6B9C1B30484900EF2B0F /* ADX2LogoLayer.h */ = {isa = PBXFileReference; fileEncoding = 4; lastKnownFileType = sourcecode.c.h; path = ADX2LogoLayer.h; sourceTree = "<group>"; };
		5AEA6B9D1B30484900EF2B0F /* ADX2Manager.cpp */ = {isa = PBXFileReference; fileEncoding = 4; lastKnownFileType = sourcecode.cpp.cpp; path = ADX2Manager.cpp; sourceTree = "<group>"; };
		5AEA6B9E1B30484900EF2B0F /* ADX2Manager.h */ = {isa = PBXFileReference; fileEncoding = 4; lastKnownFileType = sourcecode.c.h; path = ADX2Manager.h; sourceTree = "<group>"; };
		5AEA6B9F1B30484900EF2B0F /* ADX2Player.cpp */ = {isa = PBXFileReference; fileEncoding = 4; lastKnownFileType = sourcecode.cpp.cpp; path = ADX2Player.cpp; sourceTree = "<group>"; };
		5AEA6BA01B30484900EF2B0F /* ADX2Player.h */ = {isa = PBXFileReference; fileEncoding = 4; lastKnownFileType = sourcecode.c.h; path = ADX2Player.h; sourceTree = "<group>"; };
		5AEA6BA21B30484900EF2B0F /* Note_acf.h */ = {isa = PBXFileReference; fileEncoding = 4; lastKnownFileType = sourcecode.c.h; path = Note_acf.h; sourceTree = "<group>"; };
		5AEA6BA31B30484900EF2B0F /* PianoSample.h */ = {isa = PBXFileReference; fileEncoding = 4; lastKnownFileType = sourcecode.c.h; path = PianoSample.h; sourceTree = "<group>"; };
		5AEA6BA51B30484900EF2B0F /* Camera.cpp */ = {isa = PBXFileReference; fileEncoding = 4; lastKnownFileType = sourcecode.cpp.cpp; path = Camera.cpp; sourceTree = "<group>"; };
		5AEA6BA61B30484900EF2B0F /* Camera.h */ = {isa = PBXFileReference; fileEncoding = 4; lastKnownFileType = sourcecode.c.h; path = Camera.h; sourceTree = "<group>"; };
		5AEA6BA81B30484900EF2B0F /* ListenerAssistant.cpp */ = {isa = PBXFileReference; fileEncoding = 4; lastKnownFileType = sourcecode.cpp.cpp; path = ListenerAssistant.cpp; sourceTree = "<group>"; };
		5AEA6BA91B30484900EF2B0F /* ListenerAssistant.h */ = {isa = PBXFileReference; fileEncoding = 4; lastKnownFileType = sourcecode.c.h; path = ListenerAssistant.h; sourceTree = "<group>"; };
		5AEA6BAA1B30484900EF2B0F /* SpriteCreator.cpp */ = {isa = PBXFileReference; fileEncoding = 4; lastKnownFileType = sourcecode.cpp.cpp; path = SpriteCreator.cpp; sourceTree = "<group>"; };
		5AEA6BAB1B30484900EF2B0F /* SpriteCreator.h */ = {isa = PBXFileReference; fileEncoding = 4; lastKnownFileType = sourcecode.c.h; path = SpriteCreator.h; sourceTree = "<group>"; };
		5AEA6BAD1B30484900EF2B0F /* Collider.cpp */ = {isa = PBXFileReference; fileEncoding = 4; lastKnownFileType = sourcecode.cpp.cpp; path = Collider.cpp; sourceTree = "<group>"; };
		5AEA6BAE1B30484900EF2B0F /* Collider.h */ = {isa = PBXFileReference; fileEncoding = 4; lastKnownFileType = sourcecode.c.h; path = Collider.h; sourceTree = "<group>"; };
		5AEA6BAF1B30484900EF2B0F /* DistanceCheck.cpp */ = {isa = PBXFileReference; fileEncoding = 4; lastKnownFileType = sourcecode.cpp.cpp; path = DistanceCheck.cpp; sourceTree = "<group>"; };
		5AEA6BB01B30484900EF2B0F /* DistanceCheck.h */ = {isa = PBXFileReference; fileEncoding = 4; lastKnownFileType = sourcecode.c.h; path = DistanceCheck.h; sourceTree = "<group>"; };
		5AEA6BB11B30484900EF2B0F /* PhysicsCollisionManager.cpp */ = {isa = PBXFileReference; fileEncoding = 4; lastKnownFileType = sourcecode.cpp.cpp; path = PhysicsCollisionManager.cpp; sourceTree = "<group>"; };
		5AEA6BB21B30484900EF2B0F /* PhysicsCollisionManager.h */ = {isa = PBXFileReference; fileEncoding = 4; lastKnownFileType = sourcecode.c.h; path = PhysicsCollisionManager.h; sourceTree = "<group>"; };
		5AEA6BB31B30484900EF2B0F /* PhysicsListener.cpp */ = {isa = PBXFileReference; fileEncoding = 4; lastKnownFileType = sourcecode.cpp.cpp; path = PhysicsListener.cpp; sourceTree = "<group>"; };
		5AEA6BB41B30484900EF2B0F /* PhysicsListener.h */ = {isa = PBXFileReference; fileEncoding = 4; lastKnownFileType = sourcecode.c.h; path = PhysicsListener.h; sourceTree = "<group>"; };
		5AEA6BB61B30484900EF2B0F /* Delegate.h */ = {isa = PBXFileReference; fileEncoding = 4; lastKnownFileType = sourcecode.c.h; path = Delegate.h; sourceTree = "<group>"; };
		5AEA6BB81B30484900EF2B0F /* PlistReader.cpp */ = {isa = PBXFileReference; fileEncoding = 4; lastKnownFileType = sourcecode.cpp.cpp; path = PlistReader.cpp; sourceTree = "<group>"; };
		5AEA6BB91B30484900EF2B0F /* PlistReader.h */ = {isa = PBXFileReference; fileEncoding = 4; lastKnownFileType = sourcecode.c.h; path = PlistReader.h; sourceTree = "<group>"; };
		5AEA6BBB1B30484900EF2B0F /* DeleteContainer.h */ = {isa = PBXFileReference; fileEncoding = 4; lastKnownFileType = sourcecode.c.h; path = DeleteContainer.h; sourceTree = "<group>"; };
		5AEA6BBC1B30484900EF2B0F /* DeleteContainerImpl.h */ = {isa = PBXFileReference; fileEncoding = 4; lastKnownFileType = sourcecode.c.h; path = DeleteContainerImpl.h; sourceTree = "<group>"; };
		5AEA6BBD1B30484900EF2B0F /* DeleteInstance.h */ = {isa = PBXFileReference; fileEncoding = 4; lastKnownFileType = sourcecode.c.h; path = DeleteInstance.h; sourceTree = "<group>"; };
		5AEA6BBE1B30484900EF2B0F /* ReleaseContainer.h */ = {isa = PBXFileReference; fileEncoding = 4; lastKnownFileType = sourcecode.c.h; path = ReleaseContainer.h; sourceTree = "<group>"; };
		5AEA6BBF1B30484900EF2B0F /* ReleaseContainerImpl.h */ = {isa = PBXFileReference; fileEncoding = 4; lastKnownFileType = sourcecode.c.h; path = ReleaseContainerImpl.h; sourceTree = "<group>"; };
		5AEA6BC01B30484900EF2B0F /* ReleaseInstance.h */ = {isa = PBXFileReference; fileEncoding = 4; lastKnownFileType = sourcecode.c.h; path = ReleaseInstance.h; sourceTree = "<group>"; };
		5AEA6BC21B30484900EF2B0F /* IScene.cpp */ = {isa = PBXFileReference; fileEncoding = 4; lastKnownFileType = sourcecode.cpp.cpp; path = IScene.cpp; sourceTree = "<group>"; };
		5AEA6BC31B30484900EF2B0F /* IScene.h */ = {isa = PBXFileReference; fileEncoding = 4; lastKnownFileType = sourcecode.c.h; path = IScene.h; sourceTree = "<group>"; };
		5AEA6BC41B30484900EF2B0F /* SceneCreator.cpp */ = {isa = PBXFileReference; fileEncoding = 4; lastKnownFileType = sourcecode.cpp.cpp; path = SceneCreator.cpp; sourceTree = "<group>"; };
		5AEA6BC51B30484900EF2B0F /* SceneCreator.h */ = {isa = PBXFileReference; fileEncoding = 4; lastKnownFileType = sourcecode.c.h; path = SceneCreator.h; sourceTree = "<group>"; };
		5AEA6BC71B30484900EF2B0F /* CloneFactory.h */ = {isa = PBXFileReference; fileEncoding = 4; lastKnownFileType = sourcecode.c.h; path = CloneFactory.h; sourceTree = "<group>"; };
		5AEA6BC81B30484900EF2B0F /* CloneFactoryImpl.h */ = {isa = PBXFileReference; fileEncoding = 4; lastKnownFileType = sourcecode.c.h; path = CloneFactoryImpl.h; sourceTree = "<group>"; };
		5AEA6BC91B30484900EF2B0F /* Singleton.h */ = {isa = PBXFileReference; fileEncoding = 4; lastKnownFileType = sourcecode.c.h; path = Singleton.h; sourceTree = "<group>"; };
		5AEA6BCB1B30484900EF2B0F /* Timer.cpp */ = {isa = PBXFileReference; fileEncoding = 4; lastKnownFileType = sourcecode.cpp.cpp; path = Timer.cpp; sourceTree = "<group>"; };
		5AEA6BCC1B30484900EF2B0F /* Timer.h */ = {isa = PBXFileReference; fileEncoding = 4; lastKnownFileType = sourcecode.c.h; path = Timer.h; sourceTree = "<group>"; };
		BF170DB012928DE900B8313A /* OpenGLES.framework */ = {isa = PBXFileReference; lastKnownFileType = wrapper.framework; name = OpenGLES.framework; path = System/Library/Frameworks/OpenGLES.framework; sourceTree = SDKROOT; };
		BF170DB412928DE900B8313A /* libz.dylib */ = {isa = PBXFileReference; lastKnownFileType = "compiled.mach-o.dylib"; name = libz.dylib; path = usr/lib/libz.dylib; sourceTree = SDKROOT; };
		BF1C47EA1293683800B63C5D /* QuartzCore.framework */ = {isa = PBXFileReference; lastKnownFileType = wrapper.framework; name = QuartzCore.framework; path = System/Library/Frameworks/QuartzCore.framework; sourceTree = SDKROOT; };
		D44C620B132DFF330009C878 /* OpenAL.framework */ = {isa = PBXFileReference; lastKnownFileType = wrapper.framework; name = OpenAL.framework; path = System/Library/Frameworks/OpenAL.framework; sourceTree = SDKROOT; };
		D44C620D132DFF430009C878 /* AVFoundation.framework */ = {isa = PBXFileReference; lastKnownFileType = wrapper.framework; name = AVFoundation.framework; path = System/Library/Frameworks/AVFoundation.framework; sourceTree = SDKROOT; };
		D44C620F132DFF4E0009C878 /* AudioToolbox.framework */ = {isa = PBXFileReference; lastKnownFileType = wrapper.framework; name = AudioToolbox.framework; path = System/Library/Frameworks/AudioToolbox.framework; sourceTree = SDKROOT; };
		D6B0611A1803AB670077942B /* CoreMotion.framework */ = {isa = PBXFileReference; lastKnownFileType = wrapper.framework; name = CoreMotion.framework; path = Platforms/iPhoneOS.platform/Developer/SDKs/iPhoneOS7.0.sdk/System/Library/Frameworks/CoreMotion.framework; sourceTree = DEVELOPER_DIR; };
/* End PBXFileReference section */

/* Begin PBXFrameworksBuildPhase section */
		1D60588F0D05DD3D006BFB54 /* Frameworks */ = {
			isa = PBXFrameworksBuildPhase;
			buildActionMask = 2147483647;
			files = (
				5A93F9251ABB25F0001E05E1 /* libcri_ware_ios_LE.a in Frameworks */,
				1AC6FB2E180E99EB004C840B /* libbox2d iOS.a in Frameworks */,
				1AC6FB2F180E99EB004C840B /* libchipmunk iOS.a in Frameworks */,
				1AC6FB30180E99EB004C840B /* libcocos2dx iOS.a in Frameworks */,
				1AC6FB31180E99EB004C840B /* libcocos2dx-extensions iOS.a in Frameworks */,
				1AC6FB32180E99EB004C840B /* libCocosDenshion iOS.a in Frameworks */,
				D6B0611B1803AB670077942B /* CoreMotion.framework in Frameworks */,
				1D60589F0D05DD5A006BFB54 /* Foundation.framework in Frameworks */,
				1DF5F4E00D08C38300B7A737 /* UIKit.framework in Frameworks */,
				288765A50DF7441C002DB57D /* CoreGraphics.framework in Frameworks */,
				BF171245129291EC00B8313A /* OpenGLES.framework in Frameworks */,
				BF1712471292920000B8313A /* libz.dylib in Frameworks */,
				BF1C47F01293687400B63C5D /* QuartzCore.framework in Frameworks */,
				D44C620C132DFF330009C878 /* OpenAL.framework in Frameworks */,
				D44C620E132DFF430009C878 /* AVFoundation.framework in Frameworks */,
				D44C6210132DFF4E0009C878 /* AudioToolbox.framework in Frameworks */,
			);
			runOnlyForDeploymentPostprocessing = 0;
		};
		5087E75C17EB910900C73F5D /* Frameworks */ = {
			isa = PBXFrameworksBuildPhase;
			buildActionMask = 2147483647;
			files = (
				1AC6FB1F180E996B004C840B /* libbox2d Mac.a in Frameworks */,
				1AC6FB20180E996B004C840B /* libchipmunk Mac.a in Frameworks */,
				1AC6FB21180E996B004C840B /* libcocos2dx Mac.a in Frameworks */,
				1AC6FB22180E996B004C840B /* libcocos2dx-extensions Mac.a in Frameworks */,
				1AC6FB23180E996B004C840B /* libCocosDenshion Mac.a in Frameworks */,
				503AE11217EB99EE00D1A890 /* libcurl.dylib in Frameworks */,
				5087E76717EB910900C73F5D /* libz.dylib in Frameworks */,
				503AE11B17EB9C5A00D1A890 /* IOKit.framework in Frameworks */,
				5087E78B17EB975400C73F5D /* OpenGL.framework in Frameworks */,
				5087E78917EB974C00C73F5D /* AppKit.framework in Frameworks */,
				5087E76317EB910900C73F5D /* Foundation.framework in Frameworks */,
				5087E76517EB910900C73F5D /* CoreGraphics.framework in Frameworks */,
				5087E76817EB910900C73F5D /* QuartzCore.framework in Frameworks */,
				5087E76917EB910900C73F5D /* OpenAL.framework in Frameworks */,
				5087E76A17EB910900C73F5D /* AVFoundation.framework in Frameworks */,
				5087E76B17EB910900C73F5D /* AudioToolbox.framework in Frameworks */,
			);
			runOnlyForDeploymentPostprocessing = 0;
		};
/* End PBXFrameworksBuildPhase section */

/* Begin PBXGroup section */
		080E96DDFE201D6D7F000001 /* ios */ = {
			isa = PBXGroup;
			children = (
				5087E77117EB970100C73F5D /* Icons */,
				503AE0FA17EB989F00D1A890 /* AppController.h */,
				503AE0FB17EB989F00D1A890 /* AppController.mm */,
				503AE0FC17EB989F00D1A890 /* main.m */,
				503AE0FD17EB989F00D1A890 /* Prefix.pch */,
				503AE0FE17EB989F00D1A890 /* RootViewController.h */,
				503AE0FF17EB989F00D1A890 /* RootViewController.mm */,
			);
			name = ios;
			path = Classes;
			sourceTree = "<group>";
		};
		15AA9C4015B7EC450033D6C2 /* Classes */ = {
			isa = PBXGroup;
			children = (
				5AEA6B2D1B30484900EF2B0F /* AppDelegate.cpp */,
				5AEA6B2E1B30484900EF2B0F /* AppDelegate.h */,
				5AEA6B2F1B30484900EF2B0F /* Game */,
				5AEA6B8C1B30484900EF2B0F /* Utility */,
			);
			name = Classes;
			path = ../classes;
			sourceTree = "<group>";
		};
		19C28FACFE9D520D11CA2CBB /* Products */ = {
			isa = PBXGroup;
			children = (
				1D6058910D05DD3D006BFB54 /* Note iOS.app */,
				5087E76F17EB910900C73F5D /* Note Mac.app */,
			);
			name = Products;
			sourceTree = "<group>";
		};
		1AC6FAE6180E9839004C840B /* Products */ = {
			isa = PBXGroup;
			children = (
				1AC6FAF9180E9839004C840B /* libcocos2dx Mac.a */,
				1AC6FAFB180E9839004C840B /* libcocos2dx-extensions Mac.a */,
				1AC6FAFD180E9839004C840B /* libchipmunk Mac.a */,
				1AC6FAFF180E9839004C840B /* libbox2d Mac.a */,
				1AC6FB01180E9839004C840B /* libCocosDenshion Mac.a */,
				1AC6FB07180E9839004C840B /* libcocos2dx iOS.a */,
				1AC6FB09180E9839004C840B /* libcocos2dx-extensions iOS.a */,
				1AC6FB0B180E9839004C840B /* libchipmunk iOS.a */,
				1AC6FB0D180E9839004C840B /* libbox2d iOS.a */,
				1AC6FB0F180E9839004C840B /* libCocosDenshion iOS.a */,
			);
			name = Products;
			sourceTree = "<group>";
		};
		29B97314FDCFA39411CA2CEA /* CustomTemplate */ = {
			isa = PBXGroup;
			children = (
				1AC6FAE5180E9839004C840B /* cocos2d_libs.xcodeproj */,
				15AA9C4015B7EC450033D6C2 /* Classes */,
				29B97323FDCFA39411CA2CEA /* Frameworks */,
				080E96DDFE201D6D7F000001 /* ios */,
				503AE10617EB990700D1A890 /* mac */,
				19C28FACFE9D520D11CA2CBB /* Products */,
				78C7DDAA14EBA5050085D0C2 /* Resources */,
			);
			name = CustomTemplate;
			sourceTree = "<group>";
		};
		29B97323FDCFA39411CA2CEA /* Frameworks */ = {
			isa = PBXGroup;
			children = (
				5A93F9241ABB25F0001E05E1 /* libcri_ware_ios_LE.a */,
				D6B0611A1803AB670077942B /* CoreMotion.framework */,
				503AE11A17EB9C5A00D1A890 /* IOKit.framework */,
				503AE11117EB99EE00D1A890 /* libcurl.dylib */,
				5087E78A17EB975400C73F5D /* OpenGL.framework */,
				5087E78817EB974C00C73F5D /* AppKit.framework */,
				1ACB3243164770DE00914215 /* libcurl.a */,
				BF170DB412928DE900B8313A /* libz.dylib */,
				D44C620F132DFF4E0009C878 /* AudioToolbox.framework */,
				D44C620D132DFF430009C878 /* AVFoundation.framework */,
				288765A40DF7441C002DB57D /* CoreGraphics.framework */,
				1D30AB110D05D00D00671497 /* Foundation.framework */,
				D44C620B132DFF330009C878 /* OpenAL.framework */,
				BF170DB012928DE900B8313A /* OpenGLES.framework */,
				BF1C47EA1293683800B63C5D /* QuartzCore.framework */,
				1DF5F4DF0D08C38300B7A737 /* UIKit.framework */,
			);
			name = Frameworks;
			sourceTree = "<group>";
		};
		503AE0F517EB97AB00D1A890 /* Icons */ = {
			isa = PBXGroup;
			children = (
				503AE0F617EB97AB00D1A890 /* Icon.icns */,
				503AE0F717EB97AB00D1A890 /* Info.plist */,
			);
			name = Icons;
			path = mac;
			sourceTree = SOURCE_ROOT;
		};
		503AE10617EB990700D1A890 /* mac */ = {
			isa = PBXGroup;
			children = (
				503AE0F517EB97AB00D1A890 /* Icons */,
				503AE10317EB98FF00D1A890 /* main.cpp */,
				503AE10417EB98FF00D1A890 /* Prefix.pch */,
			);
			name = mac;
			sourceTree = "<group>";
		};
		5087E77117EB970100C73F5D /* Icons */ = {
			isa = PBXGroup;
			children = (
				5087E77217EB970100C73F5D /* Default-568h@2x.png */,
				5087E77317EB970100C73F5D /* Default.png */,
				5087E77417EB970100C73F5D /* Default@2x.png */,
				50EF62A017ECD613001EB2F8 /* Icon-29.png */,
				50EF62A117ECD613001EB2F8 /* Icon-50.png */,
				50EF629217ECD46A001EB2F8 /* Icon-40.png */,
				50EF629317ECD46A001EB2F8 /* Icon-58.png */,
				50EF629417ECD46A001EB2F8 /* Icon-80.png */,
				50EF629517ECD46A001EB2F8 /* Icon-100.png */,
				5087E77517EB970100C73F5D /* Icon-114.png */,
				5087E77617EB970100C73F5D /* Icon-120.png */,
				5087E77717EB970100C73F5D /* Icon-144.png */,
				5087E77817EB970100C73F5D /* Icon-152.png */,
				5087E77917EB970100C73F5D /* Icon-57.png */,
				5087E77A17EB970100C73F5D /* Icon-72.png */,
				5087E77B17EB970100C73F5D /* Icon-76.png */,
				5087E77C17EB970100C73F5D /* Info.plist */,
			);
			name = Icons;
			path = ios;
			sourceTree = SOURCE_ROOT;
		};
		5AEA6B2F1B30484900EF2B0F /* Game */ = {
			isa = PBXGroup;
			children = (
				5AEA6B301B30484900EF2B0F /* Object */,
				5AEA6B711B30484900EF2B0F /* Scene */,
			);
			name = Game;
			path = ../Classes/Game;
			sourceTree = "<group>";
		};
		5AEA6B301B30484900EF2B0F /* Object */ = {
			isa = PBXGroup;
			children = (
				5AEA6B311B30484900EF2B0F /* Character */,
				5AEA6B3B1B30484900EF2B0F /* Manager */,
				5AEA6B441B30484900EF2B0F /* StageObject */,
				5AEA6B671B30484900EF2B0F /* Test */,
				5AEA6B6A1B30484900EF2B0F /* UIObject */,
			);
			path = Object;
			sourceTree = "<group>";
		};
		5AEA6B311B30484900EF2B0F /* Character */ = {
			isa = PBXGroup;
			children = (
				5AEA6B321B30484900EF2B0F /* Enemy */,
				5AEA6B351B30484900EF2B0F /* Player */,
			);
			path = Character;
			sourceTree = "<group>";
		};
		5AEA6B321B30484900EF2B0F /* Enemy */ = {
			isa = PBXGroup;
			children = (
				5AEA6B331B30484900EF2B0F /* RestEnemy.cpp */,
				5AEA6B341B30484900EF2B0F /* RestEnemy.h */,
			);
			path = Enemy;
			sourceTree = "<group>";
		};
		5AEA6B351B30484900EF2B0F /* Player */ = {
			isa = PBXGroup;
			children = (
				5AEA6B361B30484900EF2B0F /* DeadAnimation.h */,
				5AEA6B371B30484900EF2B0F /* Player.cpp */,
				5AEA6B381B30484900EF2B0F /* Player.h */,
				5AEA6B391B30484900EF2B0F /* PlayerState.cpp */,
				5AEA6B3A1B30484900EF2B0F /* PlayerState.h */,
			);
			path = Player;
			sourceTree = "<group>";
		};
		5AEA6B3B1B30484900EF2B0F /* Manager */ = {
			isa = PBXGroup;
			children = (
				5AEA6B3C1B30484900EF2B0F /* EnemyManager.cpp */,
				5AEA6B3D1B30484900EF2B0F /* EnemyManager.h */,
				5AEA6B3E1B30484900EF2B0F /* NoteManager.cpp */,
				5AEA6B3F1B30484900EF2B0F /* NoteManager.h */,
				5AEA6B401B30484900EF2B0F /* ObjectManager.cpp */,
				5AEA6B411B30484900EF2B0F /* ObjectManager.h */,
				5AEA6B421B30484900EF2B0F /* PlayerManager.cpp */,
				5AEA6B431B30484900EF2B0F /* PlayerManager.h */,
			);
			path = Manager;
			sourceTree = "<group>";
		};
		5AEA6B441B30484900EF2B0F /* StageObject */ = {
			isa = PBXGroup;
			children = (
				5AEA6B461B30484900EF2B0F /* Bar */,
				5AEA6B491B30484900EF2B0F /* Block */,
				5AEA6B591B30484900EF2B0F /* Goal */,
				5AEA6B5C1B30484900EF2B0F /* Note */,
				5AEA6B621B30484900EF2B0F /* ObjectType.h */,
				5AEA6B631B30484900EF2B0F /* Rest */,
				5AEA6B661B30484900EF2B0F /* StageObj.h */,
			);
			path = StageObject;
			sourceTree = "<group>";
		};
		5AEA6B461B30484900EF2B0F /* Bar */ = {
			isa = PBXGroup;
			children = (
				5AEA6B471B30484900EF2B0F /* Bar.cpp */,
				5AEA6B481B30484900EF2B0F /* Bar.h */,
			);
			path = Bar;
			sourceTree = "<group>";
		};
		5AEA6B491B30484900EF2B0F /* Block */ = {
			isa = PBXGroup;
			children = (
				5AEA6B4A1B30484900EF2B0F /* BlockData.h */,
				5AEA6B4B1B30484900EF2B0F /* BlockDataReader.cpp */,
				5AEA6B4C1B30484900EF2B0F /* BlockDataReader.h */,
				5AEA6B4D1B30484900EF2B0F /* BlockFactory.cpp */,
				5AEA6B4E1B30484900EF2B0F /* BlockFactory.h */,
				5AEA6B4F1B30484900EF2B0F /* BlockManager.cpp */,
				5AEA6B501B30484900EF2B0F /* BlockManager.h */,
				5AEA6B511B30484900EF2B0F /* BlueBlock.cpp */,
				5AEA6B521B30484900EF2B0F /* BlueBlock.h */,
				5AEA6B531B30484900EF2B0F /* GoalBlock.cpp */,
				5AEA6B541B30484900EF2B0F /* GoalBlock.h */,
				5AEA6B551B30484900EF2B0F /* NormalBlock.cpp */,
				5AEA6B561B30484900EF2B0F /* NormalBlock.h */,
				5AEA6B571B30484900EF2B0F /* RedBlock.cpp */,
				5AEA6B581B30484900EF2B0F /* RedBlock.h */,
			);
			path = Block;
			sourceTree = "<group>";
		};
		5AEA6B591B30484900EF2B0F /* Goal */ = {
			isa = PBXGroup;
			children = (
				5AEA6B5A1B30484900EF2B0F /* Goal.cpp */,
				5AEA6B5B1B30484900EF2B0F /* Goal.h */,
			);
			path = Goal;
			sourceTree = "<group>";
		};
		5AEA6B5C1B30484900EF2B0F /* Note */ = {
			isa = PBXGroup;
			children = (
				5AEA6B5D1B30484900EF2B0F /* Note.cpp */,
				5AEA6B5E1B30484900EF2B0F /* Note.h */,
				5AEA6B5F1B30484900EF2B0F /* NoteLine.cpp */,
				5AEA6B601B30484900EF2B0F /* NoteLine.h */,
				5AEA6B611B30484900EF2B0F /* NoteValue.h */,
			);
			path = Note;
			sourceTree = "<group>";
		};
		5AEA6B631B30484900EF2B0F /* Rest */ = {
			isa = PBXGroup;
			children = (
				5AEA6B641B30484900EF2B0F /* Rest.cpp */,
				5AEA6B651B30484900EF2B0F /* Rest.h */,
			);
			path = Rest;
			sourceTree = "<group>";
		};
		5AEA6B671B30484900EF2B0F /* Test */ = {
			isa = PBXGroup;
			children = (
				5AEA6B681B30484900EF2B0F /* TestObject.cpp */,
				5AEA6B691B30484900EF2B0F /* TestObject.h */,
			);
			path = Test;
			sourceTree = "<group>";
		};
		5AEA6B6A1B30484900EF2B0F /* UIObject */ = {
			isa = PBXGroup;
			children = (
				5AEA6B6B1B30484900EF2B0F /* BackGround.cpp */,
				5AEA6B6C1B30484900EF2B0F /* BackGround.h */,
				5AEA6B6D1B30484900EF2B0F /* SlideBar.cpp */,
				5AEA6B6E1B30484900EF2B0F /* SlideBar.h */,
				5AEA6B6F1B30484900EF2B0F /* UiObjectLayer.cpp */,
				5AEA6B701B30484900EF2B0F /* UiObjectLayer.h */,
			);
			path = UIObject;
			sourceTree = "<group>";
		};
		5AEA6B711B30484900EF2B0F /* Scene */ = {
			isa = PBXGroup;
			children = (
				5AEA6B721B30484900EF2B0F /* GameEnd */,
				5AEA6B771B30484900EF2B0F /* GameMain */,
				5AEA6B7E1B30484900EF2B0F /* Test */,
				5AEA6B871B30484900EF2B0F /* Title */,
			);
			path = Scene;
			sourceTree = "<group>";
		};
		5AEA6B721B30484900EF2B0F /* GameEnd */ = {
			isa = PBXGroup;
			children = (
				5AEA6B731B30484900EF2B0F /* EndingScene.cpp */,
				5AEA6B741B30484900EF2B0F /* EndingScene.h */,
				5AEA6B751B30484900EF2B0F /* EndingState.cpp */,
				5AEA6B761B30484900EF2B0F /* EndingState.h */,
			);
			path = GameEnd;
			sourceTree = "<group>";
		};
		5AEA6B771B30484900EF2B0F /* GameMain */ = {
			isa = PBXGroup;
			children = (
				5AEA6B781B30484900EF2B0F /* GameDataMediator.cpp */,
				5AEA6B791B30484900EF2B0F /* GameDataMediator.h */,
				5AEA6B7A1B30484900EF2B0F /* GameMainScene.cpp */,
				5AEA6B7B1B30484900EF2B0F /* GameMainScene.h */,
				5AEA6B7C1B30484900EF2B0F /* GameMainState.cpp */,
				5AEA6B7D1B30484900EF2B0F /* GameMainState.h */,
			);
			path = GameMain;
			sourceTree = "<group>";
		};
		5AEA6B7E1B30484900EF2B0F /* Test */ = {
			isa = PBXGroup;
			children = (
				5AEA6B7F1B30484900EF2B0F /* GameTitleScene.cpp */,
				5AEA6B801B30484900EF2B0F /* GameTitleScene.h */,
				5AEA6B811B30484900EF2B0F /* GameTitleScreen.cpp */,
				5AEA6B821B30484900EF2B0F /* GameTitleScreen.h */,
				5AEA6B831B30484900EF2B0F /* HigeLayer.cpp */,
				5AEA6B841B30484900EF2B0F /* HigeLayer.h */,
				5AEA6B851B30484900EF2B0F /* TestLayer.cpp */,
				5AEA6B861B30484900EF2B0F /* TestLayer.h */,
			);
			path = Test;
			sourceTree = "<group>";
		};
		5AEA6B871B30484900EF2B0F /* Title */ = {
			isa = PBXGroup;
			children = (
				5AEA6B881B30484900EF2B0F /* TitleScene.cpp */,
				5AEA6B891B30484900EF2B0F /* TitleScene.h */,
				5AEA6B8A1B30484900EF2B0F /* TitleState.cpp */,
				5AEA6B8B1B30484900EF2B0F /* TitleState.h */,
			);
			path = Title;
			sourceTree = "<group>";
		};
		5AEA6B8C1B30484900EF2B0F /* Utility */ = {
			isa = PBXGroup;
			children = (
				5AEA6B8D1B30484900EF2B0F /* Action */,
				5AEA6B931B30484900EF2B0F /* Animation */,
				5AEA6B961B30484900EF2B0F /* Audio */,
				5AEA6BA41B30484900EF2B0F /* Camera */,
				5AEA6BA71B30484900EF2B0F /* CocosAssistant */,
				5AEA6BAC1B30484900EF2B0F /* Collision */,
				5AEA6BB51B30484900EF2B0F /* Delegate */,
				5AEA6BB71B30484900EF2B0F /* FileIO */,
				5AEA6BBA1B30484900EF2B0F /* Release */,
				5AEA6BC11B30484900EF2B0F /* SceneSupport */,
				5AEA6BC61B30484900EF2B0F /* Template */,
				5AEA6BCA1B30484900EF2B0F /* Timer */,
			);
			name = Utility;
			path = ../Classes/Utility;
			sourceTree = "<group>";
		};
		5AEA6B8D1B30484900EF2B0F /* Action */ = {
			isa = PBXGroup;
			children = (
				5AEA6B8E1B30484900EF2B0F /* Follow */,
				5AEA6B911B30484900EF2B0F /* Jump.cpp */,
				5AEA6B921B30484900EF2B0F /* Jump.h */,
			);
			path = Action;
			sourceTree = "<group>";
		};
		5AEA6B8E1B30484900EF2B0F /* Follow */ = {
			isa = PBXGroup;
			children = (
				5AEA6B8F1B30484900EF2B0F /* CustomFollow.cpp */,
				5AEA6B901B30484900EF2B0F /* CustomFollow.h */,
			);
			path = Follow;
			sourceTree = "<group>";
		};
		5AEA6B931B30484900EF2B0F /* Animation */ = {
			isa = PBXGroup;
			children = (
				5AEA6B941B30484900EF2B0F /* SpriteAnimation.cpp */,
				5AEA6B951B30484900EF2B0F /* SpriteAnimation.h */,
			);
			path = Animation;
			sourceTree = "<group>";
		};
		5AEA6B961B30484900EF2B0F /* Audio */ = {
			isa = PBXGroup;
			children = (
				5AEA6B971B30484900EF2B0F /* ADX2Converter.cpp */,
				5AEA6B981B30484900EF2B0F /* ADX2Converter.h */,
				5AEA6B991B30484900EF2B0F /* ADX2CueSheet.cpp */,
				5AEA6B9A1B30484900EF2B0F /* ADX2CueSheet.h */,
				5AEA6B9B1B30484900EF2B0F /* ADX2LogoLayer.cpp */,
				5AEA6B9C1B30484900EF2B0F /* ADX2LogoLayer.h */,
				5AEA6B9D1B30484900EF2B0F /* ADX2Manager.cpp */,
				5AEA6B9E1B30484900EF2B0F /* ADX2Manager.h */,
				5AEA6B9F1B30484900EF2B0F /* ADX2Player.cpp */,
				5AEA6BA01B30484900EF2B0F /* ADX2Player.h */,
				5AEA6BA11B30484900EF2B0F /* Define */,
			);
			path = Audio;
			sourceTree = "<group>";
		};
		5AEA6BA11B30484900EF2B0F /* Define */ = {
			isa = PBXGroup;
			children = (
				5AEA6BA21B30484900EF2B0F /* Note_acf.h */,
				5AEA6BA31B30484900EF2B0F /* PianoSample.h */,
			);
			path = Define;
			sourceTree = "<group>";
		};
		5AEA6BA41B30484900EF2B0F /* Camera */ = {
			isa = PBXGroup;
			children = (
				5AEA6BA51B30484900EF2B0F /* Camera.cpp */,
				5AEA6BA61B30484900EF2B0F /* Camera.h */,
			);
			path = Camera;
			sourceTree = "<group>";
		};
		5AEA6BA71B30484900EF2B0F /* CocosAssistant */ = {
			isa = PBXGroup;
			children = (
				5AEA6BA81B30484900EF2B0F /* ListenerAssistant.cpp */,
				5AEA6BA91B30484900EF2B0F /* ListenerAssistant.h */,
				5AEA6BAA1B30484900EF2B0F /* SpriteCreator.cpp */,
				5AEA6BAB1B30484900EF2B0F /* SpriteCreator.h */,
			);
			path = CocosAssistant;
			sourceTree = "<group>";
		};
		5AEA6BAC1B30484900EF2B0F /* Collision */ = {
			isa = PBXGroup;
			children = (
				5AEA6BAD1B30484900EF2B0F /* Collider.cpp */,
				5AEA6BAE1B30484900EF2B0F /* Collider.h */,
				5AEA6BAF1B30484900EF2B0F /* DistanceCheck.cpp */,
				5AEA6BB01B30484900EF2B0F /* DistanceCheck.h */,
				5AEA6BB11B30484900EF2B0F /* PhysicsCollisionManager.cpp */,
				5AEA6BB21B30484900EF2B0F /* PhysicsCollisionManager.h */,
				5AEA6BB31B30484900EF2B0F /* PhysicsListener.cpp */,
				5AEA6BB41B30484900EF2B0F /* PhysicsListener.h */,
			);
			path = Collision;
			sourceTree = "<group>";
		};
		5AEA6BB51B30484900EF2B0F /* Delegate */ = {
			isa = PBXGroup;
			children = (
				5AEA6BB61B30484900EF2B0F /* Delegate.h */,
			);
			path = Delegate;
			sourceTree = "<group>";
		};
		5AEA6BB71B30484900EF2B0F /* FileIO */ = {
			isa = PBXGroup;
			children = (
				5AEA6BB81B30484900EF2B0F /* PlistReader.cpp */,
				5AEA6BB91B30484900EF2B0F /* PlistReader.h */,
			);
			path = FileIO;
			sourceTree = "<group>";
		};
		5AEA6BBA1B30484900EF2B0F /* Release */ = {
			isa = PBXGroup;
			children = (
				5AEA6BBB1B30484900EF2B0F /* DeleteContainer.h */,
				5AEA6BBC1B30484900EF2B0F /* DeleteContainerImpl.h */,
				5AEA6BBD1B30484900EF2B0F /* DeleteInstance.h */,
				5AEA6BBE1B30484900EF2B0F /* ReleaseContainer.h */,
				5AEA6BBF1B30484900EF2B0F /* ReleaseContainerImpl.h */,
				5AEA6BC01B30484900EF2B0F /* ReleaseInstance.h */,
			);
			path = Release;
			sourceTree = "<group>";
		};
		5AEA6BC11B30484900EF2B0F /* SceneSupport */ = {
			isa = PBXGroup;
			children = (
				5AEA6BC21B30484900EF2B0F /* IScene.cpp */,
				5AEA6BC31B30484900EF2B0F /* IScene.h */,
				5AEA6BC41B30484900EF2B0F /* SceneCreator.cpp */,
				5AEA6BC51B30484900EF2B0F /* SceneCreator.h */,
			);
			path = SceneSupport;
			sourceTree = "<group>";
		};
		5AEA6BC61B30484900EF2B0F /* Template */ = {
			isa = PBXGroup;
			children = (
				5AEA6BC71B30484900EF2B0F /* CloneFactory.h */,
				5AEA6BC81B30484900EF2B0F /* CloneFactoryImpl.h */,
				5AEA6BC91B30484900EF2B0F /* Singleton.h */,
			);
			path = Template;
			sourceTree = "<group>";
		};
		5AEA6BCA1B30484900EF2B0F /* Timer */ = {
			isa = PBXGroup;
			children = (
				5AEA6BCB1B30484900EF2B0F /* Timer.cpp */,
				5AEA6BCC1B30484900EF2B0F /* Timer.h */,
			);
			path = Timer;
			sourceTree = "<group>";
		};
		78C7DDAA14EBA5050085D0C2 /* Resources */ = {
			isa = PBXGroup;
			children = (
				5A6FC1271ABB300400C1769C /* Font */,
				5A8C2CB81AEE8BA20019574E /* Plist */,
				5A6FC1281ABB300400C1769C /* Sound */,
				5A6FC1291ABB300400C1769C /* Texture */,
			);
			name = Resources;
			path = ../Resources;
			sourceTree = "<group>";
		};
/* End PBXGroup section */

/* Begin PBXNativeTarget section */
		1D6058900D05DD3D006BFB54 /* Note iOS */ = {
			isa = PBXNativeTarget;
			buildConfigurationList = 1D6058960D05DD3E006BFB54 /* Build configuration list for PBXNativeTarget "Note iOS" */;
			buildPhases = (
				1D60588D0D05DD3D006BFB54 /* Resources */,
				1D60588E0D05DD3D006BFB54 /* Sources */,
				1D60588F0D05DD3D006BFB54 /* Frameworks */,
			);
			buildRules = (
			);
			dependencies = (
				1AC6FB25180E99E1004C840B /* PBXTargetDependency */,
				1AC6FB27180E99E1004C840B /* PBXTargetDependency */,
				1AC6FB29180E99E1004C840B /* PBXTargetDependency */,
				1AC6FB2B180E99E1004C840B /* PBXTargetDependency */,
				1AC6FB2D180E99E1004C840B /* PBXTargetDependency */,
			);
			name = "Note iOS";
			productName = iphone;
			productReference = 1D6058910D05DD3D006BFB54 /* Note iOS.app */;
			productType = "com.apple.product-type.application";
		};
		5087E73D17EB910900C73F5D /* Note Mac */ = {
			isa = PBXNativeTarget;
			buildConfigurationList = 5087E76C17EB910900C73F5D /* Build configuration list for PBXNativeTarget "Note Mac" */;
			buildPhases = (
				5087E74817EB910900C73F5D /* Resources */,
				5087E75617EB910900C73F5D /* Sources */,
				5087E75C17EB910900C73F5D /* Frameworks */,
			);
			buildRules = (
			);
			dependencies = (
				1AC6FB1E180E9963004C840B /* PBXTargetDependency */,
				1AC6FB16180E9959004C840B /* PBXTargetDependency */,
				1AC6FB18180E9959004C840B /* PBXTargetDependency */,
				1AC6FB1A180E9959004C840B /* PBXTargetDependency */,
				1AC6FB1C180E9959004C840B /* PBXTargetDependency */,
			);
			name = "Note Mac";
			productName = iphone;
			productReference = 5087E76F17EB910900C73F5D /* Note Mac.app */;
			productType = "com.apple.product-type.application";
		};
/* End PBXNativeTarget section */

/* Begin PBXProject section */
		29B97313FDCFA39411CA2CEA /* Project object */ = {
			isa = PBXProject;
			attributes = {
				LastUpgradeCheck = 0620;
				TargetAttributes = {
					1D6058900D05DD3D006BFB54 = {
						DevelopmentTeam = MDDB52YB8L;
					};
				};
			};
			buildConfigurationList = C01FCF4E08A954540054247B /* Build configuration list for PBXProject "Note" */;
			compatibilityVersion = "Xcode 3.2";
			developmentRegion = English;
			hasScannedForEncodings = 1;
			knownRegions = (
				English,
				Japanese,
				French,
				German,
			);
			mainGroup = 29B97314FDCFA39411CA2CEA /* CustomTemplate */;
			projectDirPath = "";
			projectReferences = (
				{
					ProductGroup = 1AC6FAE6180E9839004C840B /* Products */;
					ProjectRef = 1AC6FAE5180E9839004C840B /* cocos2d_libs.xcodeproj */;
				},
			);
			projectRoot = "";
			targets = (
				1D6058900D05DD3D006BFB54 /* Note iOS */,
				5087E73D17EB910900C73F5D /* Note Mac */,
			);
		};
/* End PBXProject section */

/* Begin PBXReferenceProxy section */
		1AC6FAF9180E9839004C840B /* libcocos2dx Mac.a */ = {
			isa = PBXReferenceProxy;
			fileType = archive.ar;
			path = "libcocos2dx Mac.a";
			remoteRef = 1AC6FAF8180E9839004C840B /* PBXContainerItemProxy */;
			sourceTree = BUILT_PRODUCTS_DIR;
		};
		1AC6FAFB180E9839004C840B /* libcocos2dx-extensions Mac.a */ = {
			isa = PBXReferenceProxy;
			fileType = archive.ar;
			path = "libcocos2dx-extensions Mac.a";
			remoteRef = 1AC6FAFA180E9839004C840B /* PBXContainerItemProxy */;
			sourceTree = BUILT_PRODUCTS_DIR;
		};
		1AC6FAFD180E9839004C840B /* libchipmunk Mac.a */ = {
			isa = PBXReferenceProxy;
			fileType = archive.ar;
			path = "libchipmunk Mac.a";
			remoteRef = 1AC6FAFC180E9839004C840B /* PBXContainerItemProxy */;
			sourceTree = BUILT_PRODUCTS_DIR;
		};
		1AC6FAFF180E9839004C840B /* libbox2d Mac.a */ = {
			isa = PBXReferenceProxy;
			fileType = archive.ar;
			path = "libbox2d Mac.a";
			remoteRef = 1AC6FAFE180E9839004C840B /* PBXContainerItemProxy */;
			sourceTree = BUILT_PRODUCTS_DIR;
		};
		1AC6FB01180E9839004C840B /* libCocosDenshion Mac.a */ = {
			isa = PBXReferenceProxy;
			fileType = archive.ar;
			path = "libCocosDenshion Mac.a";
			remoteRef = 1AC6FB00180E9839004C840B /* PBXContainerItemProxy */;
			sourceTree = BUILT_PRODUCTS_DIR;
		};
		1AC6FB07180E9839004C840B /* libcocos2dx iOS.a */ = {
			isa = PBXReferenceProxy;
			fileType = archive.ar;
			path = "libcocos2dx iOS.a";
			remoteRef = 1AC6FB06180E9839004C840B /* PBXContainerItemProxy */;
			sourceTree = BUILT_PRODUCTS_DIR;
		};
		1AC6FB09180E9839004C840B /* libcocos2dx-extensions iOS.a */ = {
			isa = PBXReferenceProxy;
			fileType = archive.ar;
			path = "libcocos2dx-extensions iOS.a";
			remoteRef = 1AC6FB08180E9839004C840B /* PBXContainerItemProxy */;
			sourceTree = BUILT_PRODUCTS_DIR;
		};
		1AC6FB0B180E9839004C840B /* libchipmunk iOS.a */ = {
			isa = PBXReferenceProxy;
			fileType = archive.ar;
			path = "libchipmunk iOS.a";
			remoteRef = 1AC6FB0A180E9839004C840B /* PBXContainerItemProxy */;
			sourceTree = BUILT_PRODUCTS_DIR;
		};
		1AC6FB0D180E9839004C840B /* libbox2d iOS.a */ = {
			isa = PBXReferenceProxy;
			fileType = archive.ar;
			path = "libbox2d iOS.a";
			remoteRef = 1AC6FB0C180E9839004C840B /* PBXContainerItemProxy */;
			sourceTree = BUILT_PRODUCTS_DIR;
		};
		1AC6FB0F180E9839004C840B /* libCocosDenshion iOS.a */ = {
			isa = PBXReferenceProxy;
			fileType = archive.ar;
			path = "libCocosDenshion iOS.a";
			remoteRef = 1AC6FB0E180E9839004C840B /* PBXContainerItemProxy */;
			sourceTree = BUILT_PRODUCTS_DIR;
		};
/* End PBXReferenceProxy section */

/* Begin PBXResourcesBuildPhase section */
		1D60588D0D05DD3D006BFB54 /* Resources */ = {
			isa = PBXResourcesBuildPhase;
			buildActionMask = 2147483647;
			files = (
				5A6FC12A1ABB300400C1769C /* Font in Resources */,
				5087E78117EB970100C73F5D /* Icon-120.png in Resources */,
				5087E78617EB970100C73F5D /* Icon-76.png in Resources */,
				5087E77F17EB970100C73F5D /* Default@2x.png in Resources */,
				50EF629917ECD46A001EB2F8 /* Icon-100.png in Resources */,
				5A8C2CB91AEE8BA20019574E /* Plist in Resources */,
				5087E78317EB970100C73F5D /* Icon-152.png in Resources */,
				5A6FC12B1ABB300400C1769C /* Sound in Resources */,
				5087E77D17EB970100C73F5D /* Default-568h@2x.png in Resources */,
				5087E78517EB970100C73F5D /* Icon-72.png in Resources */,
				50EF62A317ECD613001EB2F8 /* Icon-50.png in Resources */,
				5087E78017EB970100C73F5D /* Icon-114.png in Resources */,
				50EF62A217ECD613001EB2F8 /* Icon-29.png in Resources */,
				5A6FC12C1ABB300400C1769C /* Texture in Resources */,
				50EF629617ECD46A001EB2F8 /* Icon-40.png in Resources */,
				5087E78217EB970100C73F5D /* Icon-144.png in Resources */,
				50EF629817ECD46A001EB2F8 /* Icon-80.png in Resources */,
				5087E78417EB970100C73F5D /* Icon-57.png in Resources */,
				5087E77E17EB970100C73F5D /* Default.png in Resources */,
				50EF629717ECD46A001EB2F8 /* Icon-58.png in Resources */,
			);
			runOnlyForDeploymentPostprocessing = 0;
		};
		5087E74817EB910900C73F5D /* Resources */ = {
			isa = PBXResourcesBuildPhase;
			buildActionMask = 2147483647;
			files = (
				503AE0F817EB97AB00D1A890 /* Icon.icns in Resources */,
			);
			runOnlyForDeploymentPostprocessing = 0;
		};
/* End PBXResourcesBuildPhase section */

/* Begin PBXSourcesBuildPhase section */
		1D60588E0D05DD3D006BFB54 /* Sources */ = {
			isa = PBXSourcesBuildPhase;
			buildActionMask = 2147483647;
			files = (
				5AEA6BFC1B30484900EF2B0F /* DistanceCheck.cpp in Sources */,
				5AEA6BCE1B30484900EF2B0F /* RestEnemy.cpp in Sources */,
				5AEA6BD91B30484900EF2B0F /* BlueBlock.cpp in Sources */,
				5AEA6BE91B30484900EF2B0F /* GameMainState.cpp in Sources */,
				5AEA6BE01B30484900EF2B0F /* Rest.cpp in Sources */,
				5AEA6BCD1B30484900EF2B0F /* AppDelegate.cpp in Sources */,
				5AEA6BDF1B30484900EF2B0F /* NoteLine.cpp in Sources */,
				5AEA6BD11B30484900EF2B0F /* EnemyManager.cpp in Sources */,
				5AEA6BFB1B30484900EF2B0F /* Collider.cpp in Sources */,
				5AEA6BDD1B30484900EF2B0F /* Goal.cpp in Sources */,
				5AEA6BE31B30484900EF2B0F /* SlideBar.cpp in Sources */,
				5AEA6BDA1B30484900EF2B0F /* GoalBlock.cpp in Sources */,
				5AEA6BDE1B30484900EF2B0F /* Note.cpp in Sources */,
				5AEA6BED1B30484900EF2B0F /* TestLayer.cpp in Sources */,
				5AEA6BD21B30484900EF2B0F /* NoteManager.cpp in Sources */,
				5AEA6BFF1B30484900EF2B0F /* PlistReader.cpp in Sources */,
				5AEA6BD71B30484900EF2B0F /* BlockFactory.cpp in Sources */,
				5AEA6BF61B30484900EF2B0F /* ADX2Manager.cpp in Sources */,
				5AEA6BE61B30484900EF2B0F /* EndingState.cpp in Sources */,
				5AEA6BD31B30484900EF2B0F /* ObjectManager.cpp in Sources */,
				5AEA6BE41B30484900EF2B0F /* UiObjectLayer.cpp in Sources */,
				5AEA6BDC1B30484900EF2B0F /* RedBlock.cpp in Sources */,
				5AEA6BFA1B30484900EF2B0F /* SpriteCreator.cpp in Sources */,
				5AEA6BE81B30484900EF2B0F /* GameMainScene.cpp in Sources */,
				5AEA6BE51B30484900EF2B0F /* EndingScene.cpp in Sources */,
				5AEA6BF71B30484900EF2B0F /* ADX2Player.cpp in Sources */,
				5AEA6BF91B30484900EF2B0F /* ListenerAssistant.cpp in Sources */,
				5AEA6BF41B30484900EF2B0F /* ADX2CueSheet.cpp in Sources */,
				5AEA6BEC1B30484900EF2B0F /* HigeLayer.cpp in Sources */,
				5AEA6BDB1B30484900EF2B0F /* NormalBlock.cpp in Sources */,
				5AEA6C021B30484900EF2B0F /* Timer.cpp in Sources */,
				5AEA6BF51B30484900EF2B0F /* ADX2LogoLayer.cpp in Sources */,
				5AEA6BEF1B30484900EF2B0F /* TitleState.cpp in Sources */,
				5AEA6BEE1B30484900EF2B0F /* TitleScene.cpp in Sources */,
				5AEA6BE21B30484900EF2B0F /* BackGround.cpp in Sources */,
				5AEA6BCF1B30484900EF2B0F /* Player.cpp in Sources */,
				5AEA6C001B30484900EF2B0F /* IScene.cpp in Sources */,
				5AEA6BFD1B30484900EF2B0F /* PhysicsCollisionManager.cpp in Sources */,
				5AEA6BEB1B30484900EF2B0F /* GameTitleScreen.cpp in Sources */,
				503AE10017EB989F00D1A890 /* AppController.mm in Sources */,
				503AE10217EB989F00D1A890 /* RootViewController.mm in Sources */,
				5AEA6BF11B30484900EF2B0F /* Jump.cpp in Sources */,
				5AEA6BD41B30484900EF2B0F /* PlayerManager.cpp in Sources */,
				5AEA6BF01B30484900EF2B0F /* CustomFollow.cpp in Sources */,
				5AEA6BF81B30484900EF2B0F /* Camera.cpp in Sources */,
				5AEA6BD61B30484900EF2B0F /* BlockDataReader.cpp in Sources */,
				5AEA6BD51B30484900EF2B0F /* Bar.cpp in Sources */,
				5AEA6BF21B30484900EF2B0F /* SpriteAnimation.cpp in Sources */,
				5AEA6BF31B30484900EF2B0F /* ADX2Converter.cpp in Sources */,
				5AEA6BD01B30484900EF2B0F /* PlayerState.cpp in Sources */,
				5AEA6BD81B30484900EF2B0F /* BlockManager.cpp in Sources */,
				5AEA6BFE1B30484900EF2B0F /* PhysicsListener.cpp in Sources */,
				5AEA6BE11B30484900EF2B0F /* TestObject.cpp in Sources */,
				5AEA6BE71B30484900EF2B0F /* GameDataMediator.cpp in Sources */,
				503AE10117EB989F00D1A890 /* main.m in Sources */,
				5AEA6BEA1B30484900EF2B0F /* GameTitleScene.cpp in Sources */,
				5AEA6C011B30484900EF2B0F /* SceneCreator.cpp in Sources */,
			);
			runOnlyForDeploymentPostprocessing = 0;
		};
		5087E75617EB910900C73F5D /* Sources */ = {
			isa = PBXSourcesBuildPhase;
			buildActionMask = 2147483647;
			files = (
				503AE10517EB98FF00D1A890 /* main.cpp in Sources */,
			);
			runOnlyForDeploymentPostprocessing = 0;
		};
/* End PBXSourcesBuildPhase section */

/* Begin PBXTargetDependency section */
		1AC6FB16180E9959004C840B /* PBXTargetDependency */ = {
			isa = PBXTargetDependency;
			name = "cocos2dx Mac";
			targetProxy = 1AC6FB15180E9959004C840B /* PBXContainerItemProxy */;
		};
		1AC6FB18180E9959004C840B /* PBXTargetDependency */ = {
			isa = PBXTargetDependency;
			name = "cocos2dx-extensions Mac";
			targetProxy = 1AC6FB17180E9959004C840B /* PBXContainerItemProxy */;
		};
		1AC6FB1A180E9959004C840B /* PBXTargetDependency */ = {
			isa = PBXTargetDependency;
			name = "chipmunk Mac";
			targetProxy = 1AC6FB19180E9959004C840B /* PBXContainerItemProxy */;
		};
		1AC6FB1C180E9959004C840B /* PBXTargetDependency */ = {
			isa = PBXTargetDependency;
			name = "CocosDenshion Mac";
			targetProxy = 1AC6FB1B180E9959004C840B /* PBXContainerItemProxy */;
		};
		1AC6FB1E180E9963004C840B /* PBXTargetDependency */ = {
			isa = PBXTargetDependency;
			name = "box2d Mac";
			targetProxy = 1AC6FB1D180E9963004C840B /* PBXContainerItemProxy */;
		};
		1AC6FB25180E99E1004C840B /* PBXTargetDependency */ = {
			isa = PBXTargetDependency;
			name = "cocos2dx iOS";
			targetProxy = 1AC6FB24180E99E1004C840B /* PBXContainerItemProxy */;
		};
		1AC6FB27180E99E1004C840B /* PBXTargetDependency */ = {
			isa = PBXTargetDependency;
			name = "cocos2dx-extensions iOS";
			targetProxy = 1AC6FB26180E99E1004C840B /* PBXContainerItemProxy */;
		};
		1AC6FB29180E99E1004C840B /* PBXTargetDependency */ = {
			isa = PBXTargetDependency;
			name = "chipmunk iOS";
			targetProxy = 1AC6FB28180E99E1004C840B /* PBXContainerItemProxy */;
		};
		1AC6FB2B180E99E1004C840B /* PBXTargetDependency */ = {
			isa = PBXTargetDependency;
			name = "box2d iOS";
			targetProxy = 1AC6FB2A180E99E1004C840B /* PBXContainerItemProxy */;
		};
		1AC6FB2D180E99E1004C840B /* PBXTargetDependency */ = {
			isa = PBXTargetDependency;
			name = "CocosDenshion iOS";
			targetProxy = 1AC6FB2C180E99E1004C840B /* PBXContainerItemProxy */;
		};
/* End PBXTargetDependency section */

/* Begin XCBuildConfiguration section */
		1D6058940D05DD3E006BFB54 /* Debug */ = {
			isa = XCBuildConfiguration;
			buildSettings = {
				ADDITIONAL_SDKS = "";
				ALWAYS_SEARCH_USER_PATHS = YES;
				CODE_SIGN_IDENTITY = "iPhone Developer";
				COMPRESS_PNG_FILES = NO;
				GCC_DYNAMIC_NO_PIC = NO;
				GCC_INLINES_ARE_PRIVATE_EXTERN = NO;
				GCC_INPUT_FILETYPE = sourcecode.cpp.objcpp;
				GCC_PRECOMPILE_PREFIX_HEADER = YES;
				GCC_PREFIX_HEADER = ios/Prefix.pch;
				GCC_PREPROCESSOR_DEFINITIONS = (
					USE_FILE32API,
					CC_TARGET_OS_IPHONE,
					"COCOS2D_DEBUG=1",
					"CC_ENABLE_CHIPMUNK_INTEGRATION=1",
				);
				GCC_SYMBOLS_PRIVATE_EXTERN = NO;
				HEADER_SEARCH_PATHS = (
					"$(inherited)",
					"$(SRCROOT)/../cocos2d/cocos/platform/ios",
					"$(SRCROOT)/../cocos2d/cocos/platform/ios/Simulation",
					"$(SRCROOT)/../Classes",
					"$(SRCROOT)/../adx2/include/ios",
				);
				INFOPLIST_FILE = ios/Info.plist;
				IPHONEOS_DEPLOYMENT_TARGET = 5.0;
				LIBRARY_SEARCH_PATHS = "$(SRCROOT)/../adx2/libs/ios";
				SDKROOT = iphoneos;
				TARGETED_DEVICE_FAMILY = "1,2";
				USER_HEADER_SEARCH_PATHS = "";
			};
			name = Debug;
		};
		1D6058950D05DD3E006BFB54 /* Release */ = {
			isa = XCBuildConfiguration;
			buildSettings = {
				ADDITIONAL_SDKS = "";
				ALWAYS_SEARCH_USER_PATHS = YES;
				CODE_SIGN_IDENTITY = "iPhone Developer";
				COMPRESS_PNG_FILES = NO;
				GCC_INLINES_ARE_PRIVATE_EXTERN = NO;
				GCC_INPUT_FILETYPE = sourcecode.cpp.objcpp;
				GCC_PRECOMPILE_PREFIX_HEADER = YES;
				GCC_PREFIX_HEADER = ios/Prefix.pch;
				GCC_PREPROCESSOR_DEFINITIONS = (
					USE_FILE32API,
					CC_TARGET_OS_IPHONE,
					"CC_ENABLE_CHIPMUNK_INTEGRATION=1",
				);
				GCC_SYMBOLS_PRIVATE_EXTERN = NO;
				HEADER_SEARCH_PATHS = (
					"$(inherited)",
					"$(SRCROOT)/../cocos2d/cocos/platform/ios",
					"$(SRCROOT)/../cocos2d/cocos/platform/ios/Simulation",
					"$(SRCROOT)/../Classes",
					"$(SRCROOT)/../adx2/include/ios",
				);
				INFOPLIST_FILE = ios/Info.plist;
				IPHONEOS_DEPLOYMENT_TARGET = 5.0;
				LIBRARY_SEARCH_PATHS = "$(SRCROOT)/../adx2/libs/ios";
				SDKROOT = iphoneos;
				TARGETED_DEVICE_FAMILY = "1,2";
				USER_HEADER_SEARCH_PATHS = "";
			};
			name = Release;
		};
		5087E76D17EB910900C73F5D /* Debug */ = {
			isa = XCBuildConfiguration;
			buildSettings = {
				ALWAYS_SEARCH_USER_PATHS = YES;
				CLANG_CXX_LANGUAGE_STANDARD = "c++0x";
				CLANG_CXX_LIBRARY = "libc++";
				COMBINE_HIDPI_IMAGES = YES;
				GCC_DYNAMIC_NO_PIC = NO;
				GCC_INLINES_ARE_PRIVATE_EXTERN = NO;
				GCC_PRECOMPILE_PREFIX_HEADER = YES;
				GCC_PREFIX_HEADER = mac/Prefix.pch;
				GCC_PREPROCESSOR_DEFINITIONS = (
					USE_FILE32API,
					CC_TARGET_OS_MAC,
					"COCOS2D_DEBUG=1",
					"CC_ENABLE_CHIPMUNK_INTEGRATION=1",
				);
				GCC_SYMBOLS_PRIVATE_EXTERN = NO;
				HEADER_SEARCH_PATHS = (
					"$(inherited)",
					"$(SRCROOT)/../cocos2d/cocos/platform/mac",
					"$(SRCROOT)/../cocos2d/external/glfw3/include/mac",
				);
				INFOPLIST_FILE = mac/Info.plist;
				LIBRARY_SEARCH_PATHS = "";
				USER_HEADER_SEARCH_PATHS = "";
			};
			name = Debug;
		};
		5087E76E17EB910900C73F5D /* Release */ = {
			isa = XCBuildConfiguration;
			buildSettings = {
				ALWAYS_SEARCH_USER_PATHS = YES;
				CLANG_CXX_LANGUAGE_STANDARD = "c++0x";
				CLANG_CXX_LIBRARY = "libc++";
				COMBINE_HIDPI_IMAGES = YES;
				GCC_INLINES_ARE_PRIVATE_EXTERN = NO;
				GCC_PRECOMPILE_PREFIX_HEADER = YES;
				GCC_PREFIX_HEADER = mac/Prefix.pch;
				GCC_PREPROCESSOR_DEFINITIONS = (
					USE_FILE32API,
					CC_TARGET_OS_MAC,
					"CC_ENABLE_CHIPMUNK_INTEGRATION=1",
				);
				GCC_SYMBOLS_PRIVATE_EXTERN = NO;
				HEADER_SEARCH_PATHS = (
					"$(inherited)",
					"$(SRCROOT)/../cocos2d/cocos/platform/mac",
					"$(SRCROOT)/../cocos2d/external/glfw3/include/mac",
				);
				INFOPLIST_FILE = mac/Info.plist;
				LIBRARY_SEARCH_PATHS = "";
				USER_HEADER_SEARCH_PATHS = "";
			};
			name = Release;
		};
		C01FCF4F08A954540054247B /* Debug */ = {
			isa = XCBuildConfiguration;
			buildSettings = {
				CLANG_CXX_LANGUAGE_STANDARD = "c++0x";
				CLANG_CXX_LIBRARY = "libc++";
				COPY_PHASE_STRIP = NO;
				GCC_OPTIMIZATION_LEVEL = 0;
				GCC_WARN_ABOUT_RETURN_TYPE = YES;
				GCC_WARN_UNUSED_VARIABLE = YES;
				HEADER_SEARCH_PATHS = (
					"$(SRCROOT)/../cocos2d",
					"$(SRCROOT)/../cocos2d/cocos",
					"$(SRCROOT)/../cocos2d/cocos/base",
					"$(SRCROOT)/../cocos2d/cocos/physics",
					"$(SRCROOT)/../cocos2d/cocos/math",
					"$(SRCROOT)/../cocos2d/cocos/2d",
					"$(SRCROOT)/../cocos2d/cocos/ui",
					"$(SRCROOT)/../cocos2d/cocos/network",
					"$(SRCROOT)/../cocos2d/cocos/audio/include",
					"$(SRCROOT)/../cocos2d/cocos/editor-support",
					"$(SRCROOT)/../cocos2d/extensions",
					"$(SRCROOT)/../cocos2d/external",
					"$(SRCROOT)/../cocos2d/external/chipmunk/include/chipmunk",
				);
				MACOSX_DEPLOYMENT_TARGET = 10.7;
				ONLY_ACTIVE_ARCH = YES;
				PRODUCT_NAME = "$(TARGET_NAME)";
				SDKROOT = macosx;
			};
			name = Debug;
		};
		C01FCF5008A954540054247B /* Release */ = {
			isa = XCBuildConfiguration;
			buildSettings = {
				CLANG_CXX_LANGUAGE_STANDARD = "c++0x";
				CLANG_CXX_LIBRARY = "libc++";
				GCC_WARN_ABOUT_RETURN_TYPE = YES;
				GCC_WARN_UNUSED_VARIABLE = YES;
				HEADER_SEARCH_PATHS = (
					"$(SRCROOT)/../cocos2d",
					"$(SRCROOT)/../cocos2d/cocos",
					"$(SRCROOT)/../cocos2d/cocos/base",
					"$(SRCROOT)/../cocos2d/cocos/physics",
					"$(SRCROOT)/../cocos2d/cocos/math",
					"$(SRCROOT)/../cocos2d/cocos/2d",
					"$(SRCROOT)/../cocos2d/cocos/ui",
					"$(SRCROOT)/../cocos2d/cocos/network",
					"$(SRCROOT)/../cocos2d/cocos/audio/include",
					"$(SRCROOT)/../cocos2d/cocos/editor-support",
					"$(SRCROOT)/../cocos2d/extensions",
					"$(SRCROOT)/../cocos2d/external",
					"$(SRCROOT)/../cocos2d/external/chipmunk/include/chipmunk",
				);
				MACOSX_DEPLOYMENT_TARGET = 10.7;
				OTHER_CFLAGS = "-DNS_BLOCK_ASSERTIONS=1";
				PRODUCT_NAME = "$(TARGET_NAME)";
				SDKROOT = macosx;
				VALIDATE_PRODUCT = YES;
			};
			name = Release;
		};
/* End XCBuildConfiguration section */

/* Begin XCConfigurationList section */
		1D6058960D05DD3E006BFB54 /* Build configuration list for PBXNativeTarget "Note iOS" */ = {
			isa = XCConfigurationList;
			buildConfigurations = (
				1D6058940D05DD3E006BFB54 /* Debug */,
				1D6058950D05DD3E006BFB54 /* Release */,
			);
			defaultConfigurationIsVisible = 0;
			defaultConfigurationName = Debug;
		};
		5087E76C17EB910900C73F5D /* Build configuration list for PBXNativeTarget "Note Mac" */ = {
			isa = XCConfigurationList;
			buildConfigurations = (
				5087E76D17EB910900C73F5D /* Debug */,
				5087E76E17EB910900C73F5D /* Release */,
			);
			defaultConfigurationIsVisible = 0;
			defaultConfigurationName = Debug;
		};
		C01FCF4E08A954540054247B /* Build configuration list for PBXProject "Note" */ = {
			isa = XCConfigurationList;
			buildConfigurations = (
				C01FCF4F08A954540054247B /* Debug */,
				C01FCF5008A954540054247B /* Release */,
			);
			defaultConfigurationIsVisible = 0;
			defaultConfigurationName = Debug;
		};
/* End XCConfigurationList section */
	};
	rootObject = 29B97313FDCFA39411CA2CEA /* Project object */;
}
